
Microsoft Visual Studio Solution File, Format Version 12.00
# Visual Studio 2012
Project("{FAE04EC0-301F-11D3-BF4B-00C04F79EFBC}") = "OrderTracking.Gps", "OrderTracking.Gps.csproj", "{A63D3A50-5506-40CC-B689-CEC86BAE243F}"
EndProject
Project("{FAE04EC0-301F-11D3-BF4B-00C04F79EFBC}") = "OrderTracking.Gps.Dao", "..\OrderTracking.Gps.Dao\OrderTracking.Gps.Dao.csproj", "{A06DDC5F-D165-401F-9864-7C32FF71D0D0}"
EndProject
Project("{FAE04EC0-301F-11D3-BF4B-00C04F79EFBC}") = "OrderTracking.Gps.Dao.NHibernate", "..\OrderTracking.Gps.Dao.NHibernate\OrderTracking.Gps.Dao.NHibernate.csproj", "{E4B72DC4-2E67-4DE0-8436-1C6EB8D65854}"
EndProject
Project("{FAE04EC0-301F-11D3-BF4B-00C04F79EFBC}") = "OrderTracking.Gps.Mvc", "..\OrderTracking.Gps.Mvc\OrderTracking.Gps.Mvc.csproj", "{0CED8239-64AB-4C5D-95BB-F2FFF9C565B4}"
EndProject
Project("{FAE04EC0-301F-11D3-BF4B-00C04F79EFBC}") = "OrderTracking.Gps.Webservice", "..\OrderTracking.Gps.Webservice\OrderTracking.Gps.Webservice.csproj", "{F3462EEC-ECF8-4A58-966C-499784C2E144}"
EndProject
Project("{FAE04EC0-301F-11D3-BF4B-00C04F79EFBC}") = "OrderTracking.Gps.TestApp", "..\OrderTracking.Gps.TestApp\OrderTracking.Gps.TestApp.csproj", "{21EB74E7-5F6B-4AC3-A1EE-E7A2C3A7EF90}"
EndProject
Global
	GlobalSection(TeamFoundationVersionControl) = preSolution
		SccNumberOfProjects = 7
		SccEnterpriseProvider = {4CA58AB2-18FA-4F8D-95D4-32DDF27D184C}
		SccTeamFoundationServer = http://tfsvm2012:8080/tfs/tfs
		SccLocalPath0 = .
		SccProjectUniqueName1 = OrderTracking.Gps.csproj
		SccLocalPath1 = .
		SccProjectUniqueName2 = ..\\OrderTracking.Gps.Dao\\OrderTracking.Gps.Dao.csproj
		SccProjectName2 = ../OrderTracking.Gps.Dao
		SccLocalPath2 = ..\\OrderTracking.Gps.Dao
		SccProjectUniqueName3 = ..\\OrderTracking.Gps.Dao.NHibernate\\OrderTracking.Gps.Dao.NHibernate.csproj
		SccProjectName3 = ../OrderTracking.Gps.Dao.NHibernate
		SccLocalPath3 = ..\\OrderTracking.Gps.Dao.NHibernate
		SccProjectUniqueName4 = ..\\OrderTracking.Gps.Mvc\\OrderTracking.Gps.Mvc.csproj
		SccProjectName4 = ../OrderTracking.Gps.Mvc
		SccLocalPath4 = ..\\OrderTracking.Gps.Mvc
		SccProjectUniqueName5 = ..\\OrderTracking.Gps.Webservice\\OrderTracking.Gps.Webservice.csproj
		SccProjectName5 = ../OrderTracking.Gps.Webservice
		SccLocalPath5 = ..\\OrderTracking.Gps.Webservice
		SccProjectUniqueName6 = ..\\OrderTracking.Gps.TestApp\\OrderTracking.Gps.TestApp.csproj
		SccProjectName6 = ../OrderTracking.Gps.TestApp
		SccLocalPath6 = ..\\OrderTracking.Gps.TestApp
	EndGlobalSection
	GlobalSection(SolutionConfigurationPlatforms) = preSolution
		Debug|Any CPU = Debug|Any CPU
		Debug|Mixed Platforms = Debug|Mixed Platforms
		Debug|x86 = Debug|x86
		Release|Any CPU = Release|Any CPU
		Release|Mixed Platforms = Release|Mixed Platforms
		Release|x86 = Release|x86
	EndGlobalSection
	GlobalSection(ProjectConfigurationPlatforms) = postSolution
		{A63D3A50-5506-40CC-B689-CEC86BAE243F}.Debug|Any CPU.ActiveCfg = Debug|Any CPU
		{A63D3A50-5506-40CC-B689-CEC86BAE243F}.Debug|Any CPU.Build.0 = Debug|Any CPU
		{A63D3A50-5506-40CC-B689-CEC86BAE243F}.Debug|Mixed Platforms.ActiveCfg = Debug|Any CPU
		{A63D3A50-5506-40CC-B689-CEC86BAE243F}.Debug|Mixed Platforms.Build.0 = Debug|Any CPU
		{A63D3A50-5506-40CC-B689-CEC86BAE243F}.Debug|x86.ActiveCfg = Debug|Any CPU
		{A63D3A50-5506-40CC-B689-CEC86BAE243F}.Release|Any CPU.ActiveCfg = Release|Any CPU
		{A63D3A50-5506-40CC-B689-CEC86BAE243F}.Release|Any CPU.Build.0 = Release|Any CPU
		{A63D3A50-5506-40CC-B689-CEC86BAE243F}.Release|Mixed Platforms.ActiveCfg = Release|Any CPU
		{A63D3A50-5506-40CC-B689-CEC86BAE243F}.Release|Mixed Platforms.Build.0 = Release|Any CPU
		{A63D3A50-5506-40CC-B689-CEC86BAE243F}.Release|x86.ActiveCfg = Release|Any CPU
		{A06DDC5F-D165-401F-9864-7C32FF71D0D0}.Debug|Any CPU.ActiveCfg = Debug|Any CPU
		{A06DDC5F-D165-401F-9864-7C32FF71D0D0}.Debug|Any CPU.Build.0 = Debug|Any CPU
		{A06DDC5F-D165-401F-9864-7C32FF71D0D0}.Debug|Mixed Platforms.ActiveCfg = Debug|Any CPU
		{A06DDC5F-D165-401F-9864-7C32FF71D0D0}.Debug|Mixed Platforms.Build.0 = Debug|Any CPU
		{A06DDC5F-D165-401F-9864-7C32FF71D0D0}.Debug|x86.ActiveCfg = Debug|Any CPU
		{A06DDC5F-D165-401F-9864-7C32FF71D0D0}.Release|Any CPU.ActiveCfg = Release|Any CPU
		{A06DDC5F-D165-401F-9864-7C32FF71D0D0}.Release|Any CPU.Build.0 = Release|Any CPU
		{A06DDC5F-D165-401F-9864-7C32FF71D0D0}.Release|Mixed Platforms.ActiveCfg = Release|Any CPU
		{A06DDC5F-D165-401F-9864-7C32FF71D0D0}.Release|Mixed Platforms.Build.0 = Release|Any CPU
		{A06DDC5F-D165-401F-9864-7C32FF71D0D0}.Release|x86.ActiveCfg = Release|Any CPU
		{E4B72DC4-2E67-4DE0-8436-1C6EB8D65854}.Debug|Any CPU.ActiveCfg = Debug|Any CPU
		{E4B72DC4-2E67-4DE0-8436-1C6EB8D65854}.Debug|Any CPU.Build.0 = Debug|Any CPU
		{E4B72DC4-2E67-4DE0-8436-1C6EB8D65854}.Debug|Mixed Platforms.ActiveCfg = Debug|Any CPU
		{E4B72DC4-2E67-4DE0-8436-1C6EB8D65854}.Debug|Mixed Platforms.Build.0 = Debug|Any CPU
		{E4B72DC4-2E67-4DE0-8436-1C6EB8D65854}.Debug|x86.ActiveCfg = Debug|Any CPU
		{E4B72DC4-2E67-4DE0-8436-1C6EB8D65854}.Release|Any CPU.ActiveCfg = Release|Any CPU
		{E4B72DC4-2E67-4DE0-8436-1C6EB8D65854}.Release|Any CPU.Build.0 = Release|Any CPU
		{E4B72DC4-2E67-4DE0-8436-1C6EB8D65854}.Release|Mixed Platforms.ActiveCfg = Release|Any CPU
		{E4B72DC4-2E67-4DE0-8436-1C6EB8D65854}.Release|Mixed Platforms.Build.0 = Release|Any CPU
		{E4B72DC4-2E67-4DE0-8436-1C6EB8D65854}.Release|x86.ActiveCfg = Release|Any CPU
		{0CED8239-64AB-4C5D-95BB-F2FFF9C565B4}.Debug|Any CPU.ActiveCfg = Debug|Any CPU
		{0CED8239-64AB-4C5D-95BB-F2FFF9C565B4}.Debug|Any CPU.Build.0 = Debug|Any CPU
		{0CED8239-64AB-4C5D-95BB-F2FFF9C565B4}.Debug|Mixed Platforms.ActiveCfg = Debug|Any CPU
		{0CED8239-64AB-4C5D-95BB-F2FFF9C565B4}.Debug|Mixed Platforms.Build.0 = Debug|Any CPU
		{0CED8239-64AB-4C5D-95BB-F2FFF9C565B4}.Debug|x86.ActiveCfg = Debug|Any CPU
		{0CED8239-64AB-4C5D-95BB-F2FFF9C565B4}.Release|Any CPU.ActiveCfg = Release|Any CPU
		{0CED8239-64AB-4C5D-95BB-F2FFF9C565B4}.Release|Any CPU.Build.0 = Release|Any CPU
		{0CED8239-64AB-4C5D-95BB-F2FFF9C565B4}.Release|Mixed Platforms.ActiveCfg = Release|Any CPU
		{0CED8239-64AB-4C5D-95BB-F2FFF9C565B4}.Release|Mixed Platforms.Build.0 = Release|Any CPU
		{0CED8239-64AB-4C5D-95BB-F2FFF9C565B4}.Release|x86.ActiveCfg = Release|Any CPU
		{F3462EEC-ECF8-4A58-966C-499784C2E144}.Debug|Any CPU.ActiveCfg = Debug|Any CPU
		{F3462EEC-ECF8-4A58-966C-499784C2E144}.Debug|Any CPU.Build.0 = Debug|Any CPU
		{F3462EEC-ECF8-4A58-966C-499784C2E144}.Debug|Mixed Platforms.ActiveCfg = Debug|Any CPU
		{F3462EEC-ECF8-4A58-966C-499784C2E144}.Debug|Mixed Platforms.Build.0 = Debug|Any CPU
		{F3462EEC-ECF8-4A58-966C-499784C2E144}.Debug|x86.ActiveCfg = Debug|Any CPU
		{F3462EEC-ECF8-4A58-966C-499784C2E144}.Release|Any CPU.ActiveCfg = Release|Any CPU
		{F3462EEC-ECF8-4A58-966C-499784C2E144}.Release|Any CPU.Build.0 = Release|Any CPU
		{F3462EEC-ECF8-4A58-966C-499784C2E144}.Release|Mixed Platforms.ActiveCfg = Release|Any CPU
		{F3462EEC-ECF8-4A58-966C-499784C2E144}.Release|Mixed Platforms.Build.0 = Release|Any CPU
		{F3462EEC-ECF8-4A58-966C-499784C2E144}.Release|x86.ActiveCfg = Release|Any CPU
		{21EB74E7-5F6B-4AC3-A1EE-E7A2C3A7EF90}.Debug|Any CPU.ActiveCfg = Debug|x86
		{21EB74E7-5F6B-4AC3-A1EE-E7A2C3A7EF90}.Debug|Mixed Platforms.ActiveCfg = Debug|x86
		{21EB74E7-5F6B-4AC3-A1EE-E7A2C3A7EF90}.Debug|Mixed Platforms.Build.0 = Debug|x86
		{21EB74E7-5F6B-4AC3-A1EE-E7A2C3A7EF90}.Debug|x86.ActiveCfg = Debug|x86
		{21EB74E7-5F6B-4AC3-A1EE-E7A2C3A7EF90}.Debug|x86.Build.0 = Debug|x86
		{21EB74E7-5F6B-4AC3-A1EE-E7A2C3A7EF90}.Release|Any CPU.ActiveCfg = Release|x86
		{21EB74E7-5F6B-4AC3-A1EE-E7A2C3A7EF90}.Release|Mixed Platforms.ActiveCfg = Release|x86
		{21EB74E7-5F6B-4AC3-A1EE-E7A2C3A7EF90}.Release|Mixed Platforms.Build.0 = Release|x86
		{21EB74E7-5F6B-4AC3-A1EE-E7A2C3A7EF90}.Release|x86.ActiveCfg = Release|x86
		{21EB74E7-5F6B-4AC3-A1EE-E7A2C3A7EF90}.Release|x86.Build.0 = Release|x86
	EndGlobalSection
	GlobalSection(SolutionProperties) = preSolution
		HideSolutionNode = FALSE
	EndGlobalSection
EndGlobal
