
Microsoft Visual Studio Solution File, Format Version 10.00
# Visual Studio 2008
Project("{FAE04EC0-301F-11D3-BF4B-00C04F79EFBC}") = "Dashboard.Web.WebSite", "Dashboard.Web.WebSite.csproj", "{5E7D75D9-4286-4175-8D82-D492E6FEE079}"
EndProject
Project("{FAE04EC0-301F-11D3-BF4B-00C04F79EFBC}") = "Dashboard.Dao", "..\Dashboard.Dao\Dashboard.Dao.csproj", "{FBAD84A5-2548-439C-8BB1-A0D218AB7D87}"
EndProject
Project("{FAE04EC0-301F-11D3-BF4B-00C04F79EFBC}") = "Dashboard.Dao.NHibernate", "..\Dashboard.Dao.NHibernate\Dashboard.Dao.NHibernate.csproj", "{C2CB57F5-A193-48CB-BAEA-81EB1EFAB493}"
EndProject
Global
	GlobalSection(SolutionConfigurationPlatforms) = preSolution
		Debug|Any CPU = Debug|Any CPU
		Release|Any CPU = Release|Any CPU
	EndGlobalSection
	GlobalSection(ProjectConfigurationPlatforms) = postSolution
		{5E7D75D9-4286-4175-8D82-D492E6FEE079}.Debug|Any CPU.ActiveCfg = Debug|Any CPU
		{5E7D75D9-4286-4175-8D82-D492E6FEE079}.Debug|Any CPU.Build.0 = Debug|Any CPU
		{5E7D75D9-4286-4175-8D82-D492E6FEE079}.Release|Any CPU.ActiveCfg = Release|Any CPU
		{5E7D75D9-4286-4175-8D82-D492E6FEE079}.Release|Any CPU.Build.0 = Release|Any CPU
		{FBAD84A5-2548-439C-8BB1-A0D218AB7D87}.Debug|Any CPU.ActiveCfg = Debug|Any CPU
		{FBAD84A5-2548-439C-8BB1-A0D218AB7D87}.Debug|Any CPU.Build.0 = Debug|Any CPU
		{FBAD84A5-2548-439C-8BB1-A0D218AB7D87}.Release|Any CPU.ActiveCfg = Release|Any CPU
		{FBAD84A5-2548-439C-8BB1-A0D218AB7D87}.Release|Any CPU.Build.0 = Release|Any CPU
		{C2CB57F5-A193-48CB-BAEA-81EB1EFAB493}.Debug|Any CPU.ActiveCfg = Debug|Any CPU
		{C2CB57F5-A193-48CB-BAEA-81EB1EFAB493}.Debug|Any CPU.Build.0 = Debug|Any CPU
		{C2CB57F5-A193-48CB-BAEA-81EB1EFAB493}.Release|Any CPU.ActiveCfg = Release|Any CPU
		{C2CB57F5-A193-48CB-BAEA-81EB1EFAB493}.Release|Any CPU.Build.0 = Release|Any CPU
	EndGlobalSection
	GlobalSection(SolutionProperties) = preSolution
		HideSolutionNode = FALSE
	EndGlobalSection
EndGlobal
