
Microsoft Visual Studio Solution File, Format Version 12.00
# Visual Studio 14
VisualStudioVersion = 14.0.24720.0
MinimumVisualStudioVersion = 10.0.40219.1
Project("{FAE04EC0-301F-11D3-BF4B-00C04F79EFBC}") = "OrderTracking.WebService", "OrderTracking.WebService.csproj", "{F28501FE-DEAB-425A-A986-94A7FD0ADF7F}"
EndProject
Project("{FAE04EC0-301F-11D3-BF4B-00C04F79EFBC}") = "OrderTracking.Dao.NHibernate", "..\..\..\..\Andromeda\Rameses Web Components\OrderTracking\OrderTracking.Dao.NHibernate\OrderTracking.Dao.NHibernate.csproj", "{2F969AD7-048E-4616-B204-6047FF999F6C}"
EndProject
Project("{FAE04EC0-301F-11D3-BF4B-00C04F79EFBC}") = "OrderTracking.Core", "..\OrderTracking.Core\OrderTracking.Core.csproj", "{12850896-12E9-4192-9672-4BC602B513DC}"
EndProject
Project("{FAE04EC0-301F-11D3-BF4B-00C04F79EFBC}") = "OrderTracking.Dao", "..\..\..\..\Andromeda\Rameses Web Components\OrderTracking\OrderTracking.Dao\OrderTracking.Dao.csproj", "{F8F436BA-AEDC-421E-B90C-E2C5E191DC73}"
EndProject
Global
	GlobalSection(SolutionConfigurationPlatforms) = preSolution
		Debug|Any CPU = Debug|Any CPU
		Release|Any CPU = Release|Any CPU
	EndGlobalSection
	GlobalSection(ProjectConfigurationPlatforms) = postSolution
		{F28501FE-DEAB-425A-A986-94A7FD0ADF7F}.Debug|Any CPU.ActiveCfg = Debug|Any CPU
		{F28501FE-DEAB-425A-A986-94A7FD0ADF7F}.Debug|Any CPU.Build.0 = Debug|Any CPU
		{F28501FE-DEAB-425A-A986-94A7FD0ADF7F}.Release|Any CPU.ActiveCfg = Release|Any CPU
		{F28501FE-DEAB-425A-A986-94A7FD0ADF7F}.Release|Any CPU.Build.0 = Release|Any CPU
		{2F969AD7-048E-4616-B204-6047FF999F6C}.Debug|Any CPU.ActiveCfg = Debug|Any CPU
		{2F969AD7-048E-4616-B204-6047FF999F6C}.Debug|Any CPU.Build.0 = Debug|Any CPU
		{2F969AD7-048E-4616-B204-6047FF999F6C}.Release|Any CPU.ActiveCfg = Release|Any CPU
		{2F969AD7-048E-4616-B204-6047FF999F6C}.Release|Any CPU.Build.0 = Release|Any CPU
		{12850896-12E9-4192-9672-4BC602B513DC}.Debug|Any CPU.ActiveCfg = Debug|Any CPU
		{12850896-12E9-4192-9672-4BC602B513DC}.Debug|Any CPU.Build.0 = Debug|Any CPU
		{12850896-12E9-4192-9672-4BC602B513DC}.Release|Any CPU.ActiveCfg = Release|Any CPU
		{12850896-12E9-4192-9672-4BC602B513DC}.Release|Any CPU.Build.0 = Release|Any CPU
		{F8F436BA-AEDC-421E-B90C-E2C5E191DC73}.Debug|Any CPU.ActiveCfg = Debug|Any CPU
		{F8F436BA-AEDC-421E-B90C-E2C5E191DC73}.Debug|Any CPU.Build.0 = Debug|Any CPU
		{F8F436BA-AEDC-421E-B90C-E2C5E191DC73}.Release|Any CPU.ActiveCfg = Release|Any CPU
		{F8F436BA-AEDC-421E-B90C-E2C5E191DC73}.Release|Any CPU.Build.0 = Release|Any CPU
	EndGlobalSection
	GlobalSection(SolutionProperties) = preSolution
		HideSolutionNode = FALSE
	EndGlobalSection
	GlobalSection(TeamFoundationVersionControl) = preSolution
		SccNumberOfProjects = 5
		SccEnterpriseProvider = {4CA58AB2-18FA-4F8D-95D4-32DDF27D184C}
		SccTeamFoundationServer = https://andromedapos.visualstudio.com/defaultcollection
		SccLocalPath0 = .
		SccProjectUniqueName1 = ..\\..\\..\\..\\Andromeda\\Rameses\u0020Web\u0020Components\\OrderTracking\\OrderTracking.Dao.NHibernate\\OrderTracking.Dao.NHibernate.csproj
		SccProjectName1 = ../OrderTracking.Dao.NHibernate
		SccLocalPath1 = ..\\..\\..\\..\\Andromeda\\Rameses\u0020Web\u0020Components\\OrderTracking\\OrderTracking.Dao.NHibernate
		SccProjectUniqueName2 = OrderTracking.WebService.csproj
		SccLocalPath2 = .
		SccProjectUniqueName3 = ..\\OrderTracking.Core\\OrderTracking.Core.csproj
		SccProjectName3 = ../OrderTracking.Core
		SccLocalPath3 = ..\\OrderTracking.Core
		SccProjectUniqueName4 = ..\\..\\..\\..\\Andromeda\\Rameses\u0020Web\u0020Components\\OrderTracking\\OrderTracking.Dao\\OrderTracking.Dao.csproj
		SccProjectName4 = ../OrderTracking.Dao
		SccLocalPath4 = ..\\..\\..\\..\\Andromeda\\Rameses\u0020Web\u0020Components\\OrderTracking\\OrderTracking.Dao
	EndGlobalSection
EndGlobal
