
Microsoft Visual Studio Solution File, Format Version 11.00
# Visual Studio 2010
Project("{FAE04EC0-301F-11D3-BF4B-00C04F79EFBC}") = "Dashboard.UploadWebService", "Dashboard.UploadWebService\Dashboard.UploadWebService.csproj", "{9E5D8116-CB01-44A2-B9F4-531A592B8989}"
EndProject
Project("{FAE04EC0-301F-11D3-BF4B-00C04F79EFBC}") = "WebDashboard.Dao", "..\WebDashboard\WebDashboard.Dao\WebDashboard.Dao.csproj", "{598CD87F-04B8-4398-B730-5914767E04D3}"
EndProject
Project("{FAE04EC0-301F-11D3-BF4B-00C04F79EFBC}") = "WebDashboard.Dao.NHibernate", "..\WebDashboard\WebDashboard.Dao.NHibernate\WebDashboard.Dao.NHibernate.csproj", "{E2658E2C-1B63-4570-90DC-AB009167642E}"
EndProject
Global
	GlobalSection(TeamFoundationVersionControl) = preSolution
		SccNumberOfProjects = 4
		SccEnterpriseProvider = {4CA58AB2-18FA-4F8D-95D4-32DDF27D184C}
		SccTeamFoundationServer = http://tfsvm:8080/tfs/androtfs
		SccProjectUniqueName0 = ..\\WebDashboard\\WebDashboard.Dao\\WebDashboard.Dao.csproj
		SccProjectName0 = ../WebDashboard/WebDashboard.Dao
		SccLocalPath0 = ..\\WebDashboard\\WebDashboard.Dao
		SccProjectUniqueName1 = ..\\WebDashboard\\WebDashboard.Dao.NHibernate\\WebDashboard.Dao.NHibernate.csproj
		SccProjectName1 = ../WebDashboard/WebDashboard.Dao.NHibernate
		SccLocalPath1 = ..\\WebDashboard\\WebDashboard.Dao.NHibernate
		SccLocalPath2 = .
		SccProjectUniqueName3 = Dashboard.UploadWebService\\Dashboard.UploadWebService.csproj
		SccProjectName3 = Dashboard.UploadWebService
		SccLocalPath3 = Dashboard.UploadWebService
	EndGlobalSection
	GlobalSection(SolutionConfigurationPlatforms) = preSolution
		Debug|Any CPU = Debug|Any CPU
		Release|Any CPU = Release|Any CPU
	EndGlobalSection
	GlobalSection(ProjectConfigurationPlatforms) = postSolution
		{9E5D8116-CB01-44A2-B9F4-531A592B8989}.Debug|Any CPU.ActiveCfg = Debug|Any CPU
		{9E5D8116-CB01-44A2-B9F4-531A592B8989}.Debug|Any CPU.Build.0 = Debug|Any CPU
		{9E5D8116-CB01-44A2-B9F4-531A592B8989}.Release|Any CPU.ActiveCfg = Release|Any CPU
		{9E5D8116-CB01-44A2-B9F4-531A592B8989}.Release|Any CPU.Build.0 = Release|Any CPU
		{598CD87F-04B8-4398-B730-5914767E04D3}.Debug|Any CPU.ActiveCfg = Debug|Any CPU
		{598CD87F-04B8-4398-B730-5914767E04D3}.Debug|Any CPU.Build.0 = Debug|Any CPU
		{598CD87F-04B8-4398-B730-5914767E04D3}.Release|Any CPU.ActiveCfg = Release|Any CPU
		{598CD87F-04B8-4398-B730-5914767E04D3}.Release|Any CPU.Build.0 = Release|Any CPU
		{E2658E2C-1B63-4570-90DC-AB009167642E}.Debug|Any CPU.ActiveCfg = Debug|Any CPU
		{E2658E2C-1B63-4570-90DC-AB009167642E}.Debug|Any CPU.Build.0 = Debug|Any CPU
		{E2658E2C-1B63-4570-90DC-AB009167642E}.Release|Any CPU.ActiveCfg = Release|Any CPU
		{E2658E2C-1B63-4570-90DC-AB009167642E}.Release|Any CPU.Build.0 = Release|Any CPU
	EndGlobalSection
	GlobalSection(SolutionProperties) = preSolution
		HideSolutionNode = FALSE
	EndGlobalSection
EndGlobal
