
Microsoft Visual Studio Solution File, Format Version 12.00
# Visual Studio 2012
Project("{2150E333-8FDC-42A3-9474-1A3956D46DE8}") = "Solution Items", "Solution Items", "{53767486-6B7D-48A4-92C0-CF2AE46C5C79}"
EndProject
Project("{FAE04EC0-301F-11D3-BF4B-00C04F79EFBC}") = "WebDashboard.Web", "WebDashboard.Web.csproj", "{64914062-8DAC-4BCA-AD68-3B26C1757F0B}"
EndProject
Project("{FAE04EC0-301F-11D3-BF4B-00C04F79EFBC}") = "WebDashboard.Dao", "..\WebDashboard.Dao\WebDashboard.Dao.csproj", "{598CD87F-04B8-4398-B730-5914767E04D3}"
EndProject
Project("{FAE04EC0-301F-11D3-BF4B-00C04F79EFBC}") = "WebDashboard.Dao.NHibernate", "..\WebDashboard.Dao.NHibernate\WebDashboard.Dao.NHibernate.csproj", "{E2658E2C-1B63-4570-90DC-AB009167642E}"
EndProject
Project("{FAE04EC0-301F-11D3-BF4B-00C04F79EFBC}") = "WebDashboard.Mvc", "..\WebDashboard.Mvc\WebDashboard.Mvc.csproj", "{8A8B2577-EE23-42C8-AE93-75C181E85130}"
EndProject
Project("{2150E333-8FDC-42A3-9474-1A3956D46DE8}") = ".nuget", ".nuget", "{676BEF43-8B37-494B-BF9C-8F6E41339C4C}"
	ProjectSection(SolutionItems) = preProject
		.nuget\NuGet.Config = .nuget\NuGet.Config
		.nuget\NuGet.exe = .nuget\NuGet.exe
		.nuget\NuGet.targets = .nuget\NuGet.targets
	EndProjectSection
EndProject
Global
	GlobalSection(TeamFoundationVersionControl) = preSolution
		SccNumberOfProjects = 5
		SccEnterpriseProvider = {4CA58AB2-18FA-4F8D-95D4-32DDF27D184C}
		SccTeamFoundationServer = http://tfsvm2012:8080/tfs/tfs
		SccProjectUniqueName0 = ..\\WebDashboard.Dao.NHibernate\\WebDashboard.Dao.NHibernate.csproj
		SccProjectName0 = ../WebDashboard.Dao.NHibernate
		SccLocalPath0 = ..\\WebDashboard.Dao.NHibernate
		SccProjectUniqueName1 = ..\\WebDashboard.Mvc\\WebDashboard.Mvc.csproj
		SccProjectName1 = ../WebDashboard.Mvc
		SccLocalPath1 = ..\\WebDashboard.Mvc
		SccLocalPath2 = .
		SccProjectUniqueName3 = WebDashboard.Web.csproj
		SccLocalPath3 = .
		SccProjectUniqueName4 = ..\\WebDashboard.Dao\\WebDashboard.Dao.csproj
		SccProjectName4 = ../WebDashboard.Dao
		SccLocalPath4 = ..\\WebDashboard.Dao
	EndGlobalSection
	GlobalSection(SolutionConfigurationPlatforms) = preSolution
		Debug|Any CPU = Debug|Any CPU
		Release|Any CPU = Release|Any CPU
	EndGlobalSection
	GlobalSection(ProjectConfigurationPlatforms) = postSolution
		{64914062-8DAC-4BCA-AD68-3B26C1757F0B}.Debug|Any CPU.ActiveCfg = Debug|Any CPU
		{64914062-8DAC-4BCA-AD68-3B26C1757F0B}.Debug|Any CPU.Build.0 = Debug|Any CPU
		{64914062-8DAC-4BCA-AD68-3B26C1757F0B}.Release|Any CPU.ActiveCfg = Release|Any CPU
		{64914062-8DAC-4BCA-AD68-3B26C1757F0B}.Release|Any CPU.Build.0 = Release|Any CPU
		{598CD87F-04B8-4398-B730-5914767E04D3}.Debug|Any CPU.ActiveCfg = Debug|Any CPU
		{598CD87F-04B8-4398-B730-5914767E04D3}.Debug|Any CPU.Build.0 = Debug|Any CPU
		{598CD87F-04B8-4398-B730-5914767E04D3}.Release|Any CPU.ActiveCfg = Release|Any CPU
		{598CD87F-04B8-4398-B730-5914767E04D3}.Release|Any CPU.Build.0 = Release|Any CPU
		{E2658E2C-1B63-4570-90DC-AB009167642E}.Debug|Any CPU.ActiveCfg = Debug|Any CPU
		{E2658E2C-1B63-4570-90DC-AB009167642E}.Debug|Any CPU.Build.0 = Debug|Any CPU
		{E2658E2C-1B63-4570-90DC-AB009167642E}.Release|Any CPU.ActiveCfg = Release|Any CPU
		{E2658E2C-1B63-4570-90DC-AB009167642E}.Release|Any CPU.Build.0 = Release|Any CPU
		{8A8B2577-EE23-42C8-AE93-75C181E85130}.Debug|Any CPU.ActiveCfg = Debug|Any CPU
		{8A8B2577-EE23-42C8-AE93-75C181E85130}.Debug|Any CPU.Build.0 = Debug|Any CPU
		{8A8B2577-EE23-42C8-AE93-75C181E85130}.Release|Any CPU.ActiveCfg = Release|Any CPU
		{8A8B2577-EE23-42C8-AE93-75C181E85130}.Release|Any CPU.Build.0 = Release|Any CPU
	EndGlobalSection
	GlobalSection(SolutionProperties) = preSolution
		HideSolutionNode = FALSE
	EndGlobalSection
EndGlobal
