
Microsoft Visual Studio Solution File, Format Version 12.00
# Visual Studio 2012
Project("{FAE04EC0-301F-11D3-BF4B-00C04F79EFBC}") = "DashboardUpload", "DashboardUpload.csproj", "{996D68B3-F249-477D-9B2E-B96A7B828088}"
EndProject
Project("{FAE04EC0-301F-11D3-BF4B-00C04F79EFBC}") = "DashboardDataAccess", "..\..\DataAccess\DashboardDataAccess\DashboardDataAccess.csproj", "{00614441-4158-4719-AFBD-75AC06C6BB87}"
EndProject
Global
	GlobalSection(TeamFoundationVersionControl) = preSolution
		SccNumberOfProjects = 3
		SccEnterpriseProvider = {4CA58AB2-18FA-4F8D-95D4-32DDF27D184C}
		SccTeamFoundationServer = http://tfsvm2012:8080/tfs/tfs
		SccLocalPath0 = .
		SccProjectUniqueName1 = ..\\..\\DataAccess\\DashboardDataAccess\\DashboardDataAccess.csproj
		SccProjectName1 = ../../DataAccess/DashboardDataAccess
		SccLocalPath1 = ..\\..\\DataAccess\\DashboardDataAccess
		SccProjectUniqueName2 = DashboardUpload.csproj
		SccLocalPath2 = .
	EndGlobalSection
	GlobalSection(SolutionConfigurationPlatforms) = preSolution
		Debug|Any CPU = Debug|Any CPU
		Release|Any CPU = Release|Any CPU
	EndGlobalSection
	GlobalSection(ProjectConfigurationPlatforms) = postSolution
		{996D68B3-F249-477D-9B2E-B96A7B828088}.Debug|Any CPU.ActiveCfg = Debug|Any CPU
		{996D68B3-F249-477D-9B2E-B96A7B828088}.Debug|Any CPU.Build.0 = Debug|Any CPU
		{996D68B3-F249-477D-9B2E-B96A7B828088}.Release|Any CPU.ActiveCfg = Release|Any CPU
		{996D68B3-F249-477D-9B2E-B96A7B828088}.Release|Any CPU.Build.0 = Release|Any CPU
		{00614441-4158-4719-AFBD-75AC06C6BB87}.Debug|Any CPU.ActiveCfg = Debug|Any CPU
		{00614441-4158-4719-AFBD-75AC06C6BB87}.Debug|Any CPU.Build.0 = Debug|Any CPU
		{00614441-4158-4719-AFBD-75AC06C6BB87}.Release|Any CPU.ActiveCfg = Release|Any CPU
		{00614441-4158-4719-AFBD-75AC06C6BB87}.Release|Any CPU.Build.0 = Release|Any CPU
	EndGlobalSection
	GlobalSection(SolutionProperties) = preSolution
		HideSolutionNode = FALSE
	EndGlobalSection
EndGlobal
