
Microsoft Visual Studio Solution File, Format Version 11.00
# Visual Studio 2010
Project("{FAE04EC0-301F-11D3-BF4B-00C04F79EFBC}") = "DemoTrackingService", "DemoTrackingService\DemoTrackingService.csproj", "{D7100F6B-555C-41BE-9207-11885C600F2A}"
EndProject
Global
	GlobalSection(SolutionConfigurationPlatforms) = preSolution
		Debug|Any CPU = Debug|Any CPU
		Release|Any CPU = Release|Any CPU
	EndGlobalSection
	GlobalSection(ProjectConfigurationPlatforms) = postSolution
		{D7100F6B-555C-41BE-9207-11885C600F2A}.Debug|Any CPU.ActiveCfg = Debug|Any CPU
		{D7100F6B-555C-41BE-9207-11885C600F2A}.Debug|Any CPU.Build.0 = Debug|Any CPU
		{D7100F6B-555C-41BE-9207-11885C600F2A}.Release|Any CPU.ActiveCfg = Release|Any CPU
		{D7100F6B-555C-41BE-9207-11885C600F2A}.Release|Any CPU.Build.0 = Release|Any CPU
	EndGlobalSection
	GlobalSection(SolutionProperties) = preSolution
		HideSolutionNode = FALSE
	EndGlobalSection
EndGlobal
