
Microsoft Visual Studio Solution File, Format Version 12.00
# Visual Studio 2013
VisualStudioVersion = 12.0.31101.0
MinimumVisualStudioVersion = 10.0.40219.1
Project("{FAE04EC0-301F-11D3-BF4B-00C04F79EFBC}") = "Andromeda.WebOrdering.BrowserAutomation", "BrowserAutomation\Andromeda.WebOrdering.BrowserAutomation.csproj", "{2A306086-0791-435C-B5A0-B7E1A6B5913B}"
EndProject
Project("{FAE04EC0-301F-11D3-BF4B-00C04F79EFBC}") = "Andromeda.WebOrdering.BrowserTests", "BrowserTests\Andromeda.WebOrdering.BrowserTests.csproj", "{9F99E296-A1C8-4F8B-9F25-7C97E934A93C}"
EndProject
Global
	GlobalSection(TeamFoundationVersionControl) = preSolution
		SccNumberOfProjects = 3
		SccEnterpriseProvider = {4CA58AB2-18FA-4F8D-95D4-32DDF27D184C}
		SccTeamFoundationServer = http://tfsvm2012:8080/tfs/tfs
		SccLocalPath0 = .
		SccProjectUniqueName1 = BrowserAutomation\\Andromeda.WebOrdering.BrowserAutomation.csproj
		SccProjectName1 = BrowserAutomation
		SccLocalPath1 = BrowserAutomation
		SccProjectUniqueName2 = BrowserTests\\Andromeda.WebOrdering.BrowserTests.csproj
		SccProjectName2 = BrowserTests
		SccLocalPath2 = BrowserTests
	EndGlobalSection
	GlobalSection(SolutionConfigurationPlatforms) = preSolution
		Debug|Any CPU = Debug|Any CPU
		Release|Any CPU = Release|Any CPU
	EndGlobalSection
	GlobalSection(ProjectConfigurationPlatforms) = postSolution
		{2A306086-0791-435C-B5A0-B7E1A6B5913B}.Debug|Any CPU.ActiveCfg = Debug|Any CPU
		{2A306086-0791-435C-B5A0-B7E1A6B5913B}.Debug|Any CPU.Build.0 = Debug|Any CPU
		{2A306086-0791-435C-B5A0-B7E1A6B5913B}.Release|Any CPU.ActiveCfg = Release|Any CPU
		{2A306086-0791-435C-B5A0-B7E1A6B5913B}.Release|Any CPU.Build.0 = Release|Any CPU
		{9F99E296-A1C8-4F8B-9F25-7C97E934A93C}.Debug|Any CPU.ActiveCfg = Debug|Any CPU
		{9F99E296-A1C8-4F8B-9F25-7C97E934A93C}.Debug|Any CPU.Build.0 = Debug|Any CPU
		{9F99E296-A1C8-4F8B-9F25-7C97E934A93C}.Release|Any CPU.ActiveCfg = Release|Any CPU
		{9F99E296-A1C8-4F8B-9F25-7C97E934A93C}.Release|Any CPU.Build.0 = Release|Any CPU
	EndGlobalSection
	GlobalSection(SolutionProperties) = preSolution
		HideSolutionNode = FALSE
	EndGlobalSection
EndGlobal
