
Microsoft Visual Studio Solution File, Format Version 12.00
# Visual Studio 15
VisualStudioVersion = 15.0.28307.271
MinimumVisualStudioVersion = 10.0.40219.1
Project("{FAE04EC0-301F-11D3-BF4B-00C04F79EFBC}") = "AndroCloudWCFServices", "AndroCloudWCFServices\AndroCloudWCFServices.csproj", "{80381984-537E-4702-9CF8-6BE31FD76901}"
EndProject
Project("{FAE04EC0-301F-11D3-BF4B-00C04F79EFBC}") = "AndroCloudServices", "AndroCloudServices\AndroCloudServices.csproj", "{4E767597-373B-4AA6-A47A-8F6201008301}"
EndProject
Project("{FAE04EC0-301F-11D3-BF4B-00C04F79EFBC}") = "AndroCloudHelper", "AndroCloudWCFHelper\AndroCloudHelper.csproj", "{D9959D2F-2016-4355-BC22-061EA8A5E267}"
EndProject
Project("{2150E333-8FDC-42A3-9474-1A3956D46DE8}") = "3.Web", "3.Web", "{99462766-D5F8-487A-99AA-AD1ADA10AF1B}"
EndProject
Project("{2150E333-8FDC-42A3-9474-1A3956D46DE8}") = "1.Data", "1.Data", "{2689D15C-5BE3-446B-8964-E843F2C17056}"
EndProject
Project("{2150E333-8FDC-42A3-9474-1A3956D46DE8}") = "2.Services", "2.Services", "{7D678DCD-9844-47FD-BD43-43BF719352B6}"
EndProject
Project("{FAE04EC0-301F-11D3-BF4B-00C04F79EFBC}") = "CloudSync", "CloudSync\CloudSync.csproj", "{3E34D787-0C46-4501-A774-CCA5930AB20D}"
EndProject
Project("{FAE04EC0-301F-11D3-BF4B-00C04F79EFBC}") = "CloudSyncModel", "CloudSyncModel\CloudSyncModel.csproj", "{56AA880A-EFF0-440F-92F5-39F2C578CBDD}"
EndProject
Project("{FAE04EC0-301F-11D3-BF4B-00C04F79EFBC}") = "AndroAdminDataAccess", "AndroAdminDataAccess\AndroAdminDataAccess.csproj", "{3ECF6405-90D5-4C8B-ABCC-C0BAEDFDEEF9}"
EndProject
Project("{FAE04EC0-301F-11D3-BF4B-00C04F79EFBC}") = "AndroCloudDataAccess", "AndroCloudDataAccess\AndroCloudDataAccess.csproj", "{408FBA0E-E649-493E-B4D4-8A5328265450}"
EndProject
Project("{FAE04EC0-301F-11D3-BF4B-00C04F79EFBC}") = "AndroCloudDataAccessEntityFramework", "AndroCloudDataAccessEntityFramework\AndroCloudDataAccessEntityFramework.csproj", "{0520364A-A9B3-4AD6-B125-D935DCCAF731}"
EndProject
Project("{FAE04EC0-301F-11D3-BF4B-00C04F79EFBC}") = "DataWarehouseDataAccess", "DataWarehouseDataAccess\DataWarehouseDataAccess.csproj", "{10BA737F-F9E7-4EED-B096-BBC47CE14338}"
EndProject
Project("{FAE04EC0-301F-11D3-BF4B-00C04F79EFBC}") = "DataWarehouseDataAccessEntityFramework", "DataWarehouseDataAccessEntityFramework\DataWarehouseDataAccessEntityFramework.csproj", "{20B6E3C9-17FD-44C4-9980-CAE413E6C55D}"
EndProject
Global
	GlobalSection(SolutionConfigurationPlatforms) = preSolution
		Debug|Any CPU = Debug|Any CPU
		Debug|Mixed Platforms = Debug|Mixed Platforms
		Debug|x64 = Debug|x64
		Debug|x86 = Debug|x86
		Dev|Any CPU = Dev|Any CPU
		Dev|Mixed Platforms = Dev|Mixed Platforms
		Dev|x64 = Dev|x64
		Dev|x86 = Dev|x86
		Live|Any CPU = Live|Any CPU
		Live|Mixed Platforms = Live|Mixed Platforms
		Live|x64 = Live|x64
		Live|x86 = Live|x86
		Release|Any CPU = Release|Any CPU
		Release|Mixed Platforms = Release|Mixed Platforms
		Release|x64 = Release|x64
		Release|x86 = Release|x86
		Staging2|Any CPU = Staging2|Any CPU
		Staging2|Mixed Platforms = Staging2|Mixed Platforms
		Staging2|x64 = Staging2|x64
		Staging2|x86 = Staging2|x86
		test1|Any CPU = test1|Any CPU
		test1|Mixed Platforms = test1|Mixed Platforms
		test1|x64 = test1|x64
		test1|x86 = test1|x86
	EndGlobalSection
	GlobalSection(ProjectConfigurationPlatforms) = postSolution
		{80381984-537E-4702-9CF8-6BE31FD76901}.Debug|Any CPU.ActiveCfg = Debug|Any CPU
		{80381984-537E-4702-9CF8-6BE31FD76901}.Debug|Any CPU.Build.0 = Debug|Any CPU
		{80381984-537E-4702-9CF8-6BE31FD76901}.Debug|Mixed Platforms.ActiveCfg = Debug|Any CPU
		{80381984-537E-4702-9CF8-6BE31FD76901}.Debug|Mixed Platforms.Build.0 = Debug|Any CPU
		{80381984-537E-4702-9CF8-6BE31FD76901}.Debug|x64.ActiveCfg = Debug|Any CPU
		{80381984-537E-4702-9CF8-6BE31FD76901}.Debug|x86.ActiveCfg = Debug|Any CPU
		{80381984-537E-4702-9CF8-6BE31FD76901}.Debug|x86.Build.0 = Debug|Any CPU
		{80381984-537E-4702-9CF8-6BE31FD76901}.Dev|Any CPU.ActiveCfg = Debug|Any CPU
		{80381984-537E-4702-9CF8-6BE31FD76901}.Dev|Any CPU.Build.0 = Debug|Any CPU
		{80381984-537E-4702-9CF8-6BE31FD76901}.Dev|Mixed Platforms.ActiveCfg = Debug|Any CPU
		{80381984-537E-4702-9CF8-6BE31FD76901}.Dev|Mixed Platforms.Build.0 = Debug|Any CPU
		{80381984-537E-4702-9CF8-6BE31FD76901}.Dev|x64.ActiveCfg = Debug|Any CPU
		{80381984-537E-4702-9CF8-6BE31FD76901}.Dev|x64.Build.0 = Debug|Any CPU
		{80381984-537E-4702-9CF8-6BE31FD76901}.Dev|x86.ActiveCfg = Debug|Any CPU
		{80381984-537E-4702-9CF8-6BE31FD76901}.Dev|x86.Build.0 = Debug|Any CPU
		{80381984-537E-4702-9CF8-6BE31FD76901}.Live|Any CPU.ActiveCfg = Release|Any CPU
		{80381984-537E-4702-9CF8-6BE31FD76901}.Live|Any CPU.Build.0 = Release|Any CPU
		{80381984-537E-4702-9CF8-6BE31FD76901}.Live|Mixed Platforms.ActiveCfg = Release|Any CPU
		{80381984-537E-4702-9CF8-6BE31FD76901}.Live|Mixed Platforms.Build.0 = Release|Any CPU
		{80381984-537E-4702-9CF8-6BE31FD76901}.Live|x64.ActiveCfg = Release|Any CPU
		{80381984-537E-4702-9CF8-6BE31FD76901}.Live|x64.Build.0 = Release|Any CPU
		{80381984-537E-4702-9CF8-6BE31FD76901}.Live|x86.ActiveCfg = Release|Any CPU
		{80381984-537E-4702-9CF8-6BE31FD76901}.Live|x86.Build.0 = Release|Any CPU
		{80381984-537E-4702-9CF8-6BE31FD76901}.Release|Any CPU.ActiveCfg = Release|Any CPU
		{80381984-537E-4702-9CF8-6BE31FD76901}.Release|Any CPU.Build.0 = Release|Any CPU
		{80381984-537E-4702-9CF8-6BE31FD76901}.Release|Mixed Platforms.ActiveCfg = Release|Any CPU
		{80381984-537E-4702-9CF8-6BE31FD76901}.Release|Mixed Platforms.Build.0 = Release|Any CPU
		{80381984-537E-4702-9CF8-6BE31FD76901}.Release|x64.ActiveCfg = Release|Any CPU
		{80381984-537E-4702-9CF8-6BE31FD76901}.Release|x86.ActiveCfg = Release|Any CPU
		{80381984-537E-4702-9CF8-6BE31FD76901}.Release|x86.Build.0 = Release|Any CPU
		{80381984-537E-4702-9CF8-6BE31FD76901}.Staging2|Any CPU.ActiveCfg = Release|Any CPU
		{80381984-537E-4702-9CF8-6BE31FD76901}.Staging2|Any CPU.Build.0 = Release|Any CPU
		{80381984-537E-4702-9CF8-6BE31FD76901}.Staging2|Mixed Platforms.ActiveCfg = Release|Any CPU
		{80381984-537E-4702-9CF8-6BE31FD76901}.Staging2|Mixed Platforms.Build.0 = Release|Any CPU
		{80381984-537E-4702-9CF8-6BE31FD76901}.Staging2|x64.ActiveCfg = Release|Any CPU
		{80381984-537E-4702-9CF8-6BE31FD76901}.Staging2|x64.Build.0 = Release|Any CPU
		{80381984-537E-4702-9CF8-6BE31FD76901}.Staging2|x86.ActiveCfg = Release|Any CPU
		{80381984-537E-4702-9CF8-6BE31FD76901}.Staging2|x86.Build.0 = Release|Any CPU
		{80381984-537E-4702-9CF8-6BE31FD76901}.test1|Any CPU.ActiveCfg = Release|Any CPU
		{80381984-537E-4702-9CF8-6BE31FD76901}.test1|Any CPU.Build.0 = Release|Any CPU
		{80381984-537E-4702-9CF8-6BE31FD76901}.test1|Mixed Platforms.ActiveCfg = Release|Any CPU
		{80381984-537E-4702-9CF8-6BE31FD76901}.test1|Mixed Platforms.Build.0 = Release|Any CPU
		{80381984-537E-4702-9CF8-6BE31FD76901}.test1|x64.ActiveCfg = Release|Any CPU
		{80381984-537E-4702-9CF8-6BE31FD76901}.test1|x64.Build.0 = Release|Any CPU
		{80381984-537E-4702-9CF8-6BE31FD76901}.test1|x86.ActiveCfg = Release|Any CPU
		{80381984-537E-4702-9CF8-6BE31FD76901}.test1|x86.Build.0 = Release|Any CPU
		{4E767597-373B-4AA6-A47A-8F6201008301}.Debug|Any CPU.ActiveCfg = Debug|Any CPU
		{4E767597-373B-4AA6-A47A-8F6201008301}.Debug|Any CPU.Build.0 = Debug|Any CPU
		{4E767597-373B-4AA6-A47A-8F6201008301}.Debug|Mixed Platforms.ActiveCfg = Debug|Any CPU
		{4E767597-373B-4AA6-A47A-8F6201008301}.Debug|Mixed Platforms.Build.0 = Debug|Any CPU
		{4E767597-373B-4AA6-A47A-8F6201008301}.Debug|x64.ActiveCfg = Debug|Any CPU
		{4E767597-373B-4AA6-A47A-8F6201008301}.Debug|x86.ActiveCfg = Debug|Any CPU
		{4E767597-373B-4AA6-A47A-8F6201008301}.Debug|x86.Build.0 = Debug|Any CPU
		{4E767597-373B-4AA6-A47A-8F6201008301}.Dev|Any CPU.ActiveCfg = Debug|Any CPU
		{4E767597-373B-4AA6-A47A-8F6201008301}.Dev|Any CPU.Build.0 = Debug|Any CPU
		{4E767597-373B-4AA6-A47A-8F6201008301}.Dev|Mixed Platforms.ActiveCfg = Debug|Any CPU
		{4E767597-373B-4AA6-A47A-8F6201008301}.Dev|Mixed Platforms.Build.0 = Debug|Any CPU
		{4E767597-373B-4AA6-A47A-8F6201008301}.Dev|x64.ActiveCfg = Debug|Any CPU
		{4E767597-373B-4AA6-A47A-8F6201008301}.Dev|x86.ActiveCfg = Debug|Any CPU
		{4E767597-373B-4AA6-A47A-8F6201008301}.Dev|x86.Build.0 = Debug|Any CPU
		{4E767597-373B-4AA6-A47A-8F6201008301}.Live|Any CPU.ActiveCfg = Release|Any CPU
		{4E767597-373B-4AA6-A47A-8F6201008301}.Live|Any CPU.Build.0 = Release|Any CPU
		{4E767597-373B-4AA6-A47A-8F6201008301}.Live|Mixed Platforms.ActiveCfg = Release|Any CPU
		{4E767597-373B-4AA6-A47A-8F6201008301}.Live|Mixed Platforms.Build.0 = Release|Any CPU
		{4E767597-373B-4AA6-A47A-8F6201008301}.Live|x64.ActiveCfg = Release|Any CPU
		{4E767597-373B-4AA6-A47A-8F6201008301}.Live|x64.Build.0 = Release|Any CPU
		{4E767597-373B-4AA6-A47A-8F6201008301}.Live|x86.ActiveCfg = Release|Any CPU
		{4E767597-373B-4AA6-A47A-8F6201008301}.Live|x86.Build.0 = Release|Any CPU
		{4E767597-373B-4AA6-A47A-8F6201008301}.Release|Any CPU.ActiveCfg = Release|Any CPU
		{4E767597-373B-4AA6-A47A-8F6201008301}.Release|Any CPU.Build.0 = Release|Any CPU
		{4E767597-373B-4AA6-A47A-8F6201008301}.Release|Mixed Platforms.ActiveCfg = Release|Any CPU
		{4E767597-373B-4AA6-A47A-8F6201008301}.Release|Mixed Platforms.Build.0 = Release|Any CPU
		{4E767597-373B-4AA6-A47A-8F6201008301}.Release|x64.ActiveCfg = Release|Any CPU
		{4E767597-373B-4AA6-A47A-8F6201008301}.Release|x86.ActiveCfg = Release|Any CPU
		{4E767597-373B-4AA6-A47A-8F6201008301}.Release|x86.Build.0 = Release|Any CPU
		{4E767597-373B-4AA6-A47A-8F6201008301}.Staging2|Any CPU.ActiveCfg = Release|Any CPU
		{4E767597-373B-4AA6-A47A-8F6201008301}.Staging2|Any CPU.Build.0 = Release|Any CPU
		{4E767597-373B-4AA6-A47A-8F6201008301}.Staging2|Mixed Platforms.ActiveCfg = Release|Any CPU
		{4E767597-373B-4AA6-A47A-8F6201008301}.Staging2|Mixed Platforms.Build.0 = Release|Any CPU
		{4E767597-373B-4AA6-A47A-8F6201008301}.Staging2|x64.ActiveCfg = Release|Any CPU
		{4E767597-373B-4AA6-A47A-8F6201008301}.Staging2|x64.Build.0 = Release|Any CPU
		{4E767597-373B-4AA6-A47A-8F6201008301}.Staging2|x86.ActiveCfg = Release|Any CPU
		{4E767597-373B-4AA6-A47A-8F6201008301}.Staging2|x86.Build.0 = Release|Any CPU
		{4E767597-373B-4AA6-A47A-8F6201008301}.test1|Any CPU.ActiveCfg = Release|Any CPU
		{4E767597-373B-4AA6-A47A-8F6201008301}.test1|Any CPU.Build.0 = Release|Any CPU
		{4E767597-373B-4AA6-A47A-8F6201008301}.test1|Mixed Platforms.ActiveCfg = Release|Any CPU
		{4E767597-373B-4AA6-A47A-8F6201008301}.test1|Mixed Platforms.Build.0 = Release|Any CPU
		{4E767597-373B-4AA6-A47A-8F6201008301}.test1|x64.ActiveCfg = Release|Any CPU
		{4E767597-373B-4AA6-A47A-8F6201008301}.test1|x64.Build.0 = Release|Any CPU
		{4E767597-373B-4AA6-A47A-8F6201008301}.test1|x86.ActiveCfg = Release|Any CPU
		{4E767597-373B-4AA6-A47A-8F6201008301}.test1|x86.Build.0 = Release|Any CPU
		{D9959D2F-2016-4355-BC22-061EA8A5E267}.Debug|Any CPU.ActiveCfg = Debug|Any CPU
		{D9959D2F-2016-4355-BC22-061EA8A5E267}.Debug|Any CPU.Build.0 = Debug|Any CPU
		{D9959D2F-2016-4355-BC22-061EA8A5E267}.Debug|Mixed Platforms.ActiveCfg = Debug|Any CPU
		{D9959D2F-2016-4355-BC22-061EA8A5E267}.Debug|Mixed Platforms.Build.0 = Debug|Any CPU
		{D9959D2F-2016-4355-BC22-061EA8A5E267}.Debug|x64.ActiveCfg = Debug|Any CPU
		{D9959D2F-2016-4355-BC22-061EA8A5E267}.Debug|x86.ActiveCfg = Debug|Any CPU
		{D9959D2F-2016-4355-BC22-061EA8A5E267}.Debug|x86.Build.0 = Debug|Any CPU
		{D9959D2F-2016-4355-BC22-061EA8A5E267}.Dev|Any CPU.ActiveCfg = Debug|Any CPU
		{D9959D2F-2016-4355-BC22-061EA8A5E267}.Dev|Any CPU.Build.0 = Debug|Any CPU
		{D9959D2F-2016-4355-BC22-061EA8A5E267}.Dev|Mixed Platforms.ActiveCfg = Debug|Any CPU
		{D9959D2F-2016-4355-BC22-061EA8A5E267}.Dev|Mixed Platforms.Build.0 = Debug|Any CPU
		{D9959D2F-2016-4355-BC22-061EA8A5E267}.Dev|x64.ActiveCfg = Debug|Any CPU
		{D9959D2F-2016-4355-BC22-061EA8A5E267}.Dev|x86.ActiveCfg = Debug|Any CPU
		{D9959D2F-2016-4355-BC22-061EA8A5E267}.Dev|x86.Build.0 = Debug|Any CPU
		{D9959D2F-2016-4355-BC22-061EA8A5E267}.Live|Any CPU.ActiveCfg = Release|Any CPU
		{D9959D2F-2016-4355-BC22-061EA8A5E267}.Live|Any CPU.Build.0 = Release|Any CPU
		{D9959D2F-2016-4355-BC22-061EA8A5E267}.Live|Mixed Platforms.ActiveCfg = Release|Any CPU
		{D9959D2F-2016-4355-BC22-061EA8A5E267}.Live|Mixed Platforms.Build.0 = Release|Any CPU
		{D9959D2F-2016-4355-BC22-061EA8A5E267}.Live|x64.ActiveCfg = Release|Any CPU
		{D9959D2F-2016-4355-BC22-061EA8A5E267}.Live|x64.Build.0 = Release|Any CPU
		{D9959D2F-2016-4355-BC22-061EA8A5E267}.Live|x86.ActiveCfg = Release|Any CPU
		{D9959D2F-2016-4355-BC22-061EA8A5E267}.Live|x86.Build.0 = Release|Any CPU
		{D9959D2F-2016-4355-BC22-061EA8A5E267}.Release|Any CPU.ActiveCfg = Release|Any CPU
		{D9959D2F-2016-4355-BC22-061EA8A5E267}.Release|Any CPU.Build.0 = Release|Any CPU
		{D9959D2F-2016-4355-BC22-061EA8A5E267}.Release|Mixed Platforms.ActiveCfg = Release|Any CPU
		{D9959D2F-2016-4355-BC22-061EA8A5E267}.Release|Mixed Platforms.Build.0 = Release|Any CPU
		{D9959D2F-2016-4355-BC22-061EA8A5E267}.Release|x64.ActiveCfg = Release|Any CPU
		{D9959D2F-2016-4355-BC22-061EA8A5E267}.Release|x86.ActiveCfg = Release|Any CPU
		{D9959D2F-2016-4355-BC22-061EA8A5E267}.Release|x86.Build.0 = Release|Any CPU
		{D9959D2F-2016-4355-BC22-061EA8A5E267}.Staging2|Any CPU.ActiveCfg = Release|Any CPU
		{D9959D2F-2016-4355-BC22-061EA8A5E267}.Staging2|Any CPU.Build.0 = Release|Any CPU
		{D9959D2F-2016-4355-BC22-061EA8A5E267}.Staging2|Mixed Platforms.ActiveCfg = Release|Any CPU
		{D9959D2F-2016-4355-BC22-061EA8A5E267}.Staging2|Mixed Platforms.Build.0 = Release|Any CPU
		{D9959D2F-2016-4355-BC22-061EA8A5E267}.Staging2|x64.ActiveCfg = Release|Any CPU
		{D9959D2F-2016-4355-BC22-061EA8A5E267}.Staging2|x64.Build.0 = Release|Any CPU
		{D9959D2F-2016-4355-BC22-061EA8A5E267}.Staging2|x86.ActiveCfg = Release|Any CPU
		{D9959D2F-2016-4355-BC22-061EA8A5E267}.Staging2|x86.Build.0 = Release|Any CPU
		{D9959D2F-2016-4355-BC22-061EA8A5E267}.test1|Any CPU.ActiveCfg = Release|Any CPU
		{D9959D2F-2016-4355-BC22-061EA8A5E267}.test1|Any CPU.Build.0 = Release|Any CPU
		{D9959D2F-2016-4355-BC22-061EA8A5E267}.test1|Mixed Platforms.ActiveCfg = Release|Any CPU
		{D9959D2F-2016-4355-BC22-061EA8A5E267}.test1|Mixed Platforms.Build.0 = Release|Any CPU
		{D9959D2F-2016-4355-BC22-061EA8A5E267}.test1|x64.ActiveCfg = Release|Any CPU
		{D9959D2F-2016-4355-BC22-061EA8A5E267}.test1|x64.Build.0 = Release|Any CPU
		{D9959D2F-2016-4355-BC22-061EA8A5E267}.test1|x86.ActiveCfg = Release|Any CPU
		{D9959D2F-2016-4355-BC22-061EA8A5E267}.test1|x86.Build.0 = Release|Any CPU
		{3E34D787-0C46-4501-A774-CCA5930AB20D}.Debug|Any CPU.ActiveCfg = Debug|Any CPU
		{3E34D787-0C46-4501-A774-CCA5930AB20D}.Debug|Any CPU.Build.0 = Debug|Any CPU
		{3E34D787-0C46-4501-A774-CCA5930AB20D}.Debug|Mixed Platforms.ActiveCfg = Debug|Any CPU
		{3E34D787-0C46-4501-A774-CCA5930AB20D}.Debug|Mixed Platforms.Build.0 = Debug|Any CPU
		{3E34D787-0C46-4501-A774-CCA5930AB20D}.Debug|x64.ActiveCfg = Debug|Any CPU
		{3E34D787-0C46-4501-A774-CCA5930AB20D}.Debug|x64.Build.0 = Debug|Any CPU
		{3E34D787-0C46-4501-A774-CCA5930AB20D}.Debug|x86.ActiveCfg = Debug|Any CPU
		{3E34D787-0C46-4501-A774-CCA5930AB20D}.Debug|x86.Build.0 = Debug|Any CPU
		{3E34D787-0C46-4501-A774-CCA5930AB20D}.Dev|Any CPU.ActiveCfg = Debug|Any CPU
		{3E34D787-0C46-4501-A774-CCA5930AB20D}.Dev|Any CPU.Build.0 = Debug|Any CPU
		{3E34D787-0C46-4501-A774-CCA5930AB20D}.Dev|Mixed Platforms.ActiveCfg = Debug|Any CPU
		{3E34D787-0C46-4501-A774-CCA5930AB20D}.Dev|Mixed Platforms.Build.0 = Debug|Any CPU
		{3E34D787-0C46-4501-A774-CCA5930AB20D}.Dev|x64.ActiveCfg = Debug|Any CPU
		{3E34D787-0C46-4501-A774-CCA5930AB20D}.Dev|x64.Build.0 = Debug|Any CPU
		{3E34D787-0C46-4501-A774-CCA5930AB20D}.Dev|x86.ActiveCfg = Debug|Any CPU
		{3E34D787-0C46-4501-A774-CCA5930AB20D}.Dev|x86.Build.0 = Debug|Any CPU
		{3E34D787-0C46-4501-A774-CCA5930AB20D}.Live|Any CPU.ActiveCfg = Release|Any CPU
		{3E34D787-0C46-4501-A774-CCA5930AB20D}.Live|Any CPU.Build.0 = Release|Any CPU
		{3E34D787-0C46-4501-A774-CCA5930AB20D}.Live|Mixed Platforms.ActiveCfg = Release|Any CPU
		{3E34D787-0C46-4501-A774-CCA5930AB20D}.Live|Mixed Platforms.Build.0 = Release|Any CPU
		{3E34D787-0C46-4501-A774-CCA5930AB20D}.Live|x64.ActiveCfg = Release|Any CPU
		{3E34D787-0C46-4501-A774-CCA5930AB20D}.Live|x64.Build.0 = Release|Any CPU
		{3E34D787-0C46-4501-A774-CCA5930AB20D}.Live|x86.ActiveCfg = Release|Any CPU
		{3E34D787-0C46-4501-A774-CCA5930AB20D}.Live|x86.Build.0 = Release|Any CPU
		{3E34D787-0C46-4501-A774-CCA5930AB20D}.Release|Any CPU.ActiveCfg = Release|Any CPU
		{3E34D787-0C46-4501-A774-CCA5930AB20D}.Release|Any CPU.Build.0 = Release|Any CPU
		{3E34D787-0C46-4501-A774-CCA5930AB20D}.Release|Mixed Platforms.ActiveCfg = Release|Any CPU
		{3E34D787-0C46-4501-A774-CCA5930AB20D}.Release|Mixed Platforms.Build.0 = Release|Any CPU
		{3E34D787-0C46-4501-A774-CCA5930AB20D}.Release|x64.ActiveCfg = Release|Any CPU
		{3E34D787-0C46-4501-A774-CCA5930AB20D}.Release|x64.Build.0 = Release|Any CPU
		{3E34D787-0C46-4501-A774-CCA5930AB20D}.Release|x86.ActiveCfg = Release|Any CPU
		{3E34D787-0C46-4501-A774-CCA5930AB20D}.Release|x86.Build.0 = Release|Any CPU
		{3E34D787-0C46-4501-A774-CCA5930AB20D}.Staging2|Any CPU.ActiveCfg = Release|Any CPU
		{3E34D787-0C46-4501-A774-CCA5930AB20D}.Staging2|Any CPU.Build.0 = Release|Any CPU
		{3E34D787-0C46-4501-A774-CCA5930AB20D}.Staging2|Mixed Platforms.ActiveCfg = Release|Any CPU
		{3E34D787-0C46-4501-A774-CCA5930AB20D}.Staging2|Mixed Platforms.Build.0 = Release|Any CPU
		{3E34D787-0C46-4501-A774-CCA5930AB20D}.Staging2|x64.ActiveCfg = Release|Any CPU
		{3E34D787-0C46-4501-A774-CCA5930AB20D}.Staging2|x64.Build.0 = Release|Any CPU
		{3E34D787-0C46-4501-A774-CCA5930AB20D}.Staging2|x86.ActiveCfg = Release|Any CPU
		{3E34D787-0C46-4501-A774-CCA5930AB20D}.Staging2|x86.Build.0 = Release|Any CPU
		{3E34D787-0C46-4501-A774-CCA5930AB20D}.test1|Any CPU.ActiveCfg = Release|Any CPU
		{3E34D787-0C46-4501-A774-CCA5930AB20D}.test1|Any CPU.Build.0 = Release|Any CPU
		{3E34D787-0C46-4501-A774-CCA5930AB20D}.test1|Mixed Platforms.ActiveCfg = Release|Any CPU
		{3E34D787-0C46-4501-A774-CCA5930AB20D}.test1|Mixed Platforms.Build.0 = Release|Any CPU
		{3E34D787-0C46-4501-A774-CCA5930AB20D}.test1|x64.ActiveCfg = Release|Any CPU
		{3E34D787-0C46-4501-A774-CCA5930AB20D}.test1|x64.Build.0 = Release|Any CPU
		{3E34D787-0C46-4501-A774-CCA5930AB20D}.test1|x86.ActiveCfg = Release|Any CPU
		{3E34D787-0C46-4501-A774-CCA5930AB20D}.test1|x86.Build.0 = Release|Any CPU
		{56AA880A-EFF0-440F-92F5-39F2C578CBDD}.Debug|Any CPU.ActiveCfg = Debug|Any CPU
		{56AA880A-EFF0-440F-92F5-39F2C578CBDD}.Debug|Any CPU.Build.0 = Debug|Any CPU
		{56AA880A-EFF0-440F-92F5-39F2C578CBDD}.Debug|Mixed Platforms.ActiveCfg = Debug|Any CPU
		{56AA880A-EFF0-440F-92F5-39F2C578CBDD}.Debug|Mixed Platforms.Build.0 = Debug|Any CPU
		{56AA880A-EFF0-440F-92F5-39F2C578CBDD}.Debug|x64.ActiveCfg = Debug|Any CPU
		{56AA880A-EFF0-440F-92F5-39F2C578CBDD}.Debug|x64.Build.0 = Debug|Any CPU
		{56AA880A-EFF0-440F-92F5-39F2C578CBDD}.Debug|x86.ActiveCfg = Debug|Any CPU
		{56AA880A-EFF0-440F-92F5-39F2C578CBDD}.Debug|x86.Build.0 = Debug|Any CPU
		{56AA880A-EFF0-440F-92F5-39F2C578CBDD}.Dev|Any CPU.ActiveCfg = Debug|Any CPU
		{56AA880A-EFF0-440F-92F5-39F2C578CBDD}.Dev|Any CPU.Build.0 = Debug|Any CPU
		{56AA880A-EFF0-440F-92F5-39F2C578CBDD}.Dev|Mixed Platforms.ActiveCfg = Debug|Any CPU
		{56AA880A-EFF0-440F-92F5-39F2C578CBDD}.Dev|Mixed Platforms.Build.0 = Debug|Any CPU
		{56AA880A-EFF0-440F-92F5-39F2C578CBDD}.Dev|x64.ActiveCfg = Debug|Any CPU
		{56AA880A-EFF0-440F-92F5-39F2C578CBDD}.Dev|x64.Build.0 = Debug|Any CPU
		{56AA880A-EFF0-440F-92F5-39F2C578CBDD}.Dev|x86.ActiveCfg = Debug|Any CPU
		{56AA880A-EFF0-440F-92F5-39F2C578CBDD}.Dev|x86.Build.0 = Debug|Any CPU
		{56AA880A-EFF0-440F-92F5-39F2C578CBDD}.Live|Any CPU.ActiveCfg = Release|Any CPU
		{56AA880A-EFF0-440F-92F5-39F2C578CBDD}.Live|Any CPU.Build.0 = Release|Any CPU
		{56AA880A-EFF0-440F-92F5-39F2C578CBDD}.Live|Mixed Platforms.ActiveCfg = Release|Any CPU
		{56AA880A-EFF0-440F-92F5-39F2C578CBDD}.Live|Mixed Platforms.Build.0 = Release|Any CPU
		{56AA880A-EFF0-440F-92F5-39F2C578CBDD}.Live|x64.ActiveCfg = Release|Any CPU
		{56AA880A-EFF0-440F-92F5-39F2C578CBDD}.Live|x64.Build.0 = Release|Any CPU
		{56AA880A-EFF0-440F-92F5-39F2C578CBDD}.Live|x86.ActiveCfg = Release|Any CPU
		{56AA880A-EFF0-440F-92F5-39F2C578CBDD}.Live|x86.Build.0 = Release|Any CPU
		{56AA880A-EFF0-440F-92F5-39F2C578CBDD}.Release|Any CPU.ActiveCfg = Release|Any CPU
		{56AA880A-EFF0-440F-92F5-39F2C578CBDD}.Release|Any CPU.Build.0 = Release|Any CPU
		{56AA880A-EFF0-440F-92F5-39F2C578CBDD}.Release|Mixed Platforms.ActiveCfg = Release|Any CPU
		{56AA880A-EFF0-440F-92F5-39F2C578CBDD}.Release|Mixed Platforms.Build.0 = Release|Any CPU
		{56AA880A-EFF0-440F-92F5-39F2C578CBDD}.Release|x64.ActiveCfg = Release|Any CPU
		{56AA880A-EFF0-440F-92F5-39F2C578CBDD}.Release|x64.Build.0 = Release|Any CPU
		{56AA880A-EFF0-440F-92F5-39F2C578CBDD}.Release|x86.ActiveCfg = Release|Any CPU
		{56AA880A-EFF0-440F-92F5-39F2C578CBDD}.Release|x86.Build.0 = Release|Any CPU
		{56AA880A-EFF0-440F-92F5-39F2C578CBDD}.Staging2|Any CPU.ActiveCfg = Release|Any CPU
		{56AA880A-EFF0-440F-92F5-39F2C578CBDD}.Staging2|Any CPU.Build.0 = Release|Any CPU
		{56AA880A-EFF0-440F-92F5-39F2C578CBDD}.Staging2|Mixed Platforms.ActiveCfg = Release|Any CPU
		{56AA880A-EFF0-440F-92F5-39F2C578CBDD}.Staging2|Mixed Platforms.Build.0 = Release|Any CPU
		{56AA880A-EFF0-440F-92F5-39F2C578CBDD}.Staging2|x64.ActiveCfg = Release|Any CPU
		{56AA880A-EFF0-440F-92F5-39F2C578CBDD}.Staging2|x64.Build.0 = Release|Any CPU
		{56AA880A-EFF0-440F-92F5-39F2C578CBDD}.Staging2|x86.ActiveCfg = Release|Any CPU
		{56AA880A-EFF0-440F-92F5-39F2C578CBDD}.Staging2|x86.Build.0 = Release|Any CPU
		{56AA880A-EFF0-440F-92F5-39F2C578CBDD}.test1|Any CPU.ActiveCfg = Release|Any CPU
		{56AA880A-EFF0-440F-92F5-39F2C578CBDD}.test1|Any CPU.Build.0 = Release|Any CPU
		{56AA880A-EFF0-440F-92F5-39F2C578CBDD}.test1|Mixed Platforms.ActiveCfg = Release|Any CPU
		{56AA880A-EFF0-440F-92F5-39F2C578CBDD}.test1|Mixed Platforms.Build.0 = Release|Any CPU
		{56AA880A-EFF0-440F-92F5-39F2C578CBDD}.test1|x64.ActiveCfg = Release|Any CPU
		{56AA880A-EFF0-440F-92F5-39F2C578CBDD}.test1|x64.Build.0 = Release|Any CPU
		{56AA880A-EFF0-440F-92F5-39F2C578CBDD}.test1|x86.ActiveCfg = Release|Any CPU
		{56AA880A-EFF0-440F-92F5-39F2C578CBDD}.test1|x86.Build.0 = Release|Any CPU
		{3ECF6405-90D5-4C8B-ABCC-C0BAEDFDEEF9}.Debug|Any CPU.ActiveCfg = Debug|Any CPU
		{3ECF6405-90D5-4C8B-ABCC-C0BAEDFDEEF9}.Debug|Any CPU.Build.0 = Debug|Any CPU
		{3ECF6405-90D5-4C8B-ABCC-C0BAEDFDEEF9}.Debug|Mixed Platforms.ActiveCfg = Debug|Any CPU
		{3ECF6405-90D5-4C8B-ABCC-C0BAEDFDEEF9}.Debug|Mixed Platforms.Build.0 = Debug|Any CPU
		{3ECF6405-90D5-4C8B-ABCC-C0BAEDFDEEF9}.Debug|x64.ActiveCfg = Debug|Any CPU
		{3ECF6405-90D5-4C8B-ABCC-C0BAEDFDEEF9}.Debug|x64.Build.0 = Debug|Any CPU
		{3ECF6405-90D5-4C8B-ABCC-C0BAEDFDEEF9}.Debug|x86.ActiveCfg = Debug|Any CPU
		{3ECF6405-90D5-4C8B-ABCC-C0BAEDFDEEF9}.Debug|x86.Build.0 = Debug|Any CPU
		{3ECF6405-90D5-4C8B-ABCC-C0BAEDFDEEF9}.Dev|Any CPU.ActiveCfg = Debug|Any CPU
		{3ECF6405-90D5-4C8B-ABCC-C0BAEDFDEEF9}.Dev|Any CPU.Build.0 = Debug|Any CPU
		{3ECF6405-90D5-4C8B-ABCC-C0BAEDFDEEF9}.Dev|Mixed Platforms.ActiveCfg = Debug|Any CPU
		{3ECF6405-90D5-4C8B-ABCC-C0BAEDFDEEF9}.Dev|Mixed Platforms.Build.0 = Debug|Any CPU
		{3ECF6405-90D5-4C8B-ABCC-C0BAEDFDEEF9}.Dev|x64.ActiveCfg = Debug|Any CPU
		{3ECF6405-90D5-4C8B-ABCC-C0BAEDFDEEF9}.Dev|x64.Build.0 = Debug|Any CPU
		{3ECF6405-90D5-4C8B-ABCC-C0BAEDFDEEF9}.Dev|x86.ActiveCfg = Debug|Any CPU
		{3ECF6405-90D5-4C8B-ABCC-C0BAEDFDEEF9}.Dev|x86.Build.0 = Debug|Any CPU
		{3ECF6405-90D5-4C8B-ABCC-C0BAEDFDEEF9}.Live|Any CPU.ActiveCfg = Release|Any CPU
		{3ECF6405-90D5-4C8B-ABCC-C0BAEDFDEEF9}.Live|Any CPU.Build.0 = Release|Any CPU
		{3ECF6405-90D5-4C8B-ABCC-C0BAEDFDEEF9}.Live|Mixed Platforms.ActiveCfg = Release|Any CPU
		{3ECF6405-90D5-4C8B-ABCC-C0BAEDFDEEF9}.Live|Mixed Platforms.Build.0 = Release|Any CPU
		{3ECF6405-90D5-4C8B-ABCC-C0BAEDFDEEF9}.Live|x64.ActiveCfg = Release|Any CPU
		{3ECF6405-90D5-4C8B-ABCC-C0BAEDFDEEF9}.Live|x64.Build.0 = Release|Any CPU
		{3ECF6405-90D5-4C8B-ABCC-C0BAEDFDEEF9}.Live|x86.ActiveCfg = Release|Any CPU
		{3ECF6405-90D5-4C8B-ABCC-C0BAEDFDEEF9}.Live|x86.Build.0 = Release|Any CPU
		{3ECF6405-90D5-4C8B-ABCC-C0BAEDFDEEF9}.Release|Any CPU.ActiveCfg = Release|Any CPU
		{3ECF6405-90D5-4C8B-ABCC-C0BAEDFDEEF9}.Release|Any CPU.Build.0 = Release|Any CPU
		{3ECF6405-90D5-4C8B-ABCC-C0BAEDFDEEF9}.Release|Mixed Platforms.ActiveCfg = Release|Any CPU
		{3ECF6405-90D5-4C8B-ABCC-C0BAEDFDEEF9}.Release|Mixed Platforms.Build.0 = Release|Any CPU
		{3ECF6405-90D5-4C8B-ABCC-C0BAEDFDEEF9}.Release|x64.ActiveCfg = Release|Any CPU
		{3ECF6405-90D5-4C8B-ABCC-C0BAEDFDEEF9}.Release|x64.Build.0 = Release|Any CPU
		{3ECF6405-90D5-4C8B-ABCC-C0BAEDFDEEF9}.Release|x86.ActiveCfg = Release|Any CPU
		{3ECF6405-90D5-4C8B-ABCC-C0BAEDFDEEF9}.Release|x86.Build.0 = Release|Any CPU
		{3ECF6405-90D5-4C8B-ABCC-C0BAEDFDEEF9}.Staging2|Any CPU.ActiveCfg = Release|Any CPU
		{3ECF6405-90D5-4C8B-ABCC-C0BAEDFDEEF9}.Staging2|Any CPU.Build.0 = Release|Any CPU
		{3ECF6405-90D5-4C8B-ABCC-C0BAEDFDEEF9}.Staging2|Mixed Platforms.ActiveCfg = Release|Any CPU
		{3ECF6405-90D5-4C8B-ABCC-C0BAEDFDEEF9}.Staging2|Mixed Platforms.Build.0 = Release|Any CPU
		{3ECF6405-90D5-4C8B-ABCC-C0BAEDFDEEF9}.Staging2|x64.ActiveCfg = Release|Any CPU
		{3ECF6405-90D5-4C8B-ABCC-C0BAEDFDEEF9}.Staging2|x64.Build.0 = Release|Any CPU
		{3ECF6405-90D5-4C8B-ABCC-C0BAEDFDEEF9}.Staging2|x86.ActiveCfg = Release|Any CPU
		{3ECF6405-90D5-4C8B-ABCC-C0BAEDFDEEF9}.Staging2|x86.Build.0 = Release|Any CPU
		{3ECF6405-90D5-4C8B-ABCC-C0BAEDFDEEF9}.test1|Any CPU.ActiveCfg = Release|Any CPU
		{3ECF6405-90D5-4C8B-ABCC-C0BAEDFDEEF9}.test1|Any CPU.Build.0 = Release|Any CPU
		{3ECF6405-90D5-4C8B-ABCC-C0BAEDFDEEF9}.test1|Mixed Platforms.ActiveCfg = Release|Any CPU
		{3ECF6405-90D5-4C8B-ABCC-C0BAEDFDEEF9}.test1|Mixed Platforms.Build.0 = Release|Any CPU
		{3ECF6405-90D5-4C8B-ABCC-C0BAEDFDEEF9}.test1|x64.ActiveCfg = Release|Any CPU
		{3ECF6405-90D5-4C8B-ABCC-C0BAEDFDEEF9}.test1|x64.Build.0 = Release|Any CPU
		{3ECF6405-90D5-4C8B-ABCC-C0BAEDFDEEF9}.test1|x86.ActiveCfg = Release|Any CPU
		{3ECF6405-90D5-4C8B-ABCC-C0BAEDFDEEF9}.test1|x86.Build.0 = Release|Any CPU
		{408FBA0E-E649-493E-B4D4-8A5328265450}.Debug|Any CPU.ActiveCfg = Debug|Any CPU
		{408FBA0E-E649-493E-B4D4-8A5328265450}.Debug|Any CPU.Build.0 = Debug|Any CPU
		{408FBA0E-E649-493E-B4D4-8A5328265450}.Debug|Mixed Platforms.ActiveCfg = Debug|Any CPU
		{408FBA0E-E649-493E-B4D4-8A5328265450}.Debug|Mixed Platforms.Build.0 = Debug|Any CPU
		{408FBA0E-E649-493E-B4D4-8A5328265450}.Debug|x64.ActiveCfg = Debug|Any CPU
		{408FBA0E-E649-493E-B4D4-8A5328265450}.Debug|x64.Build.0 = Debug|Any CPU
		{408FBA0E-E649-493E-B4D4-8A5328265450}.Debug|x86.ActiveCfg = Debug|Any CPU
		{408FBA0E-E649-493E-B4D4-8A5328265450}.Debug|x86.Build.0 = Debug|Any CPU
		{408FBA0E-E649-493E-B4D4-8A5328265450}.Dev|Any CPU.ActiveCfg = Debug|Any CPU
		{408FBA0E-E649-493E-B4D4-8A5328265450}.Dev|Any CPU.Build.0 = Debug|Any CPU
		{408FBA0E-E649-493E-B4D4-8A5328265450}.Dev|Mixed Platforms.ActiveCfg = Debug|Any CPU
		{408FBA0E-E649-493E-B4D4-8A5328265450}.Dev|Mixed Platforms.Build.0 = Debug|Any CPU
		{408FBA0E-E649-493E-B4D4-8A5328265450}.Dev|x64.ActiveCfg = Debug|Any CPU
		{408FBA0E-E649-493E-B4D4-8A5328265450}.Dev|x64.Build.0 = Debug|Any CPU
		{408FBA0E-E649-493E-B4D4-8A5328265450}.Dev|x86.ActiveCfg = Debug|Any CPU
		{408FBA0E-E649-493E-B4D4-8A5328265450}.Dev|x86.Build.0 = Debug|Any CPU
		{408FBA0E-E649-493E-B4D4-8A5328265450}.Live|Any CPU.ActiveCfg = Release|Any CPU
		{408FBA0E-E649-493E-B4D4-8A5328265450}.Live|Any CPU.Build.0 = Release|Any CPU
		{408FBA0E-E649-493E-B4D4-8A5328265450}.Live|Mixed Platforms.ActiveCfg = Release|Any CPU
		{408FBA0E-E649-493E-B4D4-8A5328265450}.Live|Mixed Platforms.Build.0 = Release|Any CPU
		{408FBA0E-E649-493E-B4D4-8A5328265450}.Live|x64.ActiveCfg = Release|Any CPU
		{408FBA0E-E649-493E-B4D4-8A5328265450}.Live|x64.Build.0 = Release|Any CPU
		{408FBA0E-E649-493E-B4D4-8A5328265450}.Live|x86.ActiveCfg = Release|Any CPU
		{408FBA0E-E649-493E-B4D4-8A5328265450}.Live|x86.Build.0 = Release|Any CPU
		{408FBA0E-E649-493E-B4D4-8A5328265450}.Release|Any CPU.ActiveCfg = Release|Any CPU
		{408FBA0E-E649-493E-B4D4-8A5328265450}.Release|Any CPU.Build.0 = Release|Any CPU
		{408FBA0E-E649-493E-B4D4-8A5328265450}.Release|Mixed Platforms.ActiveCfg = Release|Any CPU
		{408FBA0E-E649-493E-B4D4-8A5328265450}.Release|Mixed Platforms.Build.0 = Release|Any CPU
		{408FBA0E-E649-493E-B4D4-8A5328265450}.Release|x64.ActiveCfg = Release|Any CPU
		{408FBA0E-E649-493E-B4D4-8A5328265450}.Release|x64.Build.0 = Release|Any CPU
		{408FBA0E-E649-493E-B4D4-8A5328265450}.Release|x86.ActiveCfg = Release|Any CPU
		{408FBA0E-E649-493E-B4D4-8A5328265450}.Release|x86.Build.0 = Release|Any CPU
		{408FBA0E-E649-493E-B4D4-8A5328265450}.Staging2|Any CPU.ActiveCfg = Release|Any CPU
		{408FBA0E-E649-493E-B4D4-8A5328265450}.Staging2|Any CPU.Build.0 = Release|Any CPU
		{408FBA0E-E649-493E-B4D4-8A5328265450}.Staging2|Mixed Platforms.ActiveCfg = Release|Any CPU
		{408FBA0E-E649-493E-B4D4-8A5328265450}.Staging2|Mixed Platforms.Build.0 = Release|Any CPU
		{408FBA0E-E649-493E-B4D4-8A5328265450}.Staging2|x64.ActiveCfg = Release|Any CPU
		{408FBA0E-E649-493E-B4D4-8A5328265450}.Staging2|x64.Build.0 = Release|Any CPU
		{408FBA0E-E649-493E-B4D4-8A5328265450}.Staging2|x86.ActiveCfg = Release|Any CPU
		{408FBA0E-E649-493E-B4D4-8A5328265450}.Staging2|x86.Build.0 = Release|Any CPU
		{408FBA0E-E649-493E-B4D4-8A5328265450}.test1|Any CPU.ActiveCfg = Release|Any CPU
		{408FBA0E-E649-493E-B4D4-8A5328265450}.test1|Any CPU.Build.0 = Release|Any CPU
		{408FBA0E-E649-493E-B4D4-8A5328265450}.test1|Mixed Platforms.ActiveCfg = Release|Any CPU
		{408FBA0E-E649-493E-B4D4-8A5328265450}.test1|Mixed Platforms.Build.0 = Release|Any CPU
		{408FBA0E-E649-493E-B4D4-8A5328265450}.test1|x64.ActiveCfg = Release|Any CPU
		{408FBA0E-E649-493E-B4D4-8A5328265450}.test1|x64.Build.0 = Release|Any CPU
		{408FBA0E-E649-493E-B4D4-8A5328265450}.test1|x86.ActiveCfg = Release|Any CPU
		{408FBA0E-E649-493E-B4D4-8A5328265450}.test1|x86.Build.0 = Release|Any CPU
		{0520364A-A9B3-4AD6-B125-D935DCCAF731}.Debug|Any CPU.ActiveCfg = Debug|Any CPU
		{0520364A-A9B3-4AD6-B125-D935DCCAF731}.Debug|Any CPU.Build.0 = Debug|Any CPU
		{0520364A-A9B3-4AD6-B125-D935DCCAF731}.Debug|Mixed Platforms.ActiveCfg = Debug|Any CPU
		{0520364A-A9B3-4AD6-B125-D935DCCAF731}.Debug|Mixed Platforms.Build.0 = Debug|Any CPU
		{0520364A-A9B3-4AD6-B125-D935DCCAF731}.Debug|x64.ActiveCfg = Debug|Any CPU
		{0520364A-A9B3-4AD6-B125-D935DCCAF731}.Debug|x64.Build.0 = Debug|Any CPU
		{0520364A-A9B3-4AD6-B125-D935DCCAF731}.Debug|x86.ActiveCfg = Debug|Any CPU
		{0520364A-A9B3-4AD6-B125-D935DCCAF731}.Debug|x86.Build.0 = Debug|Any CPU
		{0520364A-A9B3-4AD6-B125-D935DCCAF731}.Dev|Any CPU.ActiveCfg = Debug|Any CPU
		{0520364A-A9B3-4AD6-B125-D935DCCAF731}.Dev|Any CPU.Build.0 = Debug|Any CPU
		{0520364A-A9B3-4AD6-B125-D935DCCAF731}.Dev|Mixed Platforms.ActiveCfg = Debug|Any CPU
		{0520364A-A9B3-4AD6-B125-D935DCCAF731}.Dev|Mixed Platforms.Build.0 = Debug|Any CPU
		{0520364A-A9B3-4AD6-B125-D935DCCAF731}.Dev|x64.ActiveCfg = Debug|Any CPU
		{0520364A-A9B3-4AD6-B125-D935DCCAF731}.Dev|x64.Build.0 = Debug|Any CPU
		{0520364A-A9B3-4AD6-B125-D935DCCAF731}.Dev|x86.ActiveCfg = Debug|Any CPU
		{0520364A-A9B3-4AD6-B125-D935DCCAF731}.Dev|x86.Build.0 = Debug|Any CPU
		{0520364A-A9B3-4AD6-B125-D935DCCAF731}.Live|Any CPU.ActiveCfg = Release|Any CPU
		{0520364A-A9B3-4AD6-B125-D935DCCAF731}.Live|Any CPU.Build.0 = Release|Any CPU
		{0520364A-A9B3-4AD6-B125-D935DCCAF731}.Live|Mixed Platforms.ActiveCfg = Release|Any CPU
		{0520364A-A9B3-4AD6-B125-D935DCCAF731}.Live|Mixed Platforms.Build.0 = Release|Any CPU
		{0520364A-A9B3-4AD6-B125-D935DCCAF731}.Live|x64.ActiveCfg = Release|Any CPU
		{0520364A-A9B3-4AD6-B125-D935DCCAF731}.Live|x64.Build.0 = Release|Any CPU
		{0520364A-A9B3-4AD6-B125-D935DCCAF731}.Live|x86.ActiveCfg = Release|Any CPU
		{0520364A-A9B3-4AD6-B125-D935DCCAF731}.Live|x86.Build.0 = Release|Any CPU
		{0520364A-A9B3-4AD6-B125-D935DCCAF731}.Release|Any CPU.ActiveCfg = Release|Any CPU
		{0520364A-A9B3-4AD6-B125-D935DCCAF731}.Release|Any CPU.Build.0 = Release|Any CPU
		{0520364A-A9B3-4AD6-B125-D935DCCAF731}.Release|Mixed Platforms.ActiveCfg = Release|Any CPU
		{0520364A-A9B3-4AD6-B125-D935DCCAF731}.Release|Mixed Platforms.Build.0 = Release|Any CPU
		{0520364A-A9B3-4AD6-B125-D935DCCAF731}.Release|x64.ActiveCfg = Release|Any CPU
		{0520364A-A9B3-4AD6-B125-D935DCCAF731}.Release|x64.Build.0 = Release|Any CPU
		{0520364A-A9B3-4AD6-B125-D935DCCAF731}.Release|x86.ActiveCfg = Release|Any CPU
		{0520364A-A9B3-4AD6-B125-D935DCCAF731}.Release|x86.Build.0 = Release|Any CPU
		{0520364A-A9B3-4AD6-B125-D935DCCAF731}.Staging2|Any CPU.ActiveCfg = Release|Any CPU
		{0520364A-A9B3-4AD6-B125-D935DCCAF731}.Staging2|Any CPU.Build.0 = Release|Any CPU
		{0520364A-A9B3-4AD6-B125-D935DCCAF731}.Staging2|Mixed Platforms.ActiveCfg = Release|Any CPU
		{0520364A-A9B3-4AD6-B125-D935DCCAF731}.Staging2|Mixed Platforms.Build.0 = Release|Any CPU
		{0520364A-A9B3-4AD6-B125-D935DCCAF731}.Staging2|x64.ActiveCfg = Release|Any CPU
		{0520364A-A9B3-4AD6-B125-D935DCCAF731}.Staging2|x64.Build.0 = Release|Any CPU
		{0520364A-A9B3-4AD6-B125-D935DCCAF731}.Staging2|x86.ActiveCfg = Release|Any CPU
		{0520364A-A9B3-4AD6-B125-D935DCCAF731}.Staging2|x86.Build.0 = Release|Any CPU
		{0520364A-A9B3-4AD6-B125-D935DCCAF731}.test1|Any CPU.ActiveCfg = Release|Any CPU
		{0520364A-A9B3-4AD6-B125-D935DCCAF731}.test1|Any CPU.Build.0 = Release|Any CPU
		{0520364A-A9B3-4AD6-B125-D935DCCAF731}.test1|Mixed Platforms.ActiveCfg = Release|Any CPU
		{0520364A-A9B3-4AD6-B125-D935DCCAF731}.test1|Mixed Platforms.Build.0 = Release|Any CPU
		{0520364A-A9B3-4AD6-B125-D935DCCAF731}.test1|x64.ActiveCfg = Release|Any CPU
		{0520364A-A9B3-4AD6-B125-D935DCCAF731}.test1|x64.Build.0 = Release|Any CPU
		{0520364A-A9B3-4AD6-B125-D935DCCAF731}.test1|x86.ActiveCfg = Release|Any CPU
		{0520364A-A9B3-4AD6-B125-D935DCCAF731}.test1|x86.Build.0 = Release|Any CPU
		{10BA737F-F9E7-4EED-B096-BBC47CE14338}.Debug|Any CPU.ActiveCfg = Debug|Any CPU
		{10BA737F-F9E7-4EED-B096-BBC47CE14338}.Debug|Any CPU.Build.0 = Debug|Any CPU
		{10BA737F-F9E7-4EED-B096-BBC47CE14338}.Debug|Mixed Platforms.ActiveCfg = Debug|Any CPU
		{10BA737F-F9E7-4EED-B096-BBC47CE14338}.Debug|Mixed Platforms.Build.0 = Debug|Any CPU
		{10BA737F-F9E7-4EED-B096-BBC47CE14338}.Debug|x64.ActiveCfg = Debug|Any CPU
		{10BA737F-F9E7-4EED-B096-BBC47CE14338}.Debug|x64.Build.0 = Debug|Any CPU
		{10BA737F-F9E7-4EED-B096-BBC47CE14338}.Debug|x86.ActiveCfg = Debug|Any CPU
		{10BA737F-F9E7-4EED-B096-BBC47CE14338}.Debug|x86.Build.0 = Debug|Any CPU
		{10BA737F-F9E7-4EED-B096-BBC47CE14338}.Dev|Any CPU.ActiveCfg = Debug|Any CPU
		{10BA737F-F9E7-4EED-B096-BBC47CE14338}.Dev|Any CPU.Build.0 = Debug|Any CPU
		{10BA737F-F9E7-4EED-B096-BBC47CE14338}.Dev|Mixed Platforms.ActiveCfg = Debug|Any CPU
		{10BA737F-F9E7-4EED-B096-BBC47CE14338}.Dev|Mixed Platforms.Build.0 = Debug|Any CPU
		{10BA737F-F9E7-4EED-B096-BBC47CE14338}.Dev|x64.ActiveCfg = Debug|Any CPU
		{10BA737F-F9E7-4EED-B096-BBC47CE14338}.Dev|x64.Build.0 = Debug|Any CPU
		{10BA737F-F9E7-4EED-B096-BBC47CE14338}.Dev|x86.ActiveCfg = Debug|Any CPU
		{10BA737F-F9E7-4EED-B096-BBC47CE14338}.Dev|x86.Build.0 = Debug|Any CPU
		{10BA737F-F9E7-4EED-B096-BBC47CE14338}.Live|Any CPU.ActiveCfg = Release|Any CPU
		{10BA737F-F9E7-4EED-B096-BBC47CE14338}.Live|Any CPU.Build.0 = Release|Any CPU
		{10BA737F-F9E7-4EED-B096-BBC47CE14338}.Live|Mixed Platforms.ActiveCfg = Release|Any CPU
		{10BA737F-F9E7-4EED-B096-BBC47CE14338}.Live|Mixed Platforms.Build.0 = Release|Any CPU
		{10BA737F-F9E7-4EED-B096-BBC47CE14338}.Live|x64.ActiveCfg = Release|Any CPU
		{10BA737F-F9E7-4EED-B096-BBC47CE14338}.Live|x64.Build.0 = Release|Any CPU
		{10BA737F-F9E7-4EED-B096-BBC47CE14338}.Live|x86.ActiveCfg = Release|Any CPU
		{10BA737F-F9E7-4EED-B096-BBC47CE14338}.Live|x86.Build.0 = Release|Any CPU
		{10BA737F-F9E7-4EED-B096-BBC47CE14338}.Release|Any CPU.ActiveCfg = Release|Any CPU
		{10BA737F-F9E7-4EED-B096-BBC47CE14338}.Release|Any CPU.Build.0 = Release|Any CPU
		{10BA737F-F9E7-4EED-B096-BBC47CE14338}.Release|Mixed Platforms.ActiveCfg = Release|Any CPU
		{10BA737F-F9E7-4EED-B096-BBC47CE14338}.Release|Mixed Platforms.Build.0 = Release|Any CPU
		{10BA737F-F9E7-4EED-B096-BBC47CE14338}.Release|x64.ActiveCfg = Release|Any CPU
		{10BA737F-F9E7-4EED-B096-BBC47CE14338}.Release|x64.Build.0 = Release|Any CPU
		{10BA737F-F9E7-4EED-B096-BBC47CE14338}.Release|x86.ActiveCfg = Release|Any CPU
		{10BA737F-F9E7-4EED-B096-BBC47CE14338}.Release|x86.Build.0 = Release|Any CPU
		{10BA737F-F9E7-4EED-B096-BBC47CE14338}.Staging2|Any CPU.ActiveCfg = Release|Any CPU
		{10BA737F-F9E7-4EED-B096-BBC47CE14338}.Staging2|Any CPU.Build.0 = Release|Any CPU
		{10BA737F-F9E7-4EED-B096-BBC47CE14338}.Staging2|Mixed Platforms.ActiveCfg = Release|Any CPU
		{10BA737F-F9E7-4EED-B096-BBC47CE14338}.Staging2|Mixed Platforms.Build.0 = Release|Any CPU
		{10BA737F-F9E7-4EED-B096-BBC47CE14338}.Staging2|x64.ActiveCfg = Release|Any CPU
		{10BA737F-F9E7-4EED-B096-BBC47CE14338}.Staging2|x64.Build.0 = Release|Any CPU
		{10BA737F-F9E7-4EED-B096-BBC47CE14338}.Staging2|x86.ActiveCfg = Release|Any CPU
		{10BA737F-F9E7-4EED-B096-BBC47CE14338}.Staging2|x86.Build.0 = Release|Any CPU
		{10BA737F-F9E7-4EED-B096-BBC47CE14338}.test1|Any CPU.ActiveCfg = Release|Any CPU
		{10BA737F-F9E7-4EED-B096-BBC47CE14338}.test1|Any CPU.Build.0 = Release|Any CPU
		{10BA737F-F9E7-4EED-B096-BBC47CE14338}.test1|Mixed Platforms.ActiveCfg = Release|Any CPU
		{10BA737F-F9E7-4EED-B096-BBC47CE14338}.test1|Mixed Platforms.Build.0 = Release|Any CPU
		{10BA737F-F9E7-4EED-B096-BBC47CE14338}.test1|x64.ActiveCfg = Release|Any CPU
		{10BA737F-F9E7-4EED-B096-BBC47CE14338}.test1|x64.Build.0 = Release|Any CPU
		{10BA737F-F9E7-4EED-B096-BBC47CE14338}.test1|x86.ActiveCfg = Release|Any CPU
		{10BA737F-F9E7-4EED-B096-BBC47CE14338}.test1|x86.Build.0 = Release|Any CPU
		{20B6E3C9-17FD-44C4-9980-CAE413E6C55D}.Debug|Any CPU.ActiveCfg = Debug|Any CPU
		{20B6E3C9-17FD-44C4-9980-CAE413E6C55D}.Debug|Any CPU.Build.0 = Debug|Any CPU
		{20B6E3C9-17FD-44C4-9980-CAE413E6C55D}.Debug|Mixed Platforms.ActiveCfg = Debug|Any CPU
		{20B6E3C9-17FD-44C4-9980-CAE413E6C55D}.Debug|Mixed Platforms.Build.0 = Debug|Any CPU
		{20B6E3C9-17FD-44C4-9980-CAE413E6C55D}.Debug|x64.ActiveCfg = Debug|Any CPU
		{20B6E3C9-17FD-44C4-9980-CAE413E6C55D}.Debug|x64.Build.0 = Debug|Any CPU
		{20B6E3C9-17FD-44C4-9980-CAE413E6C55D}.Debug|x86.ActiveCfg = Debug|Any CPU
		{20B6E3C9-17FD-44C4-9980-CAE413E6C55D}.Debug|x86.Build.0 = Debug|Any CPU
		{20B6E3C9-17FD-44C4-9980-CAE413E6C55D}.Dev|Any CPU.ActiveCfg = Debug|Any CPU
		{20B6E3C9-17FD-44C4-9980-CAE413E6C55D}.Dev|Any CPU.Build.0 = Debug|Any CPU
		{20B6E3C9-17FD-44C4-9980-CAE413E6C55D}.Dev|Mixed Platforms.ActiveCfg = Debug|Any CPU
		{20B6E3C9-17FD-44C4-9980-CAE413E6C55D}.Dev|Mixed Platforms.Build.0 = Debug|Any CPU
		{20B6E3C9-17FD-44C4-9980-CAE413E6C55D}.Dev|x64.ActiveCfg = Debug|Any CPU
		{20B6E3C9-17FD-44C4-9980-CAE413E6C55D}.Dev|x64.Build.0 = Debug|Any CPU
		{20B6E3C9-17FD-44C4-9980-CAE413E6C55D}.Dev|x86.ActiveCfg = Debug|Any CPU
		{20B6E3C9-17FD-44C4-9980-CAE413E6C55D}.Dev|x86.Build.0 = Debug|Any CPU
		{20B6E3C9-17FD-44C4-9980-CAE413E6C55D}.Live|Any CPU.ActiveCfg = Release|Any CPU
		{20B6E3C9-17FD-44C4-9980-CAE413E6C55D}.Live|Any CPU.Build.0 = Release|Any CPU
		{20B6E3C9-17FD-44C4-9980-CAE413E6C55D}.Live|Mixed Platforms.ActiveCfg = Release|Any CPU
		{20B6E3C9-17FD-44C4-9980-CAE413E6C55D}.Live|Mixed Platforms.Build.0 = Release|Any CPU
		{20B6E3C9-17FD-44C4-9980-CAE413E6C55D}.Live|x64.ActiveCfg = Release|Any CPU
		{20B6E3C9-17FD-44C4-9980-CAE413E6C55D}.Live|x64.Build.0 = Release|Any CPU
		{20B6E3C9-17FD-44C4-9980-CAE413E6C55D}.Live|x86.ActiveCfg = Release|Any CPU
		{20B6E3C9-17FD-44C4-9980-CAE413E6C55D}.Live|x86.Build.0 = Release|Any CPU
		{20B6E3C9-17FD-44C4-9980-CAE413E6C55D}.Release|Any CPU.ActiveCfg = Release|Any CPU
		{20B6E3C9-17FD-44C4-9980-CAE413E6C55D}.Release|Any CPU.Build.0 = Release|Any CPU
		{20B6E3C9-17FD-44C4-9980-CAE413E6C55D}.Release|Mixed Platforms.ActiveCfg = Release|Any CPU
		{20B6E3C9-17FD-44C4-9980-CAE413E6C55D}.Release|Mixed Platforms.Build.0 = Release|Any CPU
		{20B6E3C9-17FD-44C4-9980-CAE413E6C55D}.Release|x64.ActiveCfg = Release|Any CPU
		{20B6E3C9-17FD-44C4-9980-CAE413E6C55D}.Release|x64.Build.0 = Release|Any CPU
		{20B6E3C9-17FD-44C4-9980-CAE413E6C55D}.Release|x86.ActiveCfg = Release|Any CPU
		{20B6E3C9-17FD-44C4-9980-CAE413E6C55D}.Release|x86.Build.0 = Release|Any CPU
		{20B6E3C9-17FD-44C4-9980-CAE413E6C55D}.Staging2|Any CPU.ActiveCfg = Release|Any CPU
		{20B6E3C9-17FD-44C4-9980-CAE413E6C55D}.Staging2|Any CPU.Build.0 = Release|Any CPU
		{20B6E3C9-17FD-44C4-9980-CAE413E6C55D}.Staging2|Mixed Platforms.ActiveCfg = Release|Any CPU
		{20B6E3C9-17FD-44C4-9980-CAE413E6C55D}.Staging2|Mixed Platforms.Build.0 = Release|Any CPU
		{20B6E3C9-17FD-44C4-9980-CAE413E6C55D}.Staging2|x64.ActiveCfg = Release|Any CPU
		{20B6E3C9-17FD-44C4-9980-CAE413E6C55D}.Staging2|x64.Build.0 = Release|Any CPU
		{20B6E3C9-17FD-44C4-9980-CAE413E6C55D}.Staging2|x86.ActiveCfg = Release|Any CPU
		{20B6E3C9-17FD-44C4-9980-CAE413E6C55D}.Staging2|x86.Build.0 = Release|Any CPU
		{20B6E3C9-17FD-44C4-9980-CAE413E6C55D}.test1|Any CPU.ActiveCfg = Release|Any CPU
		{20B6E3C9-17FD-44C4-9980-CAE413E6C55D}.test1|Any CPU.Build.0 = Release|Any CPU
		{20B6E3C9-17FD-44C4-9980-CAE413E6C55D}.test1|Mixed Platforms.ActiveCfg = Release|Any CPU
		{20B6E3C9-17FD-44C4-9980-CAE413E6C55D}.test1|Mixed Platforms.Build.0 = Release|Any CPU
		{20B6E3C9-17FD-44C4-9980-CAE413E6C55D}.test1|x64.ActiveCfg = Release|Any CPU
		{20B6E3C9-17FD-44C4-9980-CAE413E6C55D}.test1|x64.Build.0 = Release|Any CPU
		{20B6E3C9-17FD-44C4-9980-CAE413E6C55D}.test1|x86.ActiveCfg = Release|Any CPU
		{20B6E3C9-17FD-44C4-9980-CAE413E6C55D}.test1|x86.Build.0 = Release|Any CPU
	EndGlobalSection
	GlobalSection(SolutionProperties) = preSolution
		HideSolutionNode = FALSE
	EndGlobalSection
	GlobalSection(NestedProjects) = preSolution
		{80381984-537E-4702-9CF8-6BE31FD76901} = {99462766-D5F8-487A-99AA-AD1ADA10AF1B}
		{4E767597-373B-4AA6-A47A-8F6201008301} = {7D678DCD-9844-47FD-BD43-43BF719352B6}
		{D9959D2F-2016-4355-BC22-061EA8A5E267} = {7D678DCD-9844-47FD-BD43-43BF719352B6}
		{3E34D787-0C46-4501-A774-CCA5930AB20D} = {7D678DCD-9844-47FD-BD43-43BF719352B6}
		{56AA880A-EFF0-440F-92F5-39F2C578CBDD} = {7D678DCD-9844-47FD-BD43-43BF719352B6}
		{3ECF6405-90D5-4C8B-ABCC-C0BAEDFDEEF9} = {2689D15C-5BE3-446B-8964-E843F2C17056}
		{408FBA0E-E649-493E-B4D4-8A5328265450} = {2689D15C-5BE3-446B-8964-E843F2C17056}
		{0520364A-A9B3-4AD6-B125-D935DCCAF731} = {2689D15C-5BE3-446B-8964-E843F2C17056}
		{10BA737F-F9E7-4EED-B096-BBC47CE14338} = {2689D15C-5BE3-446B-8964-E843F2C17056}
		{20B6E3C9-17FD-44C4-9980-CAE413E6C55D} = {2689D15C-5BE3-446B-8964-E843F2C17056}
	EndGlobalSection
	GlobalSection(ExtensibilityGlobals) = postSolution
		SolutionGuid = {37C0F854-F161-418A-A7D6-47532B71A141}
	EndGlobalSection
	GlobalSection(TestCaseManagementSettings) = postSolution
		CategoryFile = AndroCloudAPI1.vsmdi
	EndGlobalSection
EndGlobal
