
Microsoft Visual Studio Solution File, Format Version 12.00
# Visual Studio 14
VisualStudioVersion = 14.0.24720.0
MinimumVisualStudioVersion = 10.0.40219.1
Project("{2150E333-8FDC-42A3-9474-1A3956D46DE8}") = "Solution Items", "Solution Items", "{F703B9B5-C7FE-4C15-B997-E985646ED11E}"
	ProjectSection(SolutionItems) = preProject
		AndroCloudAPI1.vsmdi = AndroCloudAPI1.vsmdi
		Local.testsettings = Local.testsettings
		TraceAndTestImpact.testsettings = TraceAndTestImpact.testsettings
	EndProjectSection
EndProject
Project("{FAE04EC0-301F-11D3-BF4B-00C04F79EFBC}") = "AndroCloudWCFServices", "AndroCloudWCFServices\AndroCloudWCFServices.csproj", "{80381984-537E-4702-9CF8-6BE31FD76901}"
EndProject
Project("{FAE04EC0-301F-11D3-BF4B-00C04F79EFBC}") = "AndroCloudServicesTests", "AndroCloudServicesTests\AndroCloudServicesTests.csproj", "{A16DBBD9-6F7C-4AE4-9876-3ED359C8AAE0}"
EndProject
Project("{FAE04EC0-301F-11D3-BF4B-00C04F79EFBC}") = "AndroCloudServices", "AndroCloudServices\AndroCloudServices.csproj", "{4E767597-373B-4AA6-A47A-8F6201008301}"
EndProject
Project("{FAE04EC0-301F-11D3-BF4B-00C04F79EFBC}") = "AndroCloudDataAccess", "..\..\DataAccess\AndroCloudDataAccess\AndroCloudDataAccess.csproj", "{408FBA0E-E649-493E-B4D4-8A5328265450}"
EndProject
Project("{FAE04EC0-301F-11D3-BF4B-00C04F79EFBC}") = "AndroCloudPrivateWCFServices", "AndroCloudPrivateWCFServices\AndroCloudPrivateWCFServices.csproj", "{1DF8E912-A18B-4108-BD71-0101BF4073A2}"
EndProject
Project("{FAE04EC0-301F-11D3-BF4B-00C04F79EFBC}") = "AndroCloudDataAccessEntityFramework", "..\..\DataAccess\AndroCloudDataAccessEntityFramework\AndroCloudDataAccessEntityFramework.csproj", "{0520364A-A9B3-4AD6-B125-D935DCCAF731}"
EndProject
Project("{FAE04EC0-301F-11D3-BF4B-00C04F79EFBC}") = "AndroCloudHelper", "AndroCloudWCFHelper\AndroCloudHelper.csproj", "{D9959D2F-2016-4355-BC22-061EA8A5E267}"
EndProject
Project("{FAE04EC0-301F-11D3-BF4B-00C04F79EFBC}") = "AndroCloudPrivateServicesTests", "AndroCloudPrivateServicesTests\AndroCloudPrivateServicesTests.csproj", "{E57D1AB4-CF2C-4437-A393-FBC665739FA1}"
EndProject
Project("{FAE04EC0-301F-11D3-BF4B-00C04F79EFBC}") = "CloudSyncClientTests", "..\..\CloudSync\CloudSyncClientTests\CloudSyncClientTests.csproj", "{70C81A02-E0F2-44BC-80AD-93A8279B8A30}"
EndProject
Project("{FAE04EC0-301F-11D3-BF4B-00C04F79EFBC}") = "CloudSync", "..\..\CloudSync\CloudSync\CloudSync.csproj", "{3E34D787-0C46-4501-A774-CCA5930AB20D}"
EndProject
Project("{FAE04EC0-301F-11D3-BF4B-00C04F79EFBC}") = "CloudSyncModel", "..\..\CloudSync\CloudSyncModel\CloudSyncModel.csproj", "{56AA880A-EFF0-440F-92F5-39F2C578CBDD}"
EndProject
Project("{FAE04EC0-301F-11D3-BF4B-00C04F79EFBC}") = "AndroAdminDataAccess", "..\..\DataAccess\AndroAdminDataAccess\AndroAdminDataAccess.csproj", "{3ECF6405-90D5-4C8B-ABCC-C0BAEDFDEEF9}"
EndProject
Project("{FAE04EC0-301F-11D3-BF4B-00C04F79EFBC}") = "DataWarehouseDataAccess", "..\..\DataAccess\DataWarehouseDataAccess\DataWarehouseDataAccess.csproj", "{10BA737F-F9E7-4EED-B096-BBC47CE14338}"
EndProject
Project("{FAE04EC0-301F-11D3-BF4B-00C04F79EFBC}") = "DataWarehouseDataAccessEntityFramework", "..\..\DataAccess\DataWarehouseDataAccessEntityFramework\DataWarehouseDataAccessEntityFramework.csproj", "{20B6E3C9-17FD-44C4-9980-CAE413E6C55D}"
EndProject
Project("{2150E333-8FDC-42A3-9474-1A3956D46DE8}") = "3.Web", "3.Web", "{99462766-D5F8-487A-99AA-AD1ADA10AF1B}"
EndProject
Project("{2150E333-8FDC-42A3-9474-1A3956D46DE8}") = "0.Tests", "0.Tests", "{7D871A60-C8B1-457C-9DD0-E6AB7C18690F}"
EndProject
Project("{2150E333-8FDC-42A3-9474-1A3956D46DE8}") = "1.Data", "1.Data", "{2689D15C-5BE3-446B-8964-E843F2C17056}"
EndProject
Project("{2150E333-8FDC-42A3-9474-1A3956D46DE8}") = "2.Services", "2.Services", "{7D678DCD-9844-47FD-BD43-43BF719352B6}"
EndProject
Project("{FAE04EC0-301F-11D3-BF4B-00C04F79EFBC}") = "AndroCloudWebApiExternal", "AndroCloudWebApiExternal\AndroCloudWebApiExternal.csproj", "{9CF086B6-144C-4C0A-B6AA-11E59891CF24}"
EndProject
Global
	GlobalSection(SolutionConfigurationPlatforms) = preSolution
		Debug|Any CPU = Debug|Any CPU
		Debug|Mixed Platforms = Debug|Mixed Platforms
		Debug|x64 = Debug|x64
		Debug|x86 = Debug|x86
		Dev|Any CPU = Dev|Any CPU
		Dev|Mixed Platforms = Dev|Mixed Platforms
		Dev|x64 = Dev|x64
		Dev|x86 = Dev|x86
		Live|Any CPU = Live|Any CPU
		Live|Mixed Platforms = Live|Mixed Platforms
		Live|x64 = Live|x64
		Live|x86 = Live|x86
		Release|Any CPU = Release|Any CPU
		Release|Mixed Platforms = Release|Mixed Platforms
		Release|x64 = Release|x64
		Release|x86 = Release|x86
		Staging2|Any CPU = Staging2|Any CPU
		Staging2|Mixed Platforms = Staging2|Mixed Platforms
		Staging2|x64 = Staging2|x64
		Staging2|x86 = Staging2|x86
		test1|Any CPU = test1|Any CPU
		test1|Mixed Platforms = test1|Mixed Platforms
		test1|x64 = test1|x64
		test1|x86 = test1|x86
	EndGlobalSection
	GlobalSection(ProjectConfigurationPlatforms) = postSolution
		{80381984-537E-4702-9CF8-6BE31FD76901}.Debug|Any CPU.ActiveCfg = Debug|Any CPU
		{80381984-537E-4702-9CF8-6BE31FD76901}.Debug|Any CPU.Build.0 = Debug|Any CPU
		{80381984-537E-4702-9CF8-6BE31FD76901}.Debug|Mixed Platforms.ActiveCfg = Debug|x86
		{80381984-537E-4702-9CF8-6BE31FD76901}.Debug|Mixed Platforms.Build.0 = Debug|x86
		{80381984-537E-4702-9CF8-6BE31FD76901}.Debug|x64.ActiveCfg = Debug|Any CPU
		{80381984-537E-4702-9CF8-6BE31FD76901}.Debug|x86.ActiveCfg = Debug|x86
		{80381984-537E-4702-9CF8-6BE31FD76901}.Dev|Any CPU.ActiveCfg = Debug|Any CPU
		{80381984-537E-4702-9CF8-6BE31FD76901}.Dev|Any CPU.Build.0 = Debug|Any CPU
		{80381984-537E-4702-9CF8-6BE31FD76901}.Dev|Mixed Platforms.ActiveCfg = Dev|x86
		{80381984-537E-4702-9CF8-6BE31FD76901}.Dev|Mixed Platforms.Build.0 = Dev|x86
		{80381984-537E-4702-9CF8-6BE31FD76901}.Dev|x64.ActiveCfg = Dev|Any CPU
		{80381984-537E-4702-9CF8-6BE31FD76901}.Dev|x86.ActiveCfg = Dev|x86
		{80381984-537E-4702-9CF8-6BE31FD76901}.Dev|x86.Build.0 = Dev|x86
		{80381984-537E-4702-9CF8-6BE31FD76901}.Live|Any CPU.ActiveCfg = Staging2|Any CPU
		{80381984-537E-4702-9CF8-6BE31FD76901}.Live|Any CPU.Build.0 = Staging2|Any CPU
		{80381984-537E-4702-9CF8-6BE31FD76901}.Live|Mixed Platforms.ActiveCfg = Release|x86
		{80381984-537E-4702-9CF8-6BE31FD76901}.Live|Mixed Platforms.Build.0 = Release|x86
		{80381984-537E-4702-9CF8-6BE31FD76901}.Live|x64.ActiveCfg = Staging2|Any CPU
		{80381984-537E-4702-9CF8-6BE31FD76901}.Live|x86.ActiveCfg = Staging2|x86
		{80381984-537E-4702-9CF8-6BE31FD76901}.Live|x86.Build.0 = Staging2|x86
		{80381984-537E-4702-9CF8-6BE31FD76901}.Release|Any CPU.ActiveCfg = Release|Any CPU
		{80381984-537E-4702-9CF8-6BE31FD76901}.Release|Any CPU.Build.0 = Release|Any CPU
		{80381984-537E-4702-9CF8-6BE31FD76901}.Release|Mixed Platforms.ActiveCfg = Release|x86
		{80381984-537E-4702-9CF8-6BE31FD76901}.Release|Mixed Platforms.Build.0 = Release|x86
		{80381984-537E-4702-9CF8-6BE31FD76901}.Release|x64.ActiveCfg = Release|Any CPU
		{80381984-537E-4702-9CF8-6BE31FD76901}.Release|x86.ActiveCfg = Release|x86
		{80381984-537E-4702-9CF8-6BE31FD76901}.Release|x86.Build.0 = Release|x86
		{80381984-537E-4702-9CF8-6BE31FD76901}.Staging2|Any CPU.ActiveCfg = Staging2|Any CPU
		{80381984-537E-4702-9CF8-6BE31FD76901}.Staging2|Any CPU.Build.0 = Staging2|Any CPU
		{80381984-537E-4702-9CF8-6BE31FD76901}.Staging2|Mixed Platforms.ActiveCfg = Staging2|x86
		{80381984-537E-4702-9CF8-6BE31FD76901}.Staging2|Mixed Platforms.Build.0 = Staging2|x86
		{80381984-537E-4702-9CF8-6BE31FD76901}.Staging2|x64.ActiveCfg = Staging2|Any CPU
		{80381984-537E-4702-9CF8-6BE31FD76901}.Staging2|x86.ActiveCfg = Staging2|x86
		{80381984-537E-4702-9CF8-6BE31FD76901}.Staging2|x86.Build.0 = Staging2|x86
		{80381984-537E-4702-9CF8-6BE31FD76901}.test1|Any CPU.ActiveCfg = Staging2|Any CPU
		{80381984-537E-4702-9CF8-6BE31FD76901}.test1|Any CPU.Build.0 = Staging2|Any CPU
		{80381984-537E-4702-9CF8-6BE31FD76901}.test1|Mixed Platforms.ActiveCfg = Release|x86
		{80381984-537E-4702-9CF8-6BE31FD76901}.test1|Mixed Platforms.Build.0 = Release|x86
		{80381984-537E-4702-9CF8-6BE31FD76901}.test1|x64.ActiveCfg = Staging2|Any CPU
		{80381984-537E-4702-9CF8-6BE31FD76901}.test1|x86.ActiveCfg = Staging2|x86
		{80381984-537E-4702-9CF8-6BE31FD76901}.test1|x86.Build.0 = Staging2|x86
		{A16DBBD9-6F7C-4AE4-9876-3ED359C8AAE0}.Debug|Any CPU.ActiveCfg = Debug|Any CPU
		{A16DBBD9-6F7C-4AE4-9876-3ED359C8AAE0}.Debug|Any CPU.Build.0 = Debug|Any CPU
		{A16DBBD9-6F7C-4AE4-9876-3ED359C8AAE0}.Debug|Mixed Platforms.ActiveCfg = Debug|x86
		{A16DBBD9-6F7C-4AE4-9876-3ED359C8AAE0}.Debug|Mixed Platforms.Build.0 = Debug|x86
		{A16DBBD9-6F7C-4AE4-9876-3ED359C8AAE0}.Debug|x64.ActiveCfg = Debug|Any CPU
		{A16DBBD9-6F7C-4AE4-9876-3ED359C8AAE0}.Debug|x86.ActiveCfg = Debug|x86
		{A16DBBD9-6F7C-4AE4-9876-3ED359C8AAE0}.Dev|Any CPU.ActiveCfg = Debug|Any CPU
		{A16DBBD9-6F7C-4AE4-9876-3ED359C8AAE0}.Dev|Any CPU.Build.0 = Debug|Any CPU
		{A16DBBD9-6F7C-4AE4-9876-3ED359C8AAE0}.Dev|Mixed Platforms.ActiveCfg = Debug|x86
		{A16DBBD9-6F7C-4AE4-9876-3ED359C8AAE0}.Dev|Mixed Platforms.Build.0 = Debug|x86
		{A16DBBD9-6F7C-4AE4-9876-3ED359C8AAE0}.Dev|x64.ActiveCfg = Debug|Any CPU
		{A16DBBD9-6F7C-4AE4-9876-3ED359C8AAE0}.Dev|x86.ActiveCfg = Debug|x86
		{A16DBBD9-6F7C-4AE4-9876-3ED359C8AAE0}.Dev|x86.Build.0 = Debug|x86
		{A16DBBD9-6F7C-4AE4-9876-3ED359C8AAE0}.Live|Any CPU.ActiveCfg = Staging2|Any CPU
		{A16DBBD9-6F7C-4AE4-9876-3ED359C8AAE0}.Live|Any CPU.Build.0 = Staging2|Any CPU
		{A16DBBD9-6F7C-4AE4-9876-3ED359C8AAE0}.Live|Mixed Platforms.ActiveCfg = Release|x86
		{A16DBBD9-6F7C-4AE4-9876-3ED359C8AAE0}.Live|Mixed Platforms.Build.0 = Release|x86
		{A16DBBD9-6F7C-4AE4-9876-3ED359C8AAE0}.Live|x64.ActiveCfg = Staging2|Any CPU
		{A16DBBD9-6F7C-4AE4-9876-3ED359C8AAE0}.Live|x86.ActiveCfg = Staging2|x86
		{A16DBBD9-6F7C-4AE4-9876-3ED359C8AAE0}.Live|x86.Build.0 = Staging2|x86
		{A16DBBD9-6F7C-4AE4-9876-3ED359C8AAE0}.Release|Any CPU.ActiveCfg = Release|Any CPU
		{A16DBBD9-6F7C-4AE4-9876-3ED359C8AAE0}.Release|Any CPU.Build.0 = Release|Any CPU
		{A16DBBD9-6F7C-4AE4-9876-3ED359C8AAE0}.Release|Mixed Platforms.ActiveCfg = Release|x86
		{A16DBBD9-6F7C-4AE4-9876-3ED359C8AAE0}.Release|Mixed Platforms.Build.0 = Release|x86
		{A16DBBD9-6F7C-4AE4-9876-3ED359C8AAE0}.Release|x64.ActiveCfg = Release|Any CPU
		{A16DBBD9-6F7C-4AE4-9876-3ED359C8AAE0}.Release|x86.ActiveCfg = Release|x86
		{A16DBBD9-6F7C-4AE4-9876-3ED359C8AAE0}.Release|x86.Build.0 = Release|x86
		{A16DBBD9-6F7C-4AE4-9876-3ED359C8AAE0}.Staging2|Any CPU.ActiveCfg = Staging2|Any CPU
		{A16DBBD9-6F7C-4AE4-9876-3ED359C8AAE0}.Staging2|Any CPU.Build.0 = Staging2|Any CPU
		{A16DBBD9-6F7C-4AE4-9876-3ED359C8AAE0}.Staging2|Mixed Platforms.ActiveCfg = Staging2|x86
		{A16DBBD9-6F7C-4AE4-9876-3ED359C8AAE0}.Staging2|Mixed Platforms.Build.0 = Staging2|x86
		{A16DBBD9-6F7C-4AE4-9876-3ED359C8AAE0}.Staging2|x64.ActiveCfg = Staging2|Any CPU
		{A16DBBD9-6F7C-4AE4-9876-3ED359C8AAE0}.Staging2|x86.ActiveCfg = Staging2|x86
		{A16DBBD9-6F7C-4AE4-9876-3ED359C8AAE0}.Staging2|x86.Build.0 = Staging2|x86
		{A16DBBD9-6F7C-4AE4-9876-3ED359C8AAE0}.test1|Any CPU.ActiveCfg = Staging2|Any CPU
		{A16DBBD9-6F7C-4AE4-9876-3ED359C8AAE0}.test1|Any CPU.Build.0 = Staging2|Any CPU
		{A16DBBD9-6F7C-4AE4-9876-3ED359C8AAE0}.test1|Mixed Platforms.ActiveCfg = Release|x86
		{A16DBBD9-6F7C-4AE4-9876-3ED359C8AAE0}.test1|Mixed Platforms.Build.0 = Release|x86
		{A16DBBD9-6F7C-4AE4-9876-3ED359C8AAE0}.test1|x64.ActiveCfg = Staging2|Any CPU
		{A16DBBD9-6F7C-4AE4-9876-3ED359C8AAE0}.test1|x86.ActiveCfg = Staging2|x86
		{A16DBBD9-6F7C-4AE4-9876-3ED359C8AAE0}.test1|x86.Build.0 = Staging2|x86
		{4E767597-373B-4AA6-A47A-8F6201008301}.Debug|Any CPU.ActiveCfg = Debug|Any CPU
		{4E767597-373B-4AA6-A47A-8F6201008301}.Debug|Any CPU.Build.0 = Debug|Any CPU
		{4E767597-373B-4AA6-A47A-8F6201008301}.Debug|Mixed Platforms.ActiveCfg = Debug|x86
		{4E767597-373B-4AA6-A47A-8F6201008301}.Debug|Mixed Platforms.Build.0 = Debug|x86
		{4E767597-373B-4AA6-A47A-8F6201008301}.Debug|x64.ActiveCfg = Debug|Any CPU
		{4E767597-373B-4AA6-A47A-8F6201008301}.Debug|x86.ActiveCfg = Debug|x86
		{4E767597-373B-4AA6-A47A-8F6201008301}.Dev|Any CPU.ActiveCfg = Debug|Any CPU
		{4E767597-373B-4AA6-A47A-8F6201008301}.Dev|Any CPU.Build.0 = Debug|Any CPU
		{4E767597-373B-4AA6-A47A-8F6201008301}.Dev|Mixed Platforms.ActiveCfg = Debug|x86
		{4E767597-373B-4AA6-A47A-8F6201008301}.Dev|Mixed Platforms.Build.0 = Debug|x86
		{4E767597-373B-4AA6-A47A-8F6201008301}.Dev|x64.ActiveCfg = Debug|Any CPU
		{4E767597-373B-4AA6-A47A-8F6201008301}.Dev|x86.ActiveCfg = Debug|x86
		{4E767597-373B-4AA6-A47A-8F6201008301}.Dev|x86.Build.0 = Debug|x86
		{4E767597-373B-4AA6-A47A-8F6201008301}.Live|Any CPU.ActiveCfg = Staging2|Any CPU
		{4E767597-373B-4AA6-A47A-8F6201008301}.Live|Any CPU.Build.0 = Staging2|Any CPU
		{4E767597-373B-4AA6-A47A-8F6201008301}.Live|Mixed Platforms.ActiveCfg = Release|x86
		{4E767597-373B-4AA6-A47A-8F6201008301}.Live|Mixed Platforms.Build.0 = Release|x86
		{4E767597-373B-4AA6-A47A-8F6201008301}.Live|x64.ActiveCfg = Staging2|Any CPU
		{4E767597-373B-4AA6-A47A-8F6201008301}.Live|x86.ActiveCfg = Staging2|x86
		{4E767597-373B-4AA6-A47A-8F6201008301}.Live|x86.Build.0 = Staging2|x86
		{4E767597-373B-4AA6-A47A-8F6201008301}.Release|Any CPU.ActiveCfg = Release|Any CPU
		{4E767597-373B-4AA6-A47A-8F6201008301}.Release|Any CPU.Build.0 = Release|Any CPU
		{4E767597-373B-4AA6-A47A-8F6201008301}.Release|Mixed Platforms.ActiveCfg = Release|x86
		{4E767597-373B-4AA6-A47A-8F6201008301}.Release|Mixed Platforms.Build.0 = Release|x86
		{4E767597-373B-4AA6-A47A-8F6201008301}.Release|x64.ActiveCfg = Release|Any CPU
		{4E767597-373B-4AA6-A47A-8F6201008301}.Release|x86.ActiveCfg = Release|x86
		{4E767597-373B-4AA6-A47A-8F6201008301}.Release|x86.Build.0 = Release|x86
		{4E767597-373B-4AA6-A47A-8F6201008301}.Staging2|Any CPU.ActiveCfg = Staging2|Any CPU
		{4E767597-373B-4AA6-A47A-8F6201008301}.Staging2|Any CPU.Build.0 = Staging2|Any CPU
		{4E767597-373B-4AA6-A47A-8F6201008301}.Staging2|Mixed Platforms.ActiveCfg = Staging2|x86
		{4E767597-373B-4AA6-A47A-8F6201008301}.Staging2|Mixed Platforms.Build.0 = Staging2|x86
		{4E767597-373B-4AA6-A47A-8F6201008301}.Staging2|x64.ActiveCfg = Staging2|Any CPU
		{4E767597-373B-4AA6-A47A-8F6201008301}.Staging2|x86.ActiveCfg = Staging2|x86
		{4E767597-373B-4AA6-A47A-8F6201008301}.Staging2|x86.Build.0 = Staging2|x86
		{4E767597-373B-4AA6-A47A-8F6201008301}.test1|Any CPU.ActiveCfg = Staging2|Any CPU
		{4E767597-373B-4AA6-A47A-8F6201008301}.test1|Any CPU.Build.0 = Staging2|Any CPU
		{4E767597-373B-4AA6-A47A-8F6201008301}.test1|Mixed Platforms.ActiveCfg = Release|x86
		{4E767597-373B-4AA6-A47A-8F6201008301}.test1|Mixed Platforms.Build.0 = Release|x86
		{4E767597-373B-4AA6-A47A-8F6201008301}.test1|x64.ActiveCfg = Staging2|Any CPU
		{4E767597-373B-4AA6-A47A-8F6201008301}.test1|x86.ActiveCfg = Staging2|x86
		{4E767597-373B-4AA6-A47A-8F6201008301}.test1|x86.Build.0 = Staging2|x86
		{408FBA0E-E649-493E-B4D4-8A5328265450}.Debug|Any CPU.ActiveCfg = Debug|Any CPU
		{408FBA0E-E649-493E-B4D4-8A5328265450}.Debug|Any CPU.Build.0 = Debug|Any CPU
		{408FBA0E-E649-493E-B4D4-8A5328265450}.Debug|Mixed Platforms.ActiveCfg = Debug|x86
		{408FBA0E-E649-493E-B4D4-8A5328265450}.Debug|Mixed Platforms.Build.0 = Debug|x86
		{408FBA0E-E649-493E-B4D4-8A5328265450}.Debug|x64.ActiveCfg = Debug|Any CPU
		{408FBA0E-E649-493E-B4D4-8A5328265450}.Debug|x86.ActiveCfg = Debug|x86
		{408FBA0E-E649-493E-B4D4-8A5328265450}.Dev|Any CPU.ActiveCfg = Debug|Any CPU
		{408FBA0E-E649-493E-B4D4-8A5328265450}.Dev|Any CPU.Build.0 = Debug|Any CPU
		{408FBA0E-E649-493E-B4D4-8A5328265450}.Dev|Mixed Platforms.ActiveCfg = Dev|x86
		{408FBA0E-E649-493E-B4D4-8A5328265450}.Dev|Mixed Platforms.Build.0 = Dev|x86
		{408FBA0E-E649-493E-B4D4-8A5328265450}.Dev|x64.ActiveCfg = Debug|Any CPU
		{408FBA0E-E649-493E-B4D4-8A5328265450}.Dev|x86.ActiveCfg = Debug|x86
		{408FBA0E-E649-493E-B4D4-8A5328265450}.Dev|x86.Build.0 = Debug|x86
		{408FBA0E-E649-493E-B4D4-8A5328265450}.Live|Any CPU.ActiveCfg = Live|Any CPU
		{408FBA0E-E649-493E-B4D4-8A5328265450}.Live|Any CPU.Build.0 = Live|Any CPU
		{408FBA0E-E649-493E-B4D4-8A5328265450}.Live|Mixed Platforms.ActiveCfg = Live|x86
		{408FBA0E-E649-493E-B4D4-8A5328265450}.Live|Mixed Platforms.Build.0 = Live|x86
		{408FBA0E-E649-493E-B4D4-8A5328265450}.Live|x64.ActiveCfg = Live|Any CPU
		{408FBA0E-E649-493E-B4D4-8A5328265450}.Live|x86.ActiveCfg = Live|x86
		{408FBA0E-E649-493E-B4D4-8A5328265450}.Live|x86.Build.0 = Live|x86
		{408FBA0E-E649-493E-B4D4-8A5328265450}.Release|Any CPU.ActiveCfg = Release|Any CPU
		{408FBA0E-E649-493E-B4D4-8A5328265450}.Release|Any CPU.Build.0 = Release|Any CPU
		{408FBA0E-E649-493E-B4D4-8A5328265450}.Release|Mixed Platforms.ActiveCfg = Release|x86
		{408FBA0E-E649-493E-B4D4-8A5328265450}.Release|Mixed Platforms.Build.0 = Release|x86
		{408FBA0E-E649-493E-B4D4-8A5328265450}.Release|x64.ActiveCfg = Release|Any CPU
		{408FBA0E-E649-493E-B4D4-8A5328265450}.Release|x86.ActiveCfg = Release|x86
		{408FBA0E-E649-493E-B4D4-8A5328265450}.Release|x86.Build.0 = Release|x86
		{408FBA0E-E649-493E-B4D4-8A5328265450}.Staging2|Any CPU.ActiveCfg = Staging2|Any CPU
		{408FBA0E-E649-493E-B4D4-8A5328265450}.Staging2|Any CPU.Build.0 = Staging2|Any CPU
		{408FBA0E-E649-493E-B4D4-8A5328265450}.Staging2|Mixed Platforms.ActiveCfg = Staging2|x86
		{408FBA0E-E649-493E-B4D4-8A5328265450}.Staging2|Mixed Platforms.Build.0 = Staging2|x86
		{408FBA0E-E649-493E-B4D4-8A5328265450}.Staging2|x64.ActiveCfg = Staging2|Any CPU
		{408FBA0E-E649-493E-B4D4-8A5328265450}.Staging2|x86.ActiveCfg = Staging2|x86
		{408FBA0E-E649-493E-B4D4-8A5328265450}.Staging2|x86.Build.0 = Staging2|x86
		{408FBA0E-E649-493E-B4D4-8A5328265450}.test1|Any CPU.ActiveCfg = test1|Any CPU
		{408FBA0E-E649-493E-B4D4-8A5328265450}.test1|Any CPU.Build.0 = test1|Any CPU
		{408FBA0E-E649-493E-B4D4-8A5328265450}.test1|Mixed Platforms.ActiveCfg = test1|x86
		{408FBA0E-E649-493E-B4D4-8A5328265450}.test1|Mixed Platforms.Build.0 = test1|x86
		{408FBA0E-E649-493E-B4D4-8A5328265450}.test1|x64.ActiveCfg = test1|Any CPU
		{408FBA0E-E649-493E-B4D4-8A5328265450}.test1|x86.ActiveCfg = test1|x86
		{408FBA0E-E649-493E-B4D4-8A5328265450}.test1|x86.Build.0 = test1|x86
		{1DF8E912-A18B-4108-BD71-0101BF4073A2}.Debug|Any CPU.ActiveCfg = Debug|Any CPU
		{1DF8E912-A18B-4108-BD71-0101BF4073A2}.Debug|Any CPU.Build.0 = Debug|Any CPU
		{1DF8E912-A18B-4108-BD71-0101BF4073A2}.Debug|Mixed Platforms.ActiveCfg = Debug|x86
		{1DF8E912-A18B-4108-BD71-0101BF4073A2}.Debug|Mixed Platforms.Build.0 = Debug|x86
		{1DF8E912-A18B-4108-BD71-0101BF4073A2}.Debug|x64.ActiveCfg = Debug|Any CPU
		{1DF8E912-A18B-4108-BD71-0101BF4073A2}.Debug|x86.ActiveCfg = Debug|x86
		{1DF8E912-A18B-4108-BD71-0101BF4073A2}.Dev|Any CPU.ActiveCfg = Debug|Any CPU
		{1DF8E912-A18B-4108-BD71-0101BF4073A2}.Dev|Any CPU.Build.0 = Debug|Any CPU
		{1DF8E912-A18B-4108-BD71-0101BF4073A2}.Dev|Mixed Platforms.ActiveCfg = Dev|x86
		{1DF8E912-A18B-4108-BD71-0101BF4073A2}.Dev|Mixed Platforms.Build.0 = Dev|x86
		{1DF8E912-A18B-4108-BD71-0101BF4073A2}.Dev|x64.ActiveCfg = Dev|Any CPU
		{1DF8E912-A18B-4108-BD71-0101BF4073A2}.Dev|x86.ActiveCfg = Dev|x86
		{1DF8E912-A18B-4108-BD71-0101BF4073A2}.Dev|x86.Build.0 = Dev|x86
		{1DF8E912-A18B-4108-BD71-0101BF4073A2}.Live|Any CPU.ActiveCfg = Staging2|Any CPU
		{1DF8E912-A18B-4108-BD71-0101BF4073A2}.Live|Any CPU.Build.0 = Staging2|Any CPU
		{1DF8E912-A18B-4108-BD71-0101BF4073A2}.Live|Mixed Platforms.ActiveCfg = Release|x86
		{1DF8E912-A18B-4108-BD71-0101BF4073A2}.Live|Mixed Platforms.Build.0 = Release|x86
		{1DF8E912-A18B-4108-BD71-0101BF4073A2}.Live|x64.ActiveCfg = Staging2|Any CPU
		{1DF8E912-A18B-4108-BD71-0101BF4073A2}.Live|x86.ActiveCfg = Staging2|x86
		{1DF8E912-A18B-4108-BD71-0101BF4073A2}.Live|x86.Build.0 = Staging2|x86
		{1DF8E912-A18B-4108-BD71-0101BF4073A2}.Release|Any CPU.ActiveCfg = Release|Any CPU
		{1DF8E912-A18B-4108-BD71-0101BF4073A2}.Release|Any CPU.Build.0 = Release|Any CPU
		{1DF8E912-A18B-4108-BD71-0101BF4073A2}.Release|Mixed Platforms.ActiveCfg = Release|x86
		{1DF8E912-A18B-4108-BD71-0101BF4073A2}.Release|Mixed Platforms.Build.0 = Release|x86
		{1DF8E912-A18B-4108-BD71-0101BF4073A2}.Release|x64.ActiveCfg = Release|Any CPU
		{1DF8E912-A18B-4108-BD71-0101BF4073A2}.Release|x86.ActiveCfg = Release|x86
		{1DF8E912-A18B-4108-BD71-0101BF4073A2}.Release|x86.Build.0 = Release|x86
		{1DF8E912-A18B-4108-BD71-0101BF4073A2}.Staging2|Any CPU.ActiveCfg = Staging2|Any CPU
		{1DF8E912-A18B-4108-BD71-0101BF4073A2}.Staging2|Any CPU.Build.0 = Staging2|Any CPU
		{1DF8E912-A18B-4108-BD71-0101BF4073A2}.Staging2|Mixed Platforms.ActiveCfg = Staging2|x86
		{1DF8E912-A18B-4108-BD71-0101BF4073A2}.Staging2|Mixed Platforms.Build.0 = Staging2|x86
		{1DF8E912-A18B-4108-BD71-0101BF4073A2}.Staging2|x64.ActiveCfg = Staging2|Any CPU
		{1DF8E912-A18B-4108-BD71-0101BF4073A2}.Staging2|x86.ActiveCfg = Staging2|x86
		{1DF8E912-A18B-4108-BD71-0101BF4073A2}.Staging2|x86.Build.0 = Staging2|x86
		{1DF8E912-A18B-4108-BD71-0101BF4073A2}.test1|Any CPU.ActiveCfg = Staging2|Any CPU
		{1DF8E912-A18B-4108-BD71-0101BF4073A2}.test1|Any CPU.Build.0 = Staging2|Any CPU
		{1DF8E912-A18B-4108-BD71-0101BF4073A2}.test1|Mixed Platforms.ActiveCfg = Release|x86
		{1DF8E912-A18B-4108-BD71-0101BF4073A2}.test1|Mixed Platforms.Build.0 = Release|x86
		{1DF8E912-A18B-4108-BD71-0101BF4073A2}.test1|x64.ActiveCfg = Staging2|Any CPU
		{1DF8E912-A18B-4108-BD71-0101BF4073A2}.test1|x86.ActiveCfg = Staging2|x86
		{1DF8E912-A18B-4108-BD71-0101BF4073A2}.test1|x86.Build.0 = Staging2|x86
		{0520364A-A9B3-4AD6-B125-D935DCCAF731}.Debug|Any CPU.ActiveCfg = Debug|Any CPU
		{0520364A-A9B3-4AD6-B125-D935DCCAF731}.Debug|Any CPU.Build.0 = Debug|Any CPU
		{0520364A-A9B3-4AD6-B125-D935DCCAF731}.Debug|Mixed Platforms.ActiveCfg = Debug|x86
		{0520364A-A9B3-4AD6-B125-D935DCCAF731}.Debug|Mixed Platforms.Build.0 = Debug|x86
		{0520364A-A9B3-4AD6-B125-D935DCCAF731}.Debug|x64.ActiveCfg = Debug|Any CPU
		{0520364A-A9B3-4AD6-B125-D935DCCAF731}.Debug|x86.ActiveCfg = Debug|x86
		{0520364A-A9B3-4AD6-B125-D935DCCAF731}.Dev|Any CPU.ActiveCfg = Debug|Any CPU
		{0520364A-A9B3-4AD6-B125-D935DCCAF731}.Dev|Any CPU.Build.0 = Debug|Any CPU
		{0520364A-A9B3-4AD6-B125-D935DCCAF731}.Dev|Mixed Platforms.ActiveCfg = Dev|x86
		{0520364A-A9B3-4AD6-B125-D935DCCAF731}.Dev|Mixed Platforms.Build.0 = Dev|x86
		{0520364A-A9B3-4AD6-B125-D935DCCAF731}.Dev|x64.ActiveCfg = Debug|Any CPU
		{0520364A-A9B3-4AD6-B125-D935DCCAF731}.Dev|x86.ActiveCfg = Debug|x86
		{0520364A-A9B3-4AD6-B125-D935DCCAF731}.Dev|x86.Build.0 = Debug|x86
		{0520364A-A9B3-4AD6-B125-D935DCCAF731}.Live|Any CPU.ActiveCfg = Live|Any CPU
		{0520364A-A9B3-4AD6-B125-D935DCCAF731}.Live|Any CPU.Build.0 = Live|Any CPU
		{0520364A-A9B3-4AD6-B125-D935DCCAF731}.Live|Mixed Platforms.ActiveCfg = Live|x86
		{0520364A-A9B3-4AD6-B125-D935DCCAF731}.Live|Mixed Platforms.Build.0 = Live|x86
		{0520364A-A9B3-4AD6-B125-D935DCCAF731}.Live|x64.ActiveCfg = Live|Any CPU
		{0520364A-A9B3-4AD6-B125-D935DCCAF731}.Live|x86.ActiveCfg = Live|x86
		{0520364A-A9B3-4AD6-B125-D935DCCAF731}.Live|x86.Build.0 = Live|x86
		{0520364A-A9B3-4AD6-B125-D935DCCAF731}.Release|Any CPU.ActiveCfg = Release|Any CPU
		{0520364A-A9B3-4AD6-B125-D935DCCAF731}.Release|Any CPU.Build.0 = Release|Any CPU
		{0520364A-A9B3-4AD6-B125-D935DCCAF731}.Release|Mixed Platforms.ActiveCfg = Release|x86
		{0520364A-A9B3-4AD6-B125-D935DCCAF731}.Release|Mixed Platforms.Build.0 = Release|x86
		{0520364A-A9B3-4AD6-B125-D935DCCAF731}.Release|x64.ActiveCfg = Release|Any CPU
		{0520364A-A9B3-4AD6-B125-D935DCCAF731}.Release|x86.ActiveCfg = Release|x86
		{0520364A-A9B3-4AD6-B125-D935DCCAF731}.Release|x86.Build.0 = Release|x86
		{0520364A-A9B3-4AD6-B125-D935DCCAF731}.Staging2|Any CPU.ActiveCfg = Staging2|Any CPU
		{0520364A-A9B3-4AD6-B125-D935DCCAF731}.Staging2|Any CPU.Build.0 = Staging2|Any CPU
		{0520364A-A9B3-4AD6-B125-D935DCCAF731}.Staging2|Mixed Platforms.ActiveCfg = Staging2|x86
		{0520364A-A9B3-4AD6-B125-D935DCCAF731}.Staging2|Mixed Platforms.Build.0 = Staging2|x86
		{0520364A-A9B3-4AD6-B125-D935DCCAF731}.Staging2|x64.ActiveCfg = Staging2|Any CPU
		{0520364A-A9B3-4AD6-B125-D935DCCAF731}.Staging2|x86.ActiveCfg = Staging2|x86
		{0520364A-A9B3-4AD6-B125-D935DCCAF731}.Staging2|x86.Build.0 = Staging2|x86
		{0520364A-A9B3-4AD6-B125-D935DCCAF731}.test1|Any CPU.ActiveCfg = test1|Any CPU
		{0520364A-A9B3-4AD6-B125-D935DCCAF731}.test1|Any CPU.Build.0 = test1|Any CPU
		{0520364A-A9B3-4AD6-B125-D935DCCAF731}.test1|Mixed Platforms.ActiveCfg = test1|x86
		{0520364A-A9B3-4AD6-B125-D935DCCAF731}.test1|Mixed Platforms.Build.0 = test1|x86
		{0520364A-A9B3-4AD6-B125-D935DCCAF731}.test1|x64.ActiveCfg = test1|Any CPU
		{0520364A-A9B3-4AD6-B125-D935DCCAF731}.test1|x86.ActiveCfg = test1|x86
		{0520364A-A9B3-4AD6-B125-D935DCCAF731}.test1|x86.Build.0 = test1|x86
		{D9959D2F-2016-4355-BC22-061EA8A5E267}.Debug|Any CPU.ActiveCfg = Debug|Any CPU
		{D9959D2F-2016-4355-BC22-061EA8A5E267}.Debug|Any CPU.Build.0 = Debug|Any CPU
		{D9959D2F-2016-4355-BC22-061EA8A5E267}.Debug|Mixed Platforms.ActiveCfg = Debug|x86
		{D9959D2F-2016-4355-BC22-061EA8A5E267}.Debug|Mixed Platforms.Build.0 = Debug|x86
		{D9959D2F-2016-4355-BC22-061EA8A5E267}.Debug|x64.ActiveCfg = Debug|Any CPU
		{D9959D2F-2016-4355-BC22-061EA8A5E267}.Debug|x86.ActiveCfg = Debug|x86
		{D9959D2F-2016-4355-BC22-061EA8A5E267}.Dev|Any CPU.ActiveCfg = Debug|Any CPU
		{D9959D2F-2016-4355-BC22-061EA8A5E267}.Dev|Any CPU.Build.0 = Debug|Any CPU
		{D9959D2F-2016-4355-BC22-061EA8A5E267}.Dev|Mixed Platforms.ActiveCfg = Dev|x86
		{D9959D2F-2016-4355-BC22-061EA8A5E267}.Dev|Mixed Platforms.Build.0 = Dev|x86
		{D9959D2F-2016-4355-BC22-061EA8A5E267}.Dev|x64.ActiveCfg = Debug|Any CPU
		{D9959D2F-2016-4355-BC22-061EA8A5E267}.Dev|x86.ActiveCfg = Debug|x86
		{D9959D2F-2016-4355-BC22-061EA8A5E267}.Dev|x86.Build.0 = Debug|x86
		{D9959D2F-2016-4355-BC22-061EA8A5E267}.Live|Any CPU.ActiveCfg = Live|Any CPU
		{D9959D2F-2016-4355-BC22-061EA8A5E267}.Live|Any CPU.Build.0 = Live|Any CPU
		{D9959D2F-2016-4355-BC22-061EA8A5E267}.Live|Mixed Platforms.ActiveCfg = Live|x86
		{D9959D2F-2016-4355-BC22-061EA8A5E267}.Live|Mixed Platforms.Build.0 = Live|x86
		{D9959D2F-2016-4355-BC22-061EA8A5E267}.Live|x64.ActiveCfg = Live|Any CPU
		{D9959D2F-2016-4355-BC22-061EA8A5E267}.Live|x86.ActiveCfg = Live|x86
		{D9959D2F-2016-4355-BC22-061EA8A5E267}.Live|x86.Build.0 = Live|x86
		{D9959D2F-2016-4355-BC22-061EA8A5E267}.Release|Any CPU.ActiveCfg = Release|Any CPU
		{D9959D2F-2016-4355-BC22-061EA8A5E267}.Release|Any CPU.Build.0 = Release|Any CPU
		{D9959D2F-2016-4355-BC22-061EA8A5E267}.Release|Mixed Platforms.ActiveCfg = Release|x86
		{D9959D2F-2016-4355-BC22-061EA8A5E267}.Release|Mixed Platforms.Build.0 = Release|x86
		{D9959D2F-2016-4355-BC22-061EA8A5E267}.Release|x64.ActiveCfg = Release|Any CPU
		{D9959D2F-2016-4355-BC22-061EA8A5E267}.Release|x86.ActiveCfg = Release|x86
		{D9959D2F-2016-4355-BC22-061EA8A5E267}.Release|x86.Build.0 = Release|x86
		{D9959D2F-2016-4355-BC22-061EA8A5E267}.Staging2|Any CPU.ActiveCfg = Staging2|Any CPU
		{D9959D2F-2016-4355-BC22-061EA8A5E267}.Staging2|Any CPU.Build.0 = Staging2|Any CPU
		{D9959D2F-2016-4355-BC22-061EA8A5E267}.Staging2|Mixed Platforms.ActiveCfg = Staging2|x86
		{D9959D2F-2016-4355-BC22-061EA8A5E267}.Staging2|Mixed Platforms.Build.0 = Staging2|x86
		{D9959D2F-2016-4355-BC22-061EA8A5E267}.Staging2|x64.ActiveCfg = Staging2|Any CPU
		{D9959D2F-2016-4355-BC22-061EA8A5E267}.Staging2|x86.ActiveCfg = Staging2|x86
		{D9959D2F-2016-4355-BC22-061EA8A5E267}.Staging2|x86.Build.0 = Staging2|x86
		{D9959D2F-2016-4355-BC22-061EA8A5E267}.test1|Any CPU.ActiveCfg = test1|Any CPU
		{D9959D2F-2016-4355-BC22-061EA8A5E267}.test1|Any CPU.Build.0 = test1|Any CPU
		{D9959D2F-2016-4355-BC22-061EA8A5E267}.test1|Mixed Platforms.ActiveCfg = test1|x86
		{D9959D2F-2016-4355-BC22-061EA8A5E267}.test1|Mixed Platforms.Build.0 = test1|x86
		{D9959D2F-2016-4355-BC22-061EA8A5E267}.test1|x64.ActiveCfg = test1|Any CPU
		{D9959D2F-2016-4355-BC22-061EA8A5E267}.test1|x86.ActiveCfg = test1|x86
		{D9959D2F-2016-4355-BC22-061EA8A5E267}.test1|x86.Build.0 = test1|x86
		{E57D1AB4-CF2C-4437-A393-FBC665739FA1}.Debug|Any CPU.ActiveCfg = Debug|Any CPU
		{E57D1AB4-CF2C-4437-A393-FBC665739FA1}.Debug|Any CPU.Build.0 = Debug|Any CPU
		{E57D1AB4-CF2C-4437-A393-FBC665739FA1}.Debug|Mixed Platforms.ActiveCfg = Debug|Any CPU
		{E57D1AB4-CF2C-4437-A393-FBC665739FA1}.Debug|Mixed Platforms.Build.0 = Debug|Any CPU
		{E57D1AB4-CF2C-4437-A393-FBC665739FA1}.Debug|x64.ActiveCfg = Debug|Any CPU
		{E57D1AB4-CF2C-4437-A393-FBC665739FA1}.Debug|x86.ActiveCfg = Debug|Any CPU
		{E57D1AB4-CF2C-4437-A393-FBC665739FA1}.Dev|Any CPU.ActiveCfg = Debug|Any CPU
		{E57D1AB4-CF2C-4437-A393-FBC665739FA1}.Dev|Any CPU.Build.0 = Debug|Any CPU
		{E57D1AB4-CF2C-4437-A393-FBC665739FA1}.Dev|Mixed Platforms.ActiveCfg = Debug|Any CPU
		{E57D1AB4-CF2C-4437-A393-FBC665739FA1}.Dev|Mixed Platforms.Build.0 = Debug|Any CPU
		{E57D1AB4-CF2C-4437-A393-FBC665739FA1}.Dev|x64.ActiveCfg = Debug|Any CPU
		{E57D1AB4-CF2C-4437-A393-FBC665739FA1}.Dev|x86.ActiveCfg = Debug|Any CPU
		{E57D1AB4-CF2C-4437-A393-FBC665739FA1}.Live|Any CPU.ActiveCfg = Staging2|Any CPU
		{E57D1AB4-CF2C-4437-A393-FBC665739FA1}.Live|Any CPU.Build.0 = Staging2|Any CPU
		{E57D1AB4-CF2C-4437-A393-FBC665739FA1}.Live|Mixed Platforms.ActiveCfg = Release|Any CPU
		{E57D1AB4-CF2C-4437-A393-FBC665739FA1}.Live|Mixed Platforms.Build.0 = Release|Any CPU
		{E57D1AB4-CF2C-4437-A393-FBC665739FA1}.Live|x64.ActiveCfg = Staging2|Any CPU
		{E57D1AB4-CF2C-4437-A393-FBC665739FA1}.Live|x86.ActiveCfg = Staging2|Any CPU
		{E57D1AB4-CF2C-4437-A393-FBC665739FA1}.Release|Any CPU.ActiveCfg = Release|Any CPU
		{E57D1AB4-CF2C-4437-A393-FBC665739FA1}.Release|Any CPU.Build.0 = Release|Any CPU
		{E57D1AB4-CF2C-4437-A393-FBC665739FA1}.Release|Mixed Platforms.ActiveCfg = Release|Any CPU
		{E57D1AB4-CF2C-4437-A393-FBC665739FA1}.Release|Mixed Platforms.Build.0 = Release|Any CPU
		{E57D1AB4-CF2C-4437-A393-FBC665739FA1}.Release|x64.ActiveCfg = Release|Any CPU
		{E57D1AB4-CF2C-4437-A393-FBC665739FA1}.Release|x86.ActiveCfg = Release|Any CPU
		{E57D1AB4-CF2C-4437-A393-FBC665739FA1}.Staging2|Any CPU.ActiveCfg = Staging2|Any CPU
		{E57D1AB4-CF2C-4437-A393-FBC665739FA1}.Staging2|Any CPU.Build.0 = Staging2|Any CPU
		{E57D1AB4-CF2C-4437-A393-FBC665739FA1}.Staging2|Mixed Platforms.ActiveCfg = Staging2|Any CPU
		{E57D1AB4-CF2C-4437-A393-FBC665739FA1}.Staging2|Mixed Platforms.Build.0 = Staging2|Any CPU
		{E57D1AB4-CF2C-4437-A393-FBC665739FA1}.Staging2|x64.ActiveCfg = Staging2|Any CPU
		{E57D1AB4-CF2C-4437-A393-FBC665739FA1}.Staging2|x86.ActiveCfg = Staging2|Any CPU
		{E57D1AB4-CF2C-4437-A393-FBC665739FA1}.test1|Any CPU.ActiveCfg = Staging2|Any CPU
		{E57D1AB4-CF2C-4437-A393-FBC665739FA1}.test1|Any CPU.Build.0 = Staging2|Any CPU
		{E57D1AB4-CF2C-4437-A393-FBC665739FA1}.test1|Mixed Platforms.ActiveCfg = Release|Any CPU
		{E57D1AB4-CF2C-4437-A393-FBC665739FA1}.test1|Mixed Platforms.Build.0 = Release|Any CPU
		{E57D1AB4-CF2C-4437-A393-FBC665739FA1}.test1|x64.ActiveCfg = Staging2|Any CPU
		{E57D1AB4-CF2C-4437-A393-FBC665739FA1}.test1|x86.ActiveCfg = Staging2|Any CPU
		{70C81A02-E0F2-44BC-80AD-93A8279B8A30}.Debug|Any CPU.ActiveCfg = Debug|Any CPU
		{70C81A02-E0F2-44BC-80AD-93A8279B8A30}.Debug|Any CPU.Build.0 = Debug|Any CPU
		{70C81A02-E0F2-44BC-80AD-93A8279B8A30}.Debug|Mixed Platforms.ActiveCfg = Debug|Any CPU
		{70C81A02-E0F2-44BC-80AD-93A8279B8A30}.Debug|Mixed Platforms.Build.0 = Debug|Any CPU
		{70C81A02-E0F2-44BC-80AD-93A8279B8A30}.Debug|x64.ActiveCfg = Debug|Any CPU
		{70C81A02-E0F2-44BC-80AD-93A8279B8A30}.Debug|x86.ActiveCfg = Debug|Any CPU
		{70C81A02-E0F2-44BC-80AD-93A8279B8A30}.Dev|Any CPU.ActiveCfg = Debug|Any CPU
		{70C81A02-E0F2-44BC-80AD-93A8279B8A30}.Dev|Any CPU.Build.0 = Debug|Any CPU
		{70C81A02-E0F2-44BC-80AD-93A8279B8A30}.Dev|Mixed Platforms.ActiveCfg = Debug|Any CPU
		{70C81A02-E0F2-44BC-80AD-93A8279B8A30}.Dev|Mixed Platforms.Build.0 = Debug|Any CPU
		{70C81A02-E0F2-44BC-80AD-93A8279B8A30}.Dev|x64.ActiveCfg = Debug|Any CPU
		{70C81A02-E0F2-44BC-80AD-93A8279B8A30}.Dev|x86.ActiveCfg = Debug|Any CPU
		{70C81A02-E0F2-44BC-80AD-93A8279B8A30}.Live|Any CPU.ActiveCfg = Staging2|Any CPU
		{70C81A02-E0F2-44BC-80AD-93A8279B8A30}.Live|Any CPU.Build.0 = Staging2|Any CPU
		{70C81A02-E0F2-44BC-80AD-93A8279B8A30}.Live|Mixed Platforms.ActiveCfg = Release|Any CPU
		{70C81A02-E0F2-44BC-80AD-93A8279B8A30}.Live|Mixed Platforms.Build.0 = Release|Any CPU
		{70C81A02-E0F2-44BC-80AD-93A8279B8A30}.Live|x64.ActiveCfg = Staging2|Any CPU
		{70C81A02-E0F2-44BC-80AD-93A8279B8A30}.Live|x86.ActiveCfg = Staging2|Any CPU
		{70C81A02-E0F2-44BC-80AD-93A8279B8A30}.Release|Any CPU.ActiveCfg = Release|Any CPU
		{70C81A02-E0F2-44BC-80AD-93A8279B8A30}.Release|Any CPU.Build.0 = Release|Any CPU
		{70C81A02-E0F2-44BC-80AD-93A8279B8A30}.Release|Mixed Platforms.ActiveCfg = Release|Any CPU
		{70C81A02-E0F2-44BC-80AD-93A8279B8A30}.Release|Mixed Platforms.Build.0 = Release|Any CPU
		{70C81A02-E0F2-44BC-80AD-93A8279B8A30}.Release|x64.ActiveCfg = Release|Any CPU
		{70C81A02-E0F2-44BC-80AD-93A8279B8A30}.Release|x86.ActiveCfg = Release|Any CPU
		{70C81A02-E0F2-44BC-80AD-93A8279B8A30}.Staging2|Any CPU.ActiveCfg = Staging2|Any CPU
		{70C81A02-E0F2-44BC-80AD-93A8279B8A30}.Staging2|Any CPU.Build.0 = Staging2|Any CPU
		{70C81A02-E0F2-44BC-80AD-93A8279B8A30}.Staging2|Mixed Platforms.ActiveCfg = Staging2|Any CPU
		{70C81A02-E0F2-44BC-80AD-93A8279B8A30}.Staging2|Mixed Platforms.Build.0 = Staging2|Any CPU
		{70C81A02-E0F2-44BC-80AD-93A8279B8A30}.Staging2|x64.ActiveCfg = Staging2|Any CPU
		{70C81A02-E0F2-44BC-80AD-93A8279B8A30}.Staging2|x86.ActiveCfg = Staging2|Any CPU
		{70C81A02-E0F2-44BC-80AD-93A8279B8A30}.test1|Any CPU.ActiveCfg = Staging2|Any CPU
		{70C81A02-E0F2-44BC-80AD-93A8279B8A30}.test1|Any CPU.Build.0 = Staging2|Any CPU
		{70C81A02-E0F2-44BC-80AD-93A8279B8A30}.test1|Mixed Platforms.ActiveCfg = Release|Any CPU
		{70C81A02-E0F2-44BC-80AD-93A8279B8A30}.test1|Mixed Platforms.Build.0 = Release|Any CPU
		{70C81A02-E0F2-44BC-80AD-93A8279B8A30}.test1|x64.ActiveCfg = Staging2|Any CPU
		{70C81A02-E0F2-44BC-80AD-93A8279B8A30}.test1|x86.ActiveCfg = Staging2|Any CPU
		{3E34D787-0C46-4501-A774-CCA5930AB20D}.Debug|Any CPU.ActiveCfg = Debug|Any CPU
		{3E34D787-0C46-4501-A774-CCA5930AB20D}.Debug|Any CPU.Build.0 = Debug|Any CPU
		{3E34D787-0C46-4501-A774-CCA5930AB20D}.Debug|Mixed Platforms.ActiveCfg = Debug|Any CPU
		{3E34D787-0C46-4501-A774-CCA5930AB20D}.Debug|Mixed Platforms.Build.0 = Debug|Any CPU
		{3E34D787-0C46-4501-A774-CCA5930AB20D}.Debug|x64.ActiveCfg = Debug|Any CPU
		{3E34D787-0C46-4501-A774-CCA5930AB20D}.Debug|x86.ActiveCfg = Debug|Any CPU
		{3E34D787-0C46-4501-A774-CCA5930AB20D}.Dev|Any CPU.ActiveCfg = Debug|Any CPU
		{3E34D787-0C46-4501-A774-CCA5930AB20D}.Dev|Any CPU.Build.0 = Debug|Any CPU
		{3E34D787-0C46-4501-A774-CCA5930AB20D}.Dev|Mixed Platforms.ActiveCfg = Dev|Any CPU
		{3E34D787-0C46-4501-A774-CCA5930AB20D}.Dev|Mixed Platforms.Build.0 = Dev|Any CPU
		{3E34D787-0C46-4501-A774-CCA5930AB20D}.Dev|x64.ActiveCfg = Debug|Any CPU
		{3E34D787-0C46-4501-A774-CCA5930AB20D}.Dev|x86.ActiveCfg = Debug|Any CPU
		{3E34D787-0C46-4501-A774-CCA5930AB20D}.Live|Any CPU.ActiveCfg = Live|Any CPU
		{3E34D787-0C46-4501-A774-CCA5930AB20D}.Live|Any CPU.Build.0 = Live|Any CPU
		{3E34D787-0C46-4501-A774-CCA5930AB20D}.Live|Mixed Platforms.ActiveCfg = Live|Any CPU
		{3E34D787-0C46-4501-A774-CCA5930AB20D}.Live|Mixed Platforms.Build.0 = Live|Any CPU
		{3E34D787-0C46-4501-A774-CCA5930AB20D}.Live|x64.ActiveCfg = Live|Any CPU
		{3E34D787-0C46-4501-A774-CCA5930AB20D}.Live|x86.ActiveCfg = Live|Any CPU
		{3E34D787-0C46-4501-A774-CCA5930AB20D}.Release|Any CPU.ActiveCfg = Release|Any CPU
		{3E34D787-0C46-4501-A774-CCA5930AB20D}.Release|Any CPU.Build.0 = Release|Any CPU
		{3E34D787-0C46-4501-A774-CCA5930AB20D}.Release|Mixed Platforms.ActiveCfg = Release|Any CPU
		{3E34D787-0C46-4501-A774-CCA5930AB20D}.Release|Mixed Platforms.Build.0 = Release|Any CPU
		{3E34D787-0C46-4501-A774-CCA5930AB20D}.Release|x64.ActiveCfg = Release|Any CPU
		{3E34D787-0C46-4501-A774-CCA5930AB20D}.Release|x86.ActiveCfg = Release|Any CPU
		{3E34D787-0C46-4501-A774-CCA5930AB20D}.Staging2|Any CPU.ActiveCfg = Staging2|Any CPU
		{3E34D787-0C46-4501-A774-CCA5930AB20D}.Staging2|Any CPU.Build.0 = Staging2|Any CPU
		{3E34D787-0C46-4501-A774-CCA5930AB20D}.Staging2|Mixed Platforms.ActiveCfg = Staging2|Any CPU
		{3E34D787-0C46-4501-A774-CCA5930AB20D}.Staging2|Mixed Platforms.Build.0 = Staging2|Any CPU
		{3E34D787-0C46-4501-A774-CCA5930AB20D}.Staging2|x64.ActiveCfg = Staging2|Any CPU
		{3E34D787-0C46-4501-A774-CCA5930AB20D}.Staging2|x86.ActiveCfg = Staging2|Any CPU
		{3E34D787-0C46-4501-A774-CCA5930AB20D}.test1|Any CPU.ActiveCfg = test1|Any CPU
		{3E34D787-0C46-4501-A774-CCA5930AB20D}.test1|Any CPU.Build.0 = test1|Any CPU
		{3E34D787-0C46-4501-A774-CCA5930AB20D}.test1|Mixed Platforms.ActiveCfg = test1|Any CPU
		{3E34D787-0C46-4501-A774-CCA5930AB20D}.test1|Mixed Platforms.Build.0 = test1|Any CPU
		{3E34D787-0C46-4501-A774-CCA5930AB20D}.test1|x64.ActiveCfg = test1|Any CPU
		{3E34D787-0C46-4501-A774-CCA5930AB20D}.test1|x86.ActiveCfg = test1|Any CPU
		{56AA880A-EFF0-440F-92F5-39F2C578CBDD}.Debug|Any CPU.ActiveCfg = Debug|Any CPU
		{56AA880A-EFF0-440F-92F5-39F2C578CBDD}.Debug|Any CPU.Build.0 = Debug|Any CPU
		{56AA880A-EFF0-440F-92F5-39F2C578CBDD}.Debug|Mixed Platforms.ActiveCfg = Debug|Any CPU
		{56AA880A-EFF0-440F-92F5-39F2C578CBDD}.Debug|Mixed Platforms.Build.0 = Debug|Any CPU
		{56AA880A-EFF0-440F-92F5-39F2C578CBDD}.Debug|x64.ActiveCfg = Debug|Any CPU
		{56AA880A-EFF0-440F-92F5-39F2C578CBDD}.Debug|x86.ActiveCfg = Debug|Any CPU
		{56AA880A-EFF0-440F-92F5-39F2C578CBDD}.Dev|Any CPU.ActiveCfg = Debug|Any CPU
		{56AA880A-EFF0-440F-92F5-39F2C578CBDD}.Dev|Any CPU.Build.0 = Debug|Any CPU
		{56AA880A-EFF0-440F-92F5-39F2C578CBDD}.Dev|Mixed Platforms.ActiveCfg = Dev|Any CPU
		{56AA880A-EFF0-440F-92F5-39F2C578CBDD}.Dev|Mixed Platforms.Build.0 = Dev|Any CPU
		{56AA880A-EFF0-440F-92F5-39F2C578CBDD}.Dev|x64.ActiveCfg = Debug|Any CPU
		{56AA880A-EFF0-440F-92F5-39F2C578CBDD}.Dev|x86.ActiveCfg = Debug|Any CPU
		{56AA880A-EFF0-440F-92F5-39F2C578CBDD}.Live|Any CPU.ActiveCfg = Live|Any CPU
		{56AA880A-EFF0-440F-92F5-39F2C578CBDD}.Live|Any CPU.Build.0 = Live|Any CPU
		{56AA880A-EFF0-440F-92F5-39F2C578CBDD}.Live|Mixed Platforms.ActiveCfg = Live|Any CPU
		{56AA880A-EFF0-440F-92F5-39F2C578CBDD}.Live|Mixed Platforms.Build.0 = Live|Any CPU
		{56AA880A-EFF0-440F-92F5-39F2C578CBDD}.Live|x64.ActiveCfg = Live|Any CPU
		{56AA880A-EFF0-440F-92F5-39F2C578CBDD}.Live|x86.ActiveCfg = Live|Any CPU
		{56AA880A-EFF0-440F-92F5-39F2C578CBDD}.Release|Any CPU.ActiveCfg = Release|Any CPU
		{56AA880A-EFF0-440F-92F5-39F2C578CBDD}.Release|Any CPU.Build.0 = Release|Any CPU
		{56AA880A-EFF0-440F-92F5-39F2C578CBDD}.Release|Mixed Platforms.ActiveCfg = Release|Any CPU
		{56AA880A-EFF0-440F-92F5-39F2C578CBDD}.Release|Mixed Platforms.Build.0 = Release|Any CPU
		{56AA880A-EFF0-440F-92F5-39F2C578CBDD}.Release|x64.ActiveCfg = Release|Any CPU
		{56AA880A-EFF0-440F-92F5-39F2C578CBDD}.Release|x86.ActiveCfg = Release|Any CPU
		{56AA880A-EFF0-440F-92F5-39F2C578CBDD}.Staging2|Any CPU.ActiveCfg = Staging2|Any CPU
		{56AA880A-EFF0-440F-92F5-39F2C578CBDD}.Staging2|Any CPU.Build.0 = Staging2|Any CPU
		{56AA880A-EFF0-440F-92F5-39F2C578CBDD}.Staging2|Mixed Platforms.ActiveCfg = Staging2|Any CPU
		{56AA880A-EFF0-440F-92F5-39F2C578CBDD}.Staging2|Mixed Platforms.Build.0 = Staging2|Any CPU
		{56AA880A-EFF0-440F-92F5-39F2C578CBDD}.Staging2|x64.ActiveCfg = Staging2|Any CPU
		{56AA880A-EFF0-440F-92F5-39F2C578CBDD}.Staging2|x86.ActiveCfg = Staging2|Any CPU
		{56AA880A-EFF0-440F-92F5-39F2C578CBDD}.test1|Any CPU.ActiveCfg = test1|Any CPU
		{56AA880A-EFF0-440F-92F5-39F2C578CBDD}.test1|Any CPU.Build.0 = test1|Any CPU
		{56AA880A-EFF0-440F-92F5-39F2C578CBDD}.test1|Mixed Platforms.ActiveCfg = test1|Any CPU
		{56AA880A-EFF0-440F-92F5-39F2C578CBDD}.test1|Mixed Platforms.Build.0 = test1|Any CPU
		{56AA880A-EFF0-440F-92F5-39F2C578CBDD}.test1|x64.ActiveCfg = test1|Any CPU
		{56AA880A-EFF0-440F-92F5-39F2C578CBDD}.test1|x86.ActiveCfg = test1|Any CPU
		{3ECF6405-90D5-4C8B-ABCC-C0BAEDFDEEF9}.Debug|Any CPU.ActiveCfg = Debug|Any CPU
		{3ECF6405-90D5-4C8B-ABCC-C0BAEDFDEEF9}.Debug|Any CPU.Build.0 = Debug|Any CPU
		{3ECF6405-90D5-4C8B-ABCC-C0BAEDFDEEF9}.Debug|Mixed Platforms.ActiveCfg = Debug|Any CPU
		{3ECF6405-90D5-4C8B-ABCC-C0BAEDFDEEF9}.Debug|Mixed Platforms.Build.0 = Debug|Any CPU
		{3ECF6405-90D5-4C8B-ABCC-C0BAEDFDEEF9}.Debug|x64.ActiveCfg = Debug|x64
		{3ECF6405-90D5-4C8B-ABCC-C0BAEDFDEEF9}.Debug|x64.Build.0 = Debug|x64
		{3ECF6405-90D5-4C8B-ABCC-C0BAEDFDEEF9}.Debug|x86.ActiveCfg = Debug|Any CPU
		{3ECF6405-90D5-4C8B-ABCC-C0BAEDFDEEF9}.Dev|Any CPU.ActiveCfg = Debug|Any CPU
		{3ECF6405-90D5-4C8B-ABCC-C0BAEDFDEEF9}.Dev|Any CPU.Build.0 = Debug|Any CPU
		{3ECF6405-90D5-4C8B-ABCC-C0BAEDFDEEF9}.Dev|Mixed Platforms.ActiveCfg = Debug|Any CPU
		{3ECF6405-90D5-4C8B-ABCC-C0BAEDFDEEF9}.Dev|Mixed Platforms.Build.0 = Debug|Any CPU
		{3ECF6405-90D5-4C8B-ABCC-C0BAEDFDEEF9}.Dev|x64.ActiveCfg = Debug|x64
		{3ECF6405-90D5-4C8B-ABCC-C0BAEDFDEEF9}.Dev|x64.Build.0 = Debug|x64
		{3ECF6405-90D5-4C8B-ABCC-C0BAEDFDEEF9}.Dev|x86.ActiveCfg = Debug|Any CPU
		{3ECF6405-90D5-4C8B-ABCC-C0BAEDFDEEF9}.Live|Any CPU.ActiveCfg = Live|Any CPU
		{3ECF6405-90D5-4C8B-ABCC-C0BAEDFDEEF9}.Live|Any CPU.Build.0 = Live|Any CPU
		{3ECF6405-90D5-4C8B-ABCC-C0BAEDFDEEF9}.Live|Mixed Platforms.ActiveCfg = Live|Any CPU
		{3ECF6405-90D5-4C8B-ABCC-C0BAEDFDEEF9}.Live|Mixed Platforms.Build.0 = Live|Any CPU
		{3ECF6405-90D5-4C8B-ABCC-C0BAEDFDEEF9}.Live|x64.ActiveCfg = Live|x64
		{3ECF6405-90D5-4C8B-ABCC-C0BAEDFDEEF9}.Live|x64.Build.0 = Live|x64
		{3ECF6405-90D5-4C8B-ABCC-C0BAEDFDEEF9}.Live|x86.ActiveCfg = Live|Any CPU
		{3ECF6405-90D5-4C8B-ABCC-C0BAEDFDEEF9}.Release|Any CPU.ActiveCfg = Release|Any CPU
		{3ECF6405-90D5-4C8B-ABCC-C0BAEDFDEEF9}.Release|Any CPU.Build.0 = Release|Any CPU
		{3ECF6405-90D5-4C8B-ABCC-C0BAEDFDEEF9}.Release|Mixed Platforms.ActiveCfg = Release|Any CPU
		{3ECF6405-90D5-4C8B-ABCC-C0BAEDFDEEF9}.Release|Mixed Platforms.Build.0 = Release|Any CPU
		{3ECF6405-90D5-4C8B-ABCC-C0BAEDFDEEF9}.Release|x64.ActiveCfg = Release|x64
		{3ECF6405-90D5-4C8B-ABCC-C0BAEDFDEEF9}.Release|x64.Build.0 = Release|x64
		{3ECF6405-90D5-4C8B-ABCC-C0BAEDFDEEF9}.Release|x86.ActiveCfg = Release|Any CPU
		{3ECF6405-90D5-4C8B-ABCC-C0BAEDFDEEF9}.Staging2|Any CPU.ActiveCfg = Staging2|Any CPU
		{3ECF6405-90D5-4C8B-ABCC-C0BAEDFDEEF9}.Staging2|Any CPU.Build.0 = Staging2|Any CPU
		{3ECF6405-90D5-4C8B-ABCC-C0BAEDFDEEF9}.Staging2|Mixed Platforms.ActiveCfg = Staging2|Any CPU
		{3ECF6405-90D5-4C8B-ABCC-C0BAEDFDEEF9}.Staging2|Mixed Platforms.Build.0 = Staging2|Any CPU
		{3ECF6405-90D5-4C8B-ABCC-C0BAEDFDEEF9}.Staging2|x64.ActiveCfg = Staging2|x64
		{3ECF6405-90D5-4C8B-ABCC-C0BAEDFDEEF9}.Staging2|x64.Build.0 = Staging2|x64
		{3ECF6405-90D5-4C8B-ABCC-C0BAEDFDEEF9}.Staging2|x86.ActiveCfg = Staging2|Any CPU
		{3ECF6405-90D5-4C8B-ABCC-C0BAEDFDEEF9}.test1|Any CPU.ActiveCfg = test1|Any CPU
		{3ECF6405-90D5-4C8B-ABCC-C0BAEDFDEEF9}.test1|Any CPU.Build.0 = test1|Any CPU
		{3ECF6405-90D5-4C8B-ABCC-C0BAEDFDEEF9}.test1|Mixed Platforms.ActiveCfg = test1|Any CPU
		{3ECF6405-90D5-4C8B-ABCC-C0BAEDFDEEF9}.test1|Mixed Platforms.Build.0 = test1|Any CPU
		{3ECF6405-90D5-4C8B-ABCC-C0BAEDFDEEF9}.test1|x64.ActiveCfg = test1|x64
		{3ECF6405-90D5-4C8B-ABCC-C0BAEDFDEEF9}.test1|x64.Build.0 = test1|x64
		{3ECF6405-90D5-4C8B-ABCC-C0BAEDFDEEF9}.test1|x86.ActiveCfg = test1|Any CPU
		{10BA737F-F9E7-4EED-B096-BBC47CE14338}.Debug|Any CPU.ActiveCfg = Debug|Any CPU
		{10BA737F-F9E7-4EED-B096-BBC47CE14338}.Debug|Any CPU.Build.0 = Debug|Any CPU
		{10BA737F-F9E7-4EED-B096-BBC47CE14338}.Debug|Mixed Platforms.ActiveCfg = Debug|Any CPU
		{10BA737F-F9E7-4EED-B096-BBC47CE14338}.Debug|Mixed Platforms.Build.0 = Debug|Any CPU
		{10BA737F-F9E7-4EED-B096-BBC47CE14338}.Debug|x64.ActiveCfg = Debug|Any CPU
		{10BA737F-F9E7-4EED-B096-BBC47CE14338}.Debug|x86.ActiveCfg = Debug|Any CPU
		{10BA737F-F9E7-4EED-B096-BBC47CE14338}.Dev|Any CPU.ActiveCfg = Debug|Any CPU
		{10BA737F-F9E7-4EED-B096-BBC47CE14338}.Dev|Any CPU.Build.0 = Debug|Any CPU
		{10BA737F-F9E7-4EED-B096-BBC47CE14338}.Dev|Mixed Platforms.ActiveCfg = Debug|Any CPU
		{10BA737F-F9E7-4EED-B096-BBC47CE14338}.Dev|Mixed Platforms.Build.0 = Debug|Any CPU
		{10BA737F-F9E7-4EED-B096-BBC47CE14338}.Dev|x64.ActiveCfg = Debug|Any CPU
		{10BA737F-F9E7-4EED-B096-BBC47CE14338}.Dev|x86.ActiveCfg = Debug|Any CPU
		{10BA737F-F9E7-4EED-B096-BBC47CE14338}.Live|Any CPU.ActiveCfg = Staging2|Any CPU
		{10BA737F-F9E7-4EED-B096-BBC47CE14338}.Live|Any CPU.Build.0 = Staging2|Any CPU
		{10BA737F-F9E7-4EED-B096-BBC47CE14338}.Live|Mixed Platforms.ActiveCfg = Release|Any CPU
		{10BA737F-F9E7-4EED-B096-BBC47CE14338}.Live|Mixed Platforms.Build.0 = Release|Any CPU
		{10BA737F-F9E7-4EED-B096-BBC47CE14338}.Live|x64.ActiveCfg = Staging2|Any CPU
		{10BA737F-F9E7-4EED-B096-BBC47CE14338}.Live|x86.ActiveCfg = Staging2|Any CPU
		{10BA737F-F9E7-4EED-B096-BBC47CE14338}.Release|Any CPU.ActiveCfg = Release|Any CPU
		{10BA737F-F9E7-4EED-B096-BBC47CE14338}.Release|Any CPU.Build.0 = Release|Any CPU
		{10BA737F-F9E7-4EED-B096-BBC47CE14338}.Release|Mixed Platforms.ActiveCfg = Release|Any CPU
		{10BA737F-F9E7-4EED-B096-BBC47CE14338}.Release|Mixed Platforms.Build.0 = Release|Any CPU
		{10BA737F-F9E7-4EED-B096-BBC47CE14338}.Release|x64.ActiveCfg = Release|Any CPU
		{10BA737F-F9E7-4EED-B096-BBC47CE14338}.Release|x86.ActiveCfg = Release|Any CPU
		{10BA737F-F9E7-4EED-B096-BBC47CE14338}.Staging2|Any CPU.ActiveCfg = Staging2|Any CPU
		{10BA737F-F9E7-4EED-B096-BBC47CE14338}.Staging2|Any CPU.Build.0 = Staging2|Any CPU
		{10BA737F-F9E7-4EED-B096-BBC47CE14338}.Staging2|Mixed Platforms.ActiveCfg = Staging2|Any CPU
		{10BA737F-F9E7-4EED-B096-BBC47CE14338}.Staging2|Mixed Platforms.Build.0 = Staging2|Any CPU
		{10BA737F-F9E7-4EED-B096-BBC47CE14338}.Staging2|x64.ActiveCfg = Staging2|Any CPU
		{10BA737F-F9E7-4EED-B096-BBC47CE14338}.Staging2|x86.ActiveCfg = Staging2|Any CPU
		{10BA737F-F9E7-4EED-B096-BBC47CE14338}.test1|Any CPU.ActiveCfg = Staging2|Any CPU
		{10BA737F-F9E7-4EED-B096-BBC47CE14338}.test1|Any CPU.Build.0 = Staging2|Any CPU
		{10BA737F-F9E7-4EED-B096-BBC47CE14338}.test1|Mixed Platforms.ActiveCfg = Release|Any CPU
		{10BA737F-F9E7-4EED-B096-BBC47CE14338}.test1|Mixed Platforms.Build.0 = Release|Any CPU
		{10BA737F-F9E7-4EED-B096-BBC47CE14338}.test1|x64.ActiveCfg = Staging2|Any CPU
		{10BA737F-F9E7-4EED-B096-BBC47CE14338}.test1|x86.ActiveCfg = Staging2|Any CPU
		{20B6E3C9-17FD-44C4-9980-CAE413E6C55D}.Debug|Any CPU.ActiveCfg = Debug|Any CPU
		{20B6E3C9-17FD-44C4-9980-CAE413E6C55D}.Debug|Any CPU.Build.0 = Debug|Any CPU
		{20B6E3C9-17FD-44C4-9980-CAE413E6C55D}.Debug|Mixed Platforms.ActiveCfg = Debug|Any CPU
		{20B6E3C9-17FD-44C4-9980-CAE413E6C55D}.Debug|Mixed Platforms.Build.0 = Debug|Any CPU
		{20B6E3C9-17FD-44C4-9980-CAE413E6C55D}.Debug|x64.ActiveCfg = Debug|Any CPU
		{20B6E3C9-17FD-44C4-9980-CAE413E6C55D}.Debug|x86.ActiveCfg = Debug|Any CPU
		{20B6E3C9-17FD-44C4-9980-CAE413E6C55D}.Dev|Any CPU.ActiveCfg = Debug|Any CPU
		{20B6E3C9-17FD-44C4-9980-CAE413E6C55D}.Dev|Any CPU.Build.0 = Debug|Any CPU
		{20B6E3C9-17FD-44C4-9980-CAE413E6C55D}.Dev|Mixed Platforms.ActiveCfg = Debug|Any CPU
		{20B6E3C9-17FD-44C4-9980-CAE413E6C55D}.Dev|Mixed Platforms.Build.0 = Debug|Any CPU
		{20B6E3C9-17FD-44C4-9980-CAE413E6C55D}.Dev|x64.ActiveCfg = Debug|Any CPU
		{20B6E3C9-17FD-44C4-9980-CAE413E6C55D}.Dev|x86.ActiveCfg = Debug|Any CPU
		{20B6E3C9-17FD-44C4-9980-CAE413E6C55D}.Live|Any CPU.ActiveCfg = Staging2|Any CPU
		{20B6E3C9-17FD-44C4-9980-CAE413E6C55D}.Live|Any CPU.Build.0 = Staging2|Any CPU
		{20B6E3C9-17FD-44C4-9980-CAE413E6C55D}.Live|Mixed Platforms.ActiveCfg = Release|Any CPU
		{20B6E3C9-17FD-44C4-9980-CAE413E6C55D}.Live|Mixed Platforms.Build.0 = Release|Any CPU
		{20B6E3C9-17FD-44C4-9980-CAE413E6C55D}.Live|x64.ActiveCfg = Staging2|Any CPU
		{20B6E3C9-17FD-44C4-9980-CAE413E6C55D}.Live|x86.ActiveCfg = Staging2|Any CPU
		{20B6E3C9-17FD-44C4-9980-CAE413E6C55D}.Release|Any CPU.ActiveCfg = Release|Any CPU
		{20B6E3C9-17FD-44C4-9980-CAE413E6C55D}.Release|Any CPU.Build.0 = Release|Any CPU
		{20B6E3C9-17FD-44C4-9980-CAE413E6C55D}.Release|Mixed Platforms.ActiveCfg = Release|Any CPU
		{20B6E3C9-17FD-44C4-9980-CAE413E6C55D}.Release|Mixed Platforms.Build.0 = Release|Any CPU
		{20B6E3C9-17FD-44C4-9980-CAE413E6C55D}.Release|x64.ActiveCfg = Release|Any CPU
		{20B6E3C9-17FD-44C4-9980-CAE413E6C55D}.Release|x86.ActiveCfg = Release|Any CPU
		{20B6E3C9-17FD-44C4-9980-CAE413E6C55D}.Staging2|Any CPU.ActiveCfg = Staging2|Any CPU
		{20B6E3C9-17FD-44C4-9980-CAE413E6C55D}.Staging2|Any CPU.Build.0 = Staging2|Any CPU
		{20B6E3C9-17FD-44C4-9980-CAE413E6C55D}.Staging2|Mixed Platforms.ActiveCfg = Staging2|Any CPU
		{20B6E3C9-17FD-44C4-9980-CAE413E6C55D}.Staging2|Mixed Platforms.Build.0 = Staging2|Any CPU
		{20B6E3C9-17FD-44C4-9980-CAE413E6C55D}.Staging2|x64.ActiveCfg = Staging2|Any CPU
		{20B6E3C9-17FD-44C4-9980-CAE413E6C55D}.Staging2|x86.ActiveCfg = Staging2|Any CPU
		{20B6E3C9-17FD-44C4-9980-CAE413E6C55D}.test1|Any CPU.ActiveCfg = Staging2|Any CPU
		{20B6E3C9-17FD-44C4-9980-CAE413E6C55D}.test1|Any CPU.Build.0 = Staging2|Any CPU
		{20B6E3C9-17FD-44C4-9980-CAE413E6C55D}.test1|Mixed Platforms.ActiveCfg = Release|Any CPU
		{20B6E3C9-17FD-44C4-9980-CAE413E6C55D}.test1|Mixed Platforms.Build.0 = Release|Any CPU
		{20B6E3C9-17FD-44C4-9980-CAE413E6C55D}.test1|x64.ActiveCfg = Staging2|Any CPU
		{20B6E3C9-17FD-44C4-9980-CAE413E6C55D}.test1|x86.ActiveCfg = Staging2|Any CPU
		{9CF086B6-144C-4C0A-B6AA-11E59891CF24}.Debug|Any CPU.ActiveCfg = Debug|Any CPU
		{9CF086B6-144C-4C0A-B6AA-11E59891CF24}.Debug|Any CPU.Build.0 = Debug|Any CPU
		{9CF086B6-144C-4C0A-B6AA-11E59891CF24}.Debug|Mixed Platforms.ActiveCfg = Debug|Any CPU
		{9CF086B6-144C-4C0A-B6AA-11E59891CF24}.Debug|Mixed Platforms.Build.0 = Debug|Any CPU
		{9CF086B6-144C-4C0A-B6AA-11E59891CF24}.Debug|x64.ActiveCfg = Debug|Any CPU
		{9CF086B6-144C-4C0A-B6AA-11E59891CF24}.Debug|x86.ActiveCfg = Debug|Any CPU
		{9CF086B6-144C-4C0A-B6AA-11E59891CF24}.Dev|Any CPU.ActiveCfg = Debug|Any CPU
		{9CF086B6-144C-4C0A-B6AA-11E59891CF24}.Dev|Any CPU.Build.0 = Debug|Any CPU
		{9CF086B6-144C-4C0A-B6AA-11E59891CF24}.Dev|Mixed Platforms.ActiveCfg = Debug|Any CPU
		{9CF086B6-144C-4C0A-B6AA-11E59891CF24}.Dev|Mixed Platforms.Build.0 = Debug|Any CPU
		{9CF086B6-144C-4C0A-B6AA-11E59891CF24}.Dev|x64.ActiveCfg = Debug|Any CPU
		{9CF086B6-144C-4C0A-B6AA-11E59891CF24}.Dev|x86.ActiveCfg = Debug|Any CPU
		{9CF086B6-144C-4C0A-B6AA-11E59891CF24}.Live|Any CPU.ActiveCfg = Release|Any CPU
		{9CF086B6-144C-4C0A-B6AA-11E59891CF24}.Live|Any CPU.Build.0 = Release|Any CPU
		{9CF086B6-144C-4C0A-B6AA-11E59891CF24}.Live|Mixed Platforms.ActiveCfg = Release|Any CPU
		{9CF086B6-144C-4C0A-B6AA-11E59891CF24}.Live|Mixed Platforms.Build.0 = Release|Any CPU
		{9CF086B6-144C-4C0A-B6AA-11E59891CF24}.Live|x64.ActiveCfg = Release|Any CPU
		{9CF086B6-144C-4C0A-B6AA-11E59891CF24}.Live|x86.ActiveCfg = Release|Any CPU
		{9CF086B6-144C-4C0A-B6AA-11E59891CF24}.Release|Any CPU.ActiveCfg = Release|Any CPU
		{9CF086B6-144C-4C0A-B6AA-11E59891CF24}.Release|Any CPU.Build.0 = Release|Any CPU
		{9CF086B6-144C-4C0A-B6AA-11E59891CF24}.Release|Mixed Platforms.ActiveCfg = Release|Any CPU
		{9CF086B6-144C-4C0A-B6AA-11E59891CF24}.Release|Mixed Platforms.Build.0 = Release|Any CPU
		{9CF086B6-144C-4C0A-B6AA-11E59891CF24}.Release|x64.ActiveCfg = Release|Any CPU
		{9CF086B6-144C-4C0A-B6AA-11E59891CF24}.Release|x86.ActiveCfg = Release|Any CPU
		{9CF086B6-144C-4C0A-B6AA-11E59891CF24}.Staging2|Any CPU.ActiveCfg = Release|Any CPU
		{9CF086B6-144C-4C0A-B6AA-11E59891CF24}.Staging2|Any CPU.Build.0 = Release|Any CPU
		{9CF086B6-144C-4C0A-B6AA-11E59891CF24}.Staging2|Mixed Platforms.ActiveCfg = Release|Any CPU
		{9CF086B6-144C-4C0A-B6AA-11E59891CF24}.Staging2|Mixed Platforms.Build.0 = Release|Any CPU
		{9CF086B6-144C-4C0A-B6AA-11E59891CF24}.Staging2|x64.ActiveCfg = Release|Any CPU
		{9CF086B6-144C-4C0A-B6AA-11E59891CF24}.Staging2|x86.ActiveCfg = Release|Any CPU
		{9CF086B6-144C-4C0A-B6AA-11E59891CF24}.test1|Any CPU.ActiveCfg = Release|Any CPU
		{9CF086B6-144C-4C0A-B6AA-11E59891CF24}.test1|Any CPU.Build.0 = Release|Any CPU
		{9CF086B6-144C-4C0A-B6AA-11E59891CF24}.test1|Mixed Platforms.ActiveCfg = Release|Any CPU
		{9CF086B6-144C-4C0A-B6AA-11E59891CF24}.test1|Mixed Platforms.Build.0 = Release|Any CPU
		{9CF086B6-144C-4C0A-B6AA-11E59891CF24}.test1|x64.ActiveCfg = Release|Any CPU
		{9CF086B6-144C-4C0A-B6AA-11E59891CF24}.test1|x86.ActiveCfg = Release|Any CPU
	EndGlobalSection
	GlobalSection(SolutionProperties) = preSolution
		HideSolutionNode = FALSE
	EndGlobalSection
	GlobalSection(NestedProjects) = preSolution
		{80381984-537E-4702-9CF8-6BE31FD76901} = {99462766-D5F8-487A-99AA-AD1ADA10AF1B}
		{A16DBBD9-6F7C-4AE4-9876-3ED359C8AAE0} = {7D871A60-C8B1-457C-9DD0-E6AB7C18690F}
		{4E767597-373B-4AA6-A47A-8F6201008301} = {7D678DCD-9844-47FD-BD43-43BF719352B6}
		{408FBA0E-E649-493E-B4D4-8A5328265450} = {2689D15C-5BE3-446B-8964-E843F2C17056}
		{1DF8E912-A18B-4108-BD71-0101BF4073A2} = {99462766-D5F8-487A-99AA-AD1ADA10AF1B}
		{0520364A-A9B3-4AD6-B125-D935DCCAF731} = {2689D15C-5BE3-446B-8964-E843F2C17056}
		{D9959D2F-2016-4355-BC22-061EA8A5E267} = {7D678DCD-9844-47FD-BD43-43BF719352B6}
		{E57D1AB4-CF2C-4437-A393-FBC665739FA1} = {7D871A60-C8B1-457C-9DD0-E6AB7C18690F}
		{70C81A02-E0F2-44BC-80AD-93A8279B8A30} = {7D871A60-C8B1-457C-9DD0-E6AB7C18690F}
		{3E34D787-0C46-4501-A774-CCA5930AB20D} = {7D678DCD-9844-47FD-BD43-43BF719352B6}
		{56AA880A-EFF0-440F-92F5-39F2C578CBDD} = {7D678DCD-9844-47FD-BD43-43BF719352B6}
		{3ECF6405-90D5-4C8B-ABCC-C0BAEDFDEEF9} = {2689D15C-5BE3-446B-8964-E843F2C17056}
		{10BA737F-F9E7-4EED-B096-BBC47CE14338} = {2689D15C-5BE3-446B-8964-E843F2C17056}
		{20B6E3C9-17FD-44C4-9980-CAE413E6C55D} = {2689D15C-5BE3-446B-8964-E843F2C17056}
		{9CF086B6-144C-4C0A-B6AA-11E59891CF24} = {99462766-D5F8-487A-99AA-AD1ADA10AF1B}
	EndGlobalSection
	GlobalSection(TeamFoundationVersionControl) = preSolution
		SccNumberOfProjects = 16
		SccEnterpriseProvider = {4CA58AB2-18FA-4F8D-95D4-32DDF27D184C}
		SccTeamFoundationServer = https://andromedapos.visualstudio.com/defaultcollection
		SccLocalPath0 = .
		SccProjectUniqueName1 = ..\\..\\DataAccess\\AndroCloudDataAccess\\AndroCloudDataAccess.csproj
		SccProjectTopLevelParentUniqueName1 = AndroCloudAPI.sln
		SccProjectName1 = ../../DataAccess/AndroCloudDataAccess
		SccLocalPath1 = ..\\..\\DataAccess\\AndroCloudDataAccess
		SccProjectUniqueName2 = AndroCloudServicesTests\\AndroCloudServicesTests.csproj
		SccProjectTopLevelParentUniqueName2 = AndroCloudAPI.sln
		SccProjectName2 = AndroCloudServicesTests
		SccLocalPath2 = AndroCloudServicesTests
		SccProjectUniqueName3 = AndroCloudWCFServices\\AndroCloudWCFServices.csproj
		SccProjectTopLevelParentUniqueName3 = AndroCloudAPI.sln
		SccLocalPath3 = .
		SccProjectFilePathRelativizedFromConnection3 = AndroCloudWCFServices\\
		SccProjectUniqueName4 = AndroCloudPrivateWCFServices\\AndroCloudPrivateWCFServices.csproj
		SccProjectTopLevelParentUniqueName4 = AndroCloudAPI.sln
		SccProjectName4 = AndroCloudPrivateWCFServices
		SccLocalPath4 = AndroCloudPrivateWCFServices
		SccProjectUniqueName5 = ..\\..\\DataAccess\\AndroCloudDataAccessEntityFramework\\AndroCloudDataAccessEntityFramework.csproj
		SccProjectTopLevelParentUniqueName5 = AndroCloudAPI.sln
		SccProjectName5 = ../../DataAccess/AndroCloudDataAccessEntityFramework
		SccLocalPath5 = ..\\..\\DataAccess\\AndroCloudDataAccessEntityFramework
		SccProjectUniqueName6 = AndroCloudWCFHelper\\AndroCloudHelper.csproj
		SccProjectTopLevelParentUniqueName6 = AndroCloudAPI.sln
		SccProjectName6 = AndroCloudWCFHelper
		SccLocalPath6 = AndroCloudWCFHelper
		SccProjectUniqueName7 = AndroCloudServices\\AndroCloudServices.csproj
		SccProjectTopLevelParentUniqueName7 = AndroCloudAPI.sln
		SccProjectName7 = AndroCloudServices
		SccLocalPath7 = AndroCloudServices
		SccProjectUniqueName8 = AndroCloudPrivateServicesTests\\AndroCloudPrivateServicesTests.csproj
		SccProjectTopLevelParentUniqueName8 = AndroCloudAPI.sln
		SccProjectName8 = AndroCloudPrivateServicesTests
		SccLocalPath8 = AndroCloudPrivateServicesTests
		SccProjectUniqueName9 = ..\\..\\CloudSync\\CloudSyncClientTests\\CloudSyncClientTests.csproj
		SccProjectTopLevelParentUniqueName9 = AndroCloudAPI.sln
		SccProjectName9 = ../../CloudSync/CloudSyncClientTests
		SccLocalPath9 = ..\\..\\CloudSync\\CloudSyncClientTests
		SccProjectUniqueName10 = ..\\..\\CloudSync\\CloudSync\\CloudSync.csproj
		SccProjectTopLevelParentUniqueName10 = AndroCloudAPI.sln
		SccProjectName10 = ../../CloudSync/CloudSync
		SccLocalPath10 = ..\\..\\CloudSync\\CloudSync
		SccProjectUniqueName11 = ..\\..\\CloudSync\\CloudSyncModel\\CloudSyncModel.csproj
		SccProjectTopLevelParentUniqueName11 = AndroCloudAPI.sln
		SccProjectName11 = ../../CloudSync/CloudSyncModel
		SccLocalPath11 = ..\\..\\CloudSync\\CloudSyncModel
		SccProjectUniqueName12 = ..\\..\\DataAccess\\AndroAdminDataAccess\\AndroAdminDataAccess.csproj
		SccProjectTopLevelParentUniqueName12 = AndroCloudAPI.sln
		SccProjectName12 = ../../DataAccess/AndroAdminDataAccess
		SccLocalPath12 = ..\\..\\DataAccess\\AndroAdminDataAccess
		SccProjectUniqueName13 = ..\\..\\DataAccess\\DataWarehouseDataAccess\\DataWarehouseDataAccess.csproj
		SccProjectTopLevelParentUniqueName13 = AndroCloudAPI.sln
		SccProjectName13 = ../../DataAccess/DataWarehouseDataAccess
		SccLocalPath13 = ..\\..\\DataAccess\\DataWarehouseDataAccess
		SccProjectUniqueName14 = ..\\..\\DataAccess\\DataWarehouseDataAccessEntityFramework\\DataWarehouseDataAccessEntityFramework.csproj
		SccProjectTopLevelParentUniqueName14 = AndroCloudAPI.sln
		SccProjectName14 = ../../DataAccess/DataWarehouseDataAccessEntityFramework
		SccLocalPath14 = ..\\..\\DataAccess\\DataWarehouseDataAccessEntityFramework
		SccProjectUniqueName15 = AndroCloudWebApiExternal\\AndroCloudWebApiExternal.csproj
		SccProjectTopLevelParentUniqueName15 = AndroCloudAPI.sln
		SccProjectName15 = AndroCloudWebApiExternal
		SccLocalPath15 = AndroCloudWebApiExternal
	EndGlobalSection
	GlobalSection(TestCaseManagementSettings) = postSolution
		CategoryFile = AndroCloudAPI1.vsmdi
	EndGlobalSection
EndGlobal
