
Microsoft Visual Studio Solution File, Format Version 12.00
# Visual Studio 2013
VisualStudioVersion = 12.0.40629.0
MinimumVisualStudioVersion = 10.0.40219.1
Project("{FAE04EC0-301F-11D3-BF4B-00C04F79EFBC}") = "Andromeda.WebOrdering", "Andromeda.WebOrdering.csproj", "{C4EB7C10-D38C-4391-ABA3-BF9872AE40BD}"
EndProject
Project("{FAE04EC0-301F-11D3-BF4B-00C04F79EFBC}") = "Andromeda.WebOrderingSignalRHub", "..\Andromeda.WebOrderingSignalRHub\Andromeda.WebOrderingSignalRHub.csproj", "{F433322D-2B19-4B5B-8231-528B06B4131A}"
EndProject
Project("{2150E333-8FDC-42A3-9474-1A3956D46DE8}") = ".nuget", ".nuget", "{E7A807EE-DFB0-482C-B3CF-C38DD0C144C2}"
	ProjectSection(SolutionItems) = preProject
		.nuget\NuGet.Config = .nuget\NuGet.Config
		.nuget\NuGet.exe = .nuget\NuGet.exe
		.nuget\NuGet.targets = .nuget\NuGet.targets
	EndProjectSection
EndProject
Project("{FAE04EC0-301F-11D3-BF4B-00C04F79EFBC}") = "Andromeda.WebOrdering.Tests", "..\Andromeda.WebOrdering.Tests\Andromeda.WebOrdering.Tests.csproj", "{4ED9FE5B-11E3-45D2-A87D-E7C4D19AC4E2}"
EndProject
Global
	GlobalSection(TeamFoundationVersionControl) = preSolution
		SccNumberOfProjects = 4
		SccEnterpriseProvider = {4CA58AB2-18FA-4F8D-95D4-32DDF27D184C}
		SccTeamFoundationServer = http://tfsvm2012:8080/tfs/tfs
		SccLocalPath0 = .
		SccProjectUniqueName1 = Andromeda.WebOrdering.csproj
		SccLocalPath1 = .
		SccProjectUniqueName2 = ..\\Andromeda.WebOrderingSignalRHub\\Andromeda.WebOrderingSignalRHub.csproj
		SccProjectName2 = ../Andromeda.WebOrderingSignalRHub
		SccLocalPath2 = ..\\Andromeda.WebOrderingSignalRHub
		SccProjectUniqueName3 = ..\\Andromeda.WebOrdering.Tests\\Andromeda.WebOrdering.Tests.csproj
		SccProjectName3 = ../Andromeda.WebOrdering.Tests
		SccLocalPath3 = ..\\Andromeda.WebOrdering.Tests
	EndGlobalSection
	GlobalSection(SolutionConfigurationPlatforms) = preSolution
		Debug|Any CPU = Debug|Any CPU
		Release|Any CPU = Release|Any CPU
	EndGlobalSection
	GlobalSection(ProjectConfigurationPlatforms) = postSolution
		{C4EB7C10-D38C-4391-ABA3-BF9872AE40BD}.Debug|Any CPU.ActiveCfg = Debug|Any CPU
		{C4EB7C10-D38C-4391-ABA3-BF9872AE40BD}.Debug|Any CPU.Build.0 = Debug|Any CPU
		{C4EB7C10-D38C-4391-ABA3-BF9872AE40BD}.Release|Any CPU.ActiveCfg = Release|Any CPU
		{C4EB7C10-D38C-4391-ABA3-BF9872AE40BD}.Release|Any CPU.Build.0 = Release|Any CPU
		{F433322D-2B19-4B5B-8231-528B06B4131A}.Debug|Any CPU.ActiveCfg = Debug|Any CPU
		{F433322D-2B19-4B5B-8231-528B06B4131A}.Debug|Any CPU.Build.0 = Debug|Any CPU
		{F433322D-2B19-4B5B-8231-528B06B4131A}.Release|Any CPU.ActiveCfg = Release|Any CPU
		{F433322D-2B19-4B5B-8231-528B06B4131A}.Release|Any CPU.Build.0 = Release|Any CPU
		{4ED9FE5B-11E3-45D2-A87D-E7C4D19AC4E2}.Debug|Any CPU.ActiveCfg = Debug|Any CPU
		{4ED9FE5B-11E3-45D2-A87D-E7C4D19AC4E2}.Debug|Any CPU.Build.0 = Debug|Any CPU
		{4ED9FE5B-11E3-45D2-A87D-E7C4D19AC4E2}.Release|Any CPU.ActiveCfg = Release|Any CPU
		{4ED9FE5B-11E3-45D2-A87D-E7C4D19AC4E2}.Release|Any CPU.Build.0 = Release|Any CPU
	EndGlobalSection
	GlobalSection(SolutionProperties) = preSolution
		HideSolutionNode = FALSE
	EndGlobalSection
EndGlobal
