
Microsoft Visual Studio Solution File, Format Version 11.00
# Visual Studio 2010
Project("{FAE04EC0-301F-11D3-BF4B-00C04F79EFBC}") = "WebDashboard.Admin", "WebDashboard.Admin.csproj", "{AB3D7C53-03C9-42CF-BA3B-A62143E5737E}"
EndProject
Project("{FAE04EC0-301F-11D3-BF4B-00C04F79EFBC}") = "WebDashboard.Dao.NHibernate", "..\WebDashboard.Dao.NHibernate\WebDashboard.Dao.NHibernate.csproj", "{E2658E2C-1B63-4570-90DC-AB009167642E}"
EndProject
Project("{FAE04EC0-301F-11D3-BF4B-00C04F79EFBC}") = "WebDashboard.Dao", "..\WebDashboard.Dao\WebDashboard.Dao.csproj", "{598CD87F-04B8-4398-B730-5914767E04D3}"
EndProject
Project("{FAE04EC0-301F-11D3-BF4B-00C04F79EFBC}") = "WebDashboard.Mvc", "..\WebDashboard.Mvc\WebDashboard.Mvc.csproj", "{8A8B2577-EE23-42C8-AE93-75C181E85130}"
EndProject
Global
	GlobalSection(TeamFoundationVersionControl) = preSolution
		SccNumberOfProjects = 5
		SccEnterpriseProvider = {4CA58AB2-18FA-4F8D-95D4-32DDF27D184C}
		SccTeamFoundationServer = http://tfsvm:8080/tfs/androtfs
		SccProjectUniqueName0 = ..\\WebDashboard.Mvc\\WebDashboard.Mvc.csproj
		SccProjectName0 = ../WebDashboard.Mvc
		SccLocalPath0 = ..\\WebDashboard.Mvc
		SccLocalPath1 = .
		SccProjectUniqueName2 = WebDashboard.Admin.csproj
		SccLocalPath2 = .
		SccProjectUniqueName3 = ..\\WebDashboard.Dao.NHibernate\\WebDashboard.Dao.NHibernate.csproj
		SccProjectName3 = ../WebDashboard.Dao.NHibernate
		SccLocalPath3 = ..\\WebDashboard.Dao.NHibernate
		SccProjectUniqueName4 = ..\\WebDashboard.Dao\\WebDashboard.Dao.csproj
		SccProjectName4 = ../WebDashboard.Dao
		SccLocalPath4 = ..\\WebDashboard.Dao
	EndGlobalSection
	GlobalSection(SolutionConfigurationPlatforms) = preSolution
		Debug|Any CPU = Debug|Any CPU
		Release|Any CPU = Release|Any CPU
	EndGlobalSection
	GlobalSection(ProjectConfigurationPlatforms) = postSolution
		{AB3D7C53-03C9-42CF-BA3B-A62143E5737E}.Debug|Any CPU.ActiveCfg = Debug|Any CPU
		{AB3D7C53-03C9-42CF-BA3B-A62143E5737E}.Debug|Any CPU.Build.0 = Debug|Any CPU
		{AB3D7C53-03C9-42CF-BA3B-A62143E5737E}.Release|Any CPU.ActiveCfg = Release|Any CPU
		{AB3D7C53-03C9-42CF-BA3B-A62143E5737E}.Release|Any CPU.Build.0 = Release|Any CPU
		{E2658E2C-1B63-4570-90DC-AB009167642E}.Debug|Any CPU.ActiveCfg = Debug|Any CPU
		{E2658E2C-1B63-4570-90DC-AB009167642E}.Debug|Any CPU.Build.0 = Debug|Any CPU
		{E2658E2C-1B63-4570-90DC-AB009167642E}.Release|Any CPU.ActiveCfg = Release|Any CPU
		{E2658E2C-1B63-4570-90DC-AB009167642E}.Release|Any CPU.Build.0 = Release|Any CPU
		{598CD87F-04B8-4398-B730-5914767E04D3}.Debug|Any CPU.ActiveCfg = Debug|Any CPU
		{598CD87F-04B8-4398-B730-5914767E04D3}.Debug|Any CPU.Build.0 = Debug|Any CPU
		{598CD87F-04B8-4398-B730-5914767E04D3}.Release|Any CPU.ActiveCfg = Release|Any CPU
		{598CD87F-04B8-4398-B730-5914767E04D3}.Release|Any CPU.Build.0 = Release|Any CPU
		{8A8B2577-EE23-42C8-AE93-75C181E85130}.Debug|Any CPU.ActiveCfg = Debug|Any CPU
		{8A8B2577-EE23-42C8-AE93-75C181E85130}.Debug|Any CPU.Build.0 = Debug|Any CPU
		{8A8B2577-EE23-42C8-AE93-75C181E85130}.Release|Any CPU.ActiveCfg = Release|Any CPU
		{8A8B2577-EE23-42C8-AE93-75C181E85130}.Release|Any CPU.Build.0 = Release|Any CPU
	EndGlobalSection
	GlobalSection(SolutionProperties) = preSolution
		HideSolutionNode = FALSE
	EndGlobalSection
EndGlobal
