
Microsoft Visual Studio Solution File, Format Version 12.00
# Visual Studio Express 2012 for Web
Project("{FAE04EC0-301F-11D3-BF4B-00C04F79EFBC}") = "AndroReport", "MVCAndromeda\AndroReport.csproj", "{2E76C4D8-48E5-40A2-9238-5E08CA15BDFD}"
EndProject
Project("{2150E333-8FDC-42A3-9474-1A3956D46DE8}") = "MyAndromeda", "MyAndromeda", "{ECC9B4D9-1AC5-4A03-BD68-51B487786D1A}"
EndProject
Project("{FAE04EC0-301F-11D3-BF4B-00C04F79EFBC}") = "MyAndromeda.Core", "..\..\MyAndromeda\MyAndromeda.Core\MyAndromeda.Core.csproj", "{F1C66EE6-D9CC-4437-9D47-CBD32B6132CE}"
EndProject
Project("{FAE04EC0-301F-11D3-BF4B-00C04F79EFBC}") = "MyAndromeda.Framework", "..\..\MyAndromeda\MyAndromeda.Framework\MyAndromeda.Framework.csproj", "{2B31AEE8-90B9-4A5C-89A5-AE7EB12F1CEB}"
EndProject
Project("{FAE04EC0-301F-11D3-BF4B-00C04F79EFBC}") = "MyAndromedaMembershipProvider", "..\..\MyAndromeda\MyAndromedaMembershipProvider\MyAndromedaMembershipProvider.csproj", "{131CF9AA-FCE6-4A83-A046-BE10057BE612}"
EndProject
Project("{FAE04EC0-301F-11D3-BF4B-00C04F79EFBC}") = "MyAndromedaDataAccessEntityFramework", "..\..\..\DataAccess\MyAndromedaDataAccessEntityFramework\MyAndromedaDataAccessEntityFramework\MyAndromedaDataAccessEntityFramework.csproj", "{6B7D4B89-6FA5-4A65-A611-94F26DE92361}"
EndProject
Project("{FAE04EC0-301F-11D3-BF4B-00C04F79EFBC}") = "MyAndromedaDataAccess", "..\..\..\DataAccess\MyAndromedaDataAccess\MyAndromedaDataAccess.csproj", "{F1A21A41-2038-40AB-BCD9-D7374A0AEE80}"
EndProject
Project("{2150E333-8FDC-42A3-9474-1A3956D46DE8}") = ".nuget", ".nuget", "{8FE09EC8-7952-40E8-8DE5-52DFEEFA09FD}"
	ProjectSection(SolutionItems) = preProject
		.nuget\NuGet.Config = .nuget\NuGet.Config
		.nuget\NuGet.exe = .nuget\NuGet.exe
		.nuget\NuGet.targets = .nuget\NuGet.targets
	EndProjectSection
EndProject
Project("{FAE04EC0-301F-11D3-BF4B-00C04F79EFBC}") = "AndroCloudHelper", "..\..\..\Services\AndroCloudServices\AndroCloudWCFHelper\AndroCloudHelper.csproj", "{D9959D2F-2016-4355-BC22-061EA8A5E267}"
EndProject
Global
	GlobalSection(TeamFoundationVersionControl) = preSolution
		SccNumberOfProjects = 6
		SccEnterpriseProvider = {4CA58AB2-18FA-4F8D-95D4-32DDF27D184C}
		SccTeamFoundationServer = http://tfsvm2012:8080/tfs/tfs
		SccProjectUniqueName0 = ..\\..\\MyAndromeda\\MyAndromeda.Core\\MyAndromeda.Core.csproj
		SccProjectTopLevelParentUniqueName0 = AndroReport.sln
		SccProjectName0 = ../../MyAndromeda/MyAndromeda.Core
		SccAuxPath0 = http://tfsvm2012:8080/tfs/tfs
		SccLocalPath0 = ..\\..\\MyAndromeda\\MyAndromeda.Core
		SccProvider0 = {4CA58AB2-18FA-4F8D-95D4-32DDF27D184C}
		SccProjectUniqueName1 = ..\\..\\MyAndromeda\\MyAndromeda.Framework\\MyAndromeda.Framework.csproj
		SccProjectTopLevelParentUniqueName1 = AndroReport.sln
		SccProjectName1 = ../../MyAndromeda/MyAndromeda.Framework
		SccAuxPath1 = http://tfsvm2012:8080/tfs/tfs
		SccLocalPath1 = ..\\..\\MyAndromeda\\MyAndromeda.Framework
		SccProvider1 = {4CA58AB2-18FA-4F8D-95D4-32DDF27D184C}
		SccProjectUniqueName2 = ..\\..\\MyAndromeda\\MyAndromedaMembershipProvider\\MyAndromedaMembershipProvider.csproj
		SccProjectTopLevelParentUniqueName2 = AndroReport.sln
		SccProjectName2 = ../../MyAndromeda/MyAndromedaMembershipProvider
		SccAuxPath2 = http://tfsvm2012:8080/tfs/tfs
		SccLocalPath2 = ..\\..\\MyAndromeda\\MyAndromedaMembershipProvider
		SccProvider2 = {4CA58AB2-18FA-4F8D-95D4-32DDF27D184C}
		SccProjectUniqueName3 = ..\\..\\..\\DataAccess\\MyAndromedaDataAccessEntityFramework\\MyAndromedaDataAccessEntityFramework\\MyAndromedaDataAccessEntityFramework.csproj
		SccProjectTopLevelParentUniqueName3 = AndroReport.sln
		SccProjectName3 = ../../../DataAccess/MyAndromedaDataAccessEntityFramework/MyAndromedaDataAccessEntityFramework
		SccAuxPath3 = http://tfsvm2012:8080/tfs/tfs
		SccLocalPath3 = ..\\..\\..\\DataAccess\\MyAndromedaDataAccessEntityFramework\\MyAndromedaDataAccessEntityFramework
		SccProvider3 = {4CA58AB2-18FA-4F8D-95D4-32DDF27D184C}
		SccProjectUniqueName4 = ..\\..\\..\\DataAccess\\MyAndromedaDataAccess\\MyAndromedaDataAccess.csproj
		SccProjectTopLevelParentUniqueName4 = AndroReport.sln
		SccProjectName4 = ../../../DataAccess/MyAndromedaDataAccess
		SccAuxPath4 = http://tfsvm2012:8080/tfs/tfs
		SccLocalPath4 = ..\\..\\..\\DataAccess\\MyAndromedaDataAccess
		SccProvider4 = {4CA58AB2-18FA-4F8D-95D4-32DDF27D184C}
		SccProjectUniqueName5 = ..\\..\\..\\Services\\AndroCloudServices\\AndroCloudWCFHelper\\AndroCloudHelper.csproj
		SccProjectName5 = ../../../Services/AndroCloudServices/AndroCloudWCFHelper
		SccAuxPath5 = http://tfsvm2012:8080/tfs/tfs
		SccLocalPath5 = ..\\..\\..\\Services\\AndroCloudServices\\AndroCloudWCFHelper
		SccProvider5 = {4CA58AB2-18FA-4F8D-95D4-32DDF27D184C}
	EndGlobalSection
	GlobalSection(SolutionConfigurationPlatforms) = preSolution
		Debug|Any CPU = Debug|Any CPU
		Debug|x86 = Debug|x86
		Dev|Any CPU = Dev|Any CPU
		Dev|x86 = Dev|x86
		Release|Any CPU = Release|Any CPU
		Release|x86 = Release|x86
		Staging2|Any CPU = Staging2|Any CPU
		Staging2|x86 = Staging2|x86
	EndGlobalSection
	GlobalSection(ProjectConfigurationPlatforms) = postSolution
		{2E76C4D8-48E5-40A2-9238-5E08CA15BDFD}.Debug|Any CPU.ActiveCfg = Debug|Any CPU
		{2E76C4D8-48E5-40A2-9238-5E08CA15BDFD}.Debug|Any CPU.Build.0 = Debug|Any CPU
		{2E76C4D8-48E5-40A2-9238-5E08CA15BDFD}.Debug|x86.ActiveCfg = Debug|Any CPU
		{2E76C4D8-48E5-40A2-9238-5E08CA15BDFD}.Dev|Any CPU.ActiveCfg = Debug|Any CPU
		{2E76C4D8-48E5-40A2-9238-5E08CA15BDFD}.Dev|Any CPU.Build.0 = Debug|Any CPU
		{2E76C4D8-48E5-40A2-9238-5E08CA15BDFD}.Dev|x86.ActiveCfg = Debug|Any CPU
		{2E76C4D8-48E5-40A2-9238-5E08CA15BDFD}.Release|Any CPU.ActiveCfg = Release|Any CPU
		{2E76C4D8-48E5-40A2-9238-5E08CA15BDFD}.Release|Any CPU.Build.0 = Release|Any CPU
		{2E76C4D8-48E5-40A2-9238-5E08CA15BDFD}.Release|x86.ActiveCfg = Release|Any CPU
		{2E76C4D8-48E5-40A2-9238-5E08CA15BDFD}.Staging2|Any CPU.ActiveCfg = Release|Any CPU
		{2E76C4D8-48E5-40A2-9238-5E08CA15BDFD}.Staging2|Any CPU.Build.0 = Release|Any CPU
		{2E76C4D8-48E5-40A2-9238-5E08CA15BDFD}.Staging2|x86.ActiveCfg = Release|Any CPU
		{F1C66EE6-D9CC-4437-9D47-CBD32B6132CE}.Debug|Any CPU.ActiveCfg = Debug|Any CPU
		{F1C66EE6-D9CC-4437-9D47-CBD32B6132CE}.Debug|Any CPU.Build.0 = Debug|Any CPU
		{F1C66EE6-D9CC-4437-9D47-CBD32B6132CE}.Debug|x86.ActiveCfg = Debug|Any CPU
		{F1C66EE6-D9CC-4437-9D47-CBD32B6132CE}.Dev|Any CPU.ActiveCfg = Dev|Any CPU
		{F1C66EE6-D9CC-4437-9D47-CBD32B6132CE}.Dev|Any CPU.Build.0 = Dev|Any CPU
		{F1C66EE6-D9CC-4437-9D47-CBD32B6132CE}.Dev|x86.ActiveCfg = Dev|Any CPU
		{F1C66EE6-D9CC-4437-9D47-CBD32B6132CE}.Release|Any CPU.ActiveCfg = Release|Any CPU
		{F1C66EE6-D9CC-4437-9D47-CBD32B6132CE}.Release|Any CPU.Build.0 = Release|Any CPU
		{F1C66EE6-D9CC-4437-9D47-CBD32B6132CE}.Release|x86.ActiveCfg = Release|Any CPU
		{F1C66EE6-D9CC-4437-9D47-CBD32B6132CE}.Staging2|Any CPU.ActiveCfg = Staging2|Any CPU
		{F1C66EE6-D9CC-4437-9D47-CBD32B6132CE}.Staging2|Any CPU.Build.0 = Staging2|Any CPU
		{F1C66EE6-D9CC-4437-9D47-CBD32B6132CE}.Staging2|x86.ActiveCfg = Staging2|Any CPU
		{2B31AEE8-90B9-4A5C-89A5-AE7EB12F1CEB}.Debug|Any CPU.ActiveCfg = Debug|Any CPU
		{2B31AEE8-90B9-4A5C-89A5-AE7EB12F1CEB}.Debug|Any CPU.Build.0 = Debug|Any CPU
		{2B31AEE8-90B9-4A5C-89A5-AE7EB12F1CEB}.Debug|x86.ActiveCfg = Debug|Any CPU
		{2B31AEE8-90B9-4A5C-89A5-AE7EB12F1CEB}.Dev|Any CPU.ActiveCfg = Dev|Any CPU
		{2B31AEE8-90B9-4A5C-89A5-AE7EB12F1CEB}.Dev|Any CPU.Build.0 = Dev|Any CPU
		{2B31AEE8-90B9-4A5C-89A5-AE7EB12F1CEB}.Dev|x86.ActiveCfg = Dev|Any CPU
		{2B31AEE8-90B9-4A5C-89A5-AE7EB12F1CEB}.Release|Any CPU.ActiveCfg = Release|Any CPU
		{2B31AEE8-90B9-4A5C-89A5-AE7EB12F1CEB}.Release|Any CPU.Build.0 = Release|Any CPU
		{2B31AEE8-90B9-4A5C-89A5-AE7EB12F1CEB}.Release|x86.ActiveCfg = Release|Any CPU
		{2B31AEE8-90B9-4A5C-89A5-AE7EB12F1CEB}.Staging2|Any CPU.ActiveCfg = Staging2|Any CPU
		{2B31AEE8-90B9-4A5C-89A5-AE7EB12F1CEB}.Staging2|Any CPU.Build.0 = Staging2|Any CPU
		{2B31AEE8-90B9-4A5C-89A5-AE7EB12F1CEB}.Staging2|x86.ActiveCfg = Staging2|Any CPU
		{131CF9AA-FCE6-4A83-A046-BE10057BE612}.Debug|Any CPU.ActiveCfg = Debug|Any CPU
		{131CF9AA-FCE6-4A83-A046-BE10057BE612}.Debug|Any CPU.Build.0 = Debug|Any CPU
		{131CF9AA-FCE6-4A83-A046-BE10057BE612}.Debug|x86.ActiveCfg = Debug|Any CPU
		{131CF9AA-FCE6-4A83-A046-BE10057BE612}.Dev|Any CPU.ActiveCfg = Dev|Any CPU
		{131CF9AA-FCE6-4A83-A046-BE10057BE612}.Dev|Any CPU.Build.0 = Dev|Any CPU
		{131CF9AA-FCE6-4A83-A046-BE10057BE612}.Dev|x86.ActiveCfg = Dev|Any CPU
		{131CF9AA-FCE6-4A83-A046-BE10057BE612}.Release|Any CPU.ActiveCfg = Release|Any CPU
		{131CF9AA-FCE6-4A83-A046-BE10057BE612}.Release|Any CPU.Build.0 = Release|Any CPU
		{131CF9AA-FCE6-4A83-A046-BE10057BE612}.Release|x86.ActiveCfg = Release|Any CPU
		{131CF9AA-FCE6-4A83-A046-BE10057BE612}.Staging2|Any CPU.ActiveCfg = Staging2|Any CPU
		{131CF9AA-FCE6-4A83-A046-BE10057BE612}.Staging2|Any CPU.Build.0 = Staging2|Any CPU
		{131CF9AA-FCE6-4A83-A046-BE10057BE612}.Staging2|x86.ActiveCfg = Staging2|Any CPU
		{6B7D4B89-6FA5-4A65-A611-94F26DE92361}.Debug|Any CPU.ActiveCfg = Debug|Any CPU
		{6B7D4B89-6FA5-4A65-A611-94F26DE92361}.Debug|Any CPU.Build.0 = Debug|Any CPU
		{6B7D4B89-6FA5-4A65-A611-94F26DE92361}.Debug|x86.ActiveCfg = Debug|Any CPU
		{6B7D4B89-6FA5-4A65-A611-94F26DE92361}.Dev|Any CPU.ActiveCfg = Debug|Any CPU
		{6B7D4B89-6FA5-4A65-A611-94F26DE92361}.Dev|Any CPU.Build.0 = Debug|Any CPU
		{6B7D4B89-6FA5-4A65-A611-94F26DE92361}.Dev|x86.ActiveCfg = Debug|Any CPU
		{6B7D4B89-6FA5-4A65-A611-94F26DE92361}.Release|Any CPU.ActiveCfg = Release|Any CPU
		{6B7D4B89-6FA5-4A65-A611-94F26DE92361}.Release|Any CPU.Build.0 = Release|Any CPU
		{6B7D4B89-6FA5-4A65-A611-94F26DE92361}.Release|x86.ActiveCfg = Release|Any CPU
		{6B7D4B89-6FA5-4A65-A611-94F26DE92361}.Staging2|Any CPU.ActiveCfg = Release|Any CPU
		{6B7D4B89-6FA5-4A65-A611-94F26DE92361}.Staging2|Any CPU.Build.0 = Release|Any CPU
		{6B7D4B89-6FA5-4A65-A611-94F26DE92361}.Staging2|x86.ActiveCfg = Release|Any CPU
		{F1A21A41-2038-40AB-BCD9-D7374A0AEE80}.Debug|Any CPU.ActiveCfg = Debug|Any CPU
		{F1A21A41-2038-40AB-BCD9-D7374A0AEE80}.Debug|Any CPU.Build.0 = Debug|Any CPU
		{F1A21A41-2038-40AB-BCD9-D7374A0AEE80}.Debug|x86.ActiveCfg = Debug|Any CPU
		{F1A21A41-2038-40AB-BCD9-D7374A0AEE80}.Dev|Any CPU.ActiveCfg = Debug|Any CPU
		{F1A21A41-2038-40AB-BCD9-D7374A0AEE80}.Dev|Any CPU.Build.0 = Debug|Any CPU
		{F1A21A41-2038-40AB-BCD9-D7374A0AEE80}.Dev|x86.ActiveCfg = Debug|Any CPU
		{F1A21A41-2038-40AB-BCD9-D7374A0AEE80}.Release|Any CPU.ActiveCfg = Release|Any CPU
		{F1A21A41-2038-40AB-BCD9-D7374A0AEE80}.Release|Any CPU.Build.0 = Release|Any CPU
		{F1A21A41-2038-40AB-BCD9-D7374A0AEE80}.Release|x86.ActiveCfg = Release|Any CPU
		{F1A21A41-2038-40AB-BCD9-D7374A0AEE80}.Staging2|Any CPU.ActiveCfg = Release|Any CPU
		{F1A21A41-2038-40AB-BCD9-D7374A0AEE80}.Staging2|Any CPU.Build.0 = Release|Any CPU
		{F1A21A41-2038-40AB-BCD9-D7374A0AEE80}.Staging2|x86.ActiveCfg = Release|Any CPU
		{D9959D2F-2016-4355-BC22-061EA8A5E267}.Debug|Any CPU.ActiveCfg = Debug|Any CPU
		{D9959D2F-2016-4355-BC22-061EA8A5E267}.Debug|Any CPU.Build.0 = Debug|Any CPU
		{D9959D2F-2016-4355-BC22-061EA8A5E267}.Debug|x86.ActiveCfg = Debug|x86
		{D9959D2F-2016-4355-BC22-061EA8A5E267}.Debug|x86.Build.0 = Debug|x86
		{D9959D2F-2016-4355-BC22-061EA8A5E267}.Dev|Any CPU.ActiveCfg = Debug|Any CPU
		{D9959D2F-2016-4355-BC22-061EA8A5E267}.Dev|Any CPU.Build.0 = Debug|Any CPU
		{D9959D2F-2016-4355-BC22-061EA8A5E267}.Dev|x86.ActiveCfg = Debug|x86
		{D9959D2F-2016-4355-BC22-061EA8A5E267}.Dev|x86.Build.0 = Debug|x86
		{D9959D2F-2016-4355-BC22-061EA8A5E267}.Release|Any CPU.ActiveCfg = Release|Any CPU
		{D9959D2F-2016-4355-BC22-061EA8A5E267}.Release|Any CPU.Build.0 = Release|Any CPU
		{D9959D2F-2016-4355-BC22-061EA8A5E267}.Release|x86.ActiveCfg = Release|x86
		{D9959D2F-2016-4355-BC22-061EA8A5E267}.Release|x86.Build.0 = Release|x86
		{D9959D2F-2016-4355-BC22-061EA8A5E267}.Staging2|Any CPU.ActiveCfg = Release|Any CPU
		{D9959D2F-2016-4355-BC22-061EA8A5E267}.Staging2|Any CPU.Build.0 = Release|Any CPU
		{D9959D2F-2016-4355-BC22-061EA8A5E267}.Staging2|x86.ActiveCfg = Release|x86
		{D9959D2F-2016-4355-BC22-061EA8A5E267}.Staging2|x86.Build.0 = Release|x86
	EndGlobalSection
	GlobalSection(SolutionProperties) = preSolution
		HideSolutionNode = FALSE
	EndGlobalSection
	GlobalSection(NestedProjects) = preSolution
		{F1C66EE6-D9CC-4437-9D47-CBD32B6132CE} = {ECC9B4D9-1AC5-4A03-BD68-51B487786D1A}
		{2B31AEE8-90B9-4A5C-89A5-AE7EB12F1CEB} = {ECC9B4D9-1AC5-4A03-BD68-51B487786D1A}
		{131CF9AA-FCE6-4A83-A046-BE10057BE612} = {ECC9B4D9-1AC5-4A03-BD68-51B487786D1A}
		{6B7D4B89-6FA5-4A65-A611-94F26DE92361} = {ECC9B4D9-1AC5-4A03-BD68-51B487786D1A}
		{F1A21A41-2038-40AB-BCD9-D7374A0AEE80} = {ECC9B4D9-1AC5-4A03-BD68-51B487786D1A}
	EndGlobalSection
EndGlobal
