
Microsoft Visual Studio Solution File, Format Version 12.00
# Visual Studio 2012
Project("{FAE04EC0-301F-11D3-BF4B-00C04F79EFBC}") = "GeoCode", "GeoCode.csproj", "{3C537685-947B-40FF-A710-5971C935E5BF}"
EndProject
Project("{FAE04EC0-301F-11D3-BF4B-00C04F79EFBC}") = "GeoCode.Dao", "..\GeoCode.Dao\GeoCode.Dao.csproj", "{F6EF3230-2EC3-4C57-9CEB-755C3792A33B}"
EndProject
Project("{FAE04EC0-301F-11D3-BF4B-00C04F79EFBC}") = "GeoCode.Dao.NHibernate", "..\GeoCode.Dao.NHibernate\GeoCode.Dao.NHibernate.csproj", "{314766E4-6436-4B53-9561-4C8B30DBA590}"
EndProject
Global
	GlobalSection(TeamFoundationVersionControl) = preSolution
		SccNumberOfProjects = 4
		SccEnterpriseProvider = {4CA58AB2-18FA-4F8D-95D4-32DDF27D184C}
		SccTeamFoundationServer = http://tfsvm2012:8080/tfs/tfs
		SccLocalPath0 = .
		SccProjectUniqueName1 = ..\\GeoCode.Dao\\GeoCode.Dao.csproj
		SccProjectName1 = ../GeoCode.Dao
		SccLocalPath1 = ..\\GeoCode.Dao
		SccProjectUniqueName2 = ..\\GeoCode.Dao.NHibernate\\GeoCode.Dao.NHibernate.csproj
		SccProjectName2 = ../GeoCode.Dao.NHibernate
		SccLocalPath2 = ..\\GeoCode.Dao.NHibernate
		SccProjectUniqueName3 = GeoCode.csproj
		SccLocalPath3 = .
	EndGlobalSection
	GlobalSection(SolutionConfigurationPlatforms) = preSolution
		Debug|Any CPU = Debug|Any CPU
		Release|Any CPU = Release|Any CPU
	EndGlobalSection
	GlobalSection(ProjectConfigurationPlatforms) = postSolution
		{3C537685-947B-40FF-A710-5971C935E5BF}.Debug|Any CPU.ActiveCfg = Debug|Any CPU
		{3C537685-947B-40FF-A710-5971C935E5BF}.Debug|Any CPU.Build.0 = Debug|Any CPU
		{3C537685-947B-40FF-A710-5971C935E5BF}.Release|Any CPU.ActiveCfg = Release|Any CPU
		{3C537685-947B-40FF-A710-5971C935E5BF}.Release|Any CPU.Build.0 = Release|Any CPU
		{F6EF3230-2EC3-4C57-9CEB-755C3792A33B}.Debug|Any CPU.ActiveCfg = Debug|Any CPU
		{F6EF3230-2EC3-4C57-9CEB-755C3792A33B}.Debug|Any CPU.Build.0 = Debug|Any CPU
		{F6EF3230-2EC3-4C57-9CEB-755C3792A33B}.Release|Any CPU.ActiveCfg = Release|Any CPU
		{F6EF3230-2EC3-4C57-9CEB-755C3792A33B}.Release|Any CPU.Build.0 = Release|Any CPU
		{314766E4-6436-4B53-9561-4C8B30DBA590}.Debug|Any CPU.ActiveCfg = Debug|Any CPU
		{314766E4-6436-4B53-9561-4C8B30DBA590}.Debug|Any CPU.Build.0 = Debug|Any CPU
		{314766E4-6436-4B53-9561-4C8B30DBA590}.Release|Any CPU.ActiveCfg = Release|Any CPU
		{314766E4-6436-4B53-9561-4C8B30DBA590}.Release|Any CPU.Build.0 = Release|Any CPU
	EndGlobalSection
	GlobalSection(SolutionProperties) = preSolution
		HideSolutionNode = FALSE
	EndGlobalSection
EndGlobal
