
Microsoft Visual Studio Solution File, Format Version 10.00
# Visual Studio 2008
Project("{FAE04EC0-301F-11D3-BF4B-00C04F79EFBC}") = "Loyalty.Web.Service", "Loyalty.Web.Service\Loyalty.Web.Service.csproj", "{224AA7A3-1474-41E1-BA51-93E065771577}"
EndProject
Project("{FAE04EC0-301F-11D3-BF4B-00C04F79EFBC}") = "Loyalty.Dao", "..\Loyalty.Dao\Loyalty.Dao.csproj", "{355474F9-CBBE-4C4A-98C2-0BAC50DC309F}"
EndProject
Project("{FAE04EC0-301F-11D3-BF4B-00C04F79EFBC}") = "Loyalty.Web.WebService", "Loyalty.Web.WebService\Loyalty.Web.WebService.csproj", "{CB2CDC0B-C0FC-464E-BA64-1E74CCFE4A84}"
EndProject
Project("{FAE04EC0-301F-11D3-BF4B-00C04F79EFBC}") = "Loyalty.Dao.NHibernate", "..\Loyalty.Dao.NHibernate\Loyalty.Dao.NHibernate.csproj", "{DA546E66-14F9-4AEA-9699-C0FC95A0D42A}"
EndProject
Project("{FAE04EC0-301F-11D3-BF4B-00C04F79EFBC}") = "Loyalty.Core", "..\Loyalty.Core\Loyalty.Core\Loyalty.Core.csproj", "{56DF7FF4-AB63-4250-B2A5-27DF9DBDB0B4}"
EndProject
Global
	GlobalSection(SolutionConfigurationPlatforms) = preSolution
		Debug|Any CPU = Debug|Any CPU
		Release|Any CPU = Release|Any CPU
	EndGlobalSection
	GlobalSection(ProjectConfigurationPlatforms) = postSolution
		{224AA7A3-1474-41E1-BA51-93E065771577}.Debug|Any CPU.ActiveCfg = Debug|Any CPU
		{224AA7A3-1474-41E1-BA51-93E065771577}.Debug|Any CPU.Build.0 = Debug|Any CPU
		{224AA7A3-1474-41E1-BA51-93E065771577}.Release|Any CPU.ActiveCfg = Release|Any CPU
		{224AA7A3-1474-41E1-BA51-93E065771577}.Release|Any CPU.Build.0 = Release|Any CPU
		{355474F9-CBBE-4C4A-98C2-0BAC50DC309F}.Debug|Any CPU.ActiveCfg = Debug|Any CPU
		{355474F9-CBBE-4C4A-98C2-0BAC50DC309F}.Debug|Any CPU.Build.0 = Debug|Any CPU
		{355474F9-CBBE-4C4A-98C2-0BAC50DC309F}.Release|Any CPU.ActiveCfg = Release|Any CPU
		{355474F9-CBBE-4C4A-98C2-0BAC50DC309F}.Release|Any CPU.Build.0 = Release|Any CPU
		{CB2CDC0B-C0FC-464E-BA64-1E74CCFE4A84}.Debug|Any CPU.ActiveCfg = Debug|Any CPU
		{CB2CDC0B-C0FC-464E-BA64-1E74CCFE4A84}.Debug|Any CPU.Build.0 = Debug|Any CPU
		{CB2CDC0B-C0FC-464E-BA64-1E74CCFE4A84}.Release|Any CPU.ActiveCfg = Release|Any CPU
		{CB2CDC0B-C0FC-464E-BA64-1E74CCFE4A84}.Release|Any CPU.Build.0 = Release|Any CPU
		{DA546E66-14F9-4AEA-9699-C0FC95A0D42A}.Debug|Any CPU.ActiveCfg = Debug|Any CPU
		{DA546E66-14F9-4AEA-9699-C0FC95A0D42A}.Debug|Any CPU.Build.0 = Debug|Any CPU
		{DA546E66-14F9-4AEA-9699-C0FC95A0D42A}.Release|Any CPU.ActiveCfg = Release|Any CPU
		{DA546E66-14F9-4AEA-9699-C0FC95A0D42A}.Release|Any CPU.Build.0 = Release|Any CPU
		{56DF7FF4-AB63-4250-B2A5-27DF9DBDB0B4}.Debug|Any CPU.ActiveCfg = Debug|Any CPU
		{56DF7FF4-AB63-4250-B2A5-27DF9DBDB0B4}.Debug|Any CPU.Build.0 = Debug|Any CPU
		{56DF7FF4-AB63-4250-B2A5-27DF9DBDB0B4}.Release|Any CPU.ActiveCfg = Release|Any CPU
		{56DF7FF4-AB63-4250-B2A5-27DF9DBDB0B4}.Release|Any CPU.Build.0 = Release|Any CPU
	EndGlobalSection
	GlobalSection(SolutionProperties) = preSolution
		HideSolutionNode = FALSE
	EndGlobalSection
EndGlobal
