
Microsoft Visual Studio Solution File, Format Version 11.00
# Visual Studio 2010
Project("{FAE04EC0-301F-11D3-BF4B-00C04F79EFBC}") = "GPSGateServices", "GPSGateServices\GPSGateServices.csproj", "{18635BE7-D737-4C6F-B9E4-52840562E756}"
EndProject
Global
	GlobalSection(TeamFoundationVersionControl) = preSolution
		SccNumberOfProjects = 2
		SccEnterpriseProvider = {4CA58AB2-18FA-4F8D-95D4-32DDF27D184C}
		SccTeamFoundationServer = http://tfsvm:8080/tfs/androtfs
		SccLocalPath0 = .
		SccProjectUniqueName1 = GPSGateServices\\GPSGateServices.csproj
		SccProjectName1 = GPSGateServices
		SccLocalPath1 = GPSGateServices
	EndGlobalSection
	GlobalSection(SolutionConfigurationPlatforms) = preSolution
		Debug|Any CPU = Debug|Any CPU
		Release|Any CPU = Release|Any CPU
	EndGlobalSection
	GlobalSection(ProjectConfigurationPlatforms) = postSolution
		{18635BE7-D737-4C6F-B9E4-52840562E756}.Debug|Any CPU.ActiveCfg = Debug|Any CPU
		{18635BE7-D737-4C6F-B9E4-52840562E756}.Debug|Any CPU.Build.0 = Debug|Any CPU
		{18635BE7-D737-4C6F-B9E4-52840562E756}.Release|Any CPU.ActiveCfg = Release|Any CPU
		{18635BE7-D737-4C6F-B9E4-52840562E756}.Release|Any CPU.Build.0 = Release|Any CPU
	EndGlobalSection
	GlobalSection(SolutionProperties) = preSolution
		HideSolutionNode = FALSE
	EndGlobalSection
EndGlobal
