
Microsoft Visual Studio Solution File, Format Version 12.00
# Visual Studio 2012
Project("{2150E333-8FDC-42A3-9474-1A3956D46DE8}") = "Solution Items", "Solution Items", "{01FD9766-5D5A-43F7-8D8A-A251D2EEFF32}"
	ProjectSection(SolutionItems) = preProject
		Local.testsettings = Local.testsettings
		TraceAndTestImpact.testsettings = TraceAndTestImpact.testsettings
		WebOrderTracking.vsmdi = WebOrderTracking.vsmdi
	EndProjectSection
EndProject
Project("{FAE04EC0-301F-11D3-BF4B-00C04F79EFBC}") = "WebOrderTracking", "WebOrderTracking\WebOrderTracking.csproj", "{63129C3B-3077-45D2-87CF-AA1E0403FAED}"
EndProject
Project("{FAE04EC0-301F-11D3-BF4B-00C04F79EFBC}") = "AndroAdminDataAccess", "..\..\DataAccess\AndroAdminDataAccess\AndroAdminDataAccess.csproj", "{3ECF6405-90D5-4C8B-ABCC-C0BAEDFDEEF9}"
EndProject
Project("{FAE04EC0-301F-11D3-BF4B-00C04F79EFBC}") = "WebOrderTrackingTests", "WebOrderTrackingTests\WebOrderTrackingTests.csproj", "{FE256F34-3E38-4FA5-8805-AE8C10748287}"
EndProject
Global
	GlobalSection(TeamFoundationVersionControl) = preSolution
		SccNumberOfProjects = 4
		SccEnterpriseProvider = {4CA58AB2-18FA-4F8D-95D4-32DDF27D184C}
		SccTeamFoundationServer = http://10.0.0.191:8080/tfs/tfs
		SccLocalPath0 = .
		SccProjectUniqueName1 = WebOrderTracking\\WebOrderTracking.csproj
		SccProjectName1 = WebOrderTracking
		SccLocalPath1 = WebOrderTracking
		SccProjectUniqueName2 = ..\\..\\DataAccess\\AndroAdminDataAccess\\AndroAdminDataAccess.csproj
		SccProjectName2 = ../../DataAccess/AndroAdminDataAccess
		SccLocalPath2 = ..\\..\\DataAccess\\AndroAdminDataAccess
		SccProjectUniqueName3 = WebOrderTrackingTests\\WebOrderTrackingTests.csproj
		SccProjectName3 = WebOrderTrackingTests
		SccLocalPath3 = WebOrderTrackingTests
	EndGlobalSection
	GlobalSection(TestCaseManagementSettings) = postSolution
		CategoryFile = WebOrderTracking.vsmdi
	EndGlobalSection
	GlobalSection(SolutionConfigurationPlatforms) = preSolution
		Debug|Any CPU = Debug|Any CPU
		Release|Any CPU = Release|Any CPU
	EndGlobalSection
	GlobalSection(ProjectConfigurationPlatforms) = postSolution
		{63129C3B-3077-45D2-87CF-AA1E0403FAED}.Debug|Any CPU.ActiveCfg = Debug|Any CPU
		{63129C3B-3077-45D2-87CF-AA1E0403FAED}.Debug|Any CPU.Build.0 = Debug|Any CPU
		{63129C3B-3077-45D2-87CF-AA1E0403FAED}.Release|Any CPU.ActiveCfg = Release|Any CPU
		{63129C3B-3077-45D2-87CF-AA1E0403FAED}.Release|Any CPU.Build.0 = Release|Any CPU
		{3ECF6405-90D5-4C8B-ABCC-C0BAEDFDEEF9}.Debug|Any CPU.ActiveCfg = Debug|Any CPU
		{3ECF6405-90D5-4C8B-ABCC-C0BAEDFDEEF9}.Debug|Any CPU.Build.0 = Debug|Any CPU
		{3ECF6405-90D5-4C8B-ABCC-C0BAEDFDEEF9}.Release|Any CPU.ActiveCfg = Release|Any CPU
		{3ECF6405-90D5-4C8B-ABCC-C0BAEDFDEEF9}.Release|Any CPU.Build.0 = Release|Any CPU
		{FE256F34-3E38-4FA5-8805-AE8C10748287}.Debug|Any CPU.ActiveCfg = Debug|Any CPU
		{FE256F34-3E38-4FA5-8805-AE8C10748287}.Debug|Any CPU.Build.0 = Debug|Any CPU
		{FE256F34-3E38-4FA5-8805-AE8C10748287}.Release|Any CPU.ActiveCfg = Release|Any CPU
		{FE256F34-3E38-4FA5-8805-AE8C10748287}.Release|Any CPU.Build.0 = Release|Any CPU
	EndGlobalSection
	GlobalSection(SolutionProperties) = preSolution
		HideSolutionNode = FALSE
	EndGlobalSection
EndGlobal
