
Microsoft Visual Studio Solution File, Format Version 12.00
# Visual Studio 14
VisualStudioVersion = 14.0.24720.0
MinimumVisualStudioVersion = 10.0.40219.1
Project("{2150E333-8FDC-42A3-9474-1A3956D46DE8}") = "Solution Items", "Solution Items", "{4BF3ABB5-7630-475E-9083-EE85CC2139C9}"
EndProject
Project("{FAE04EC0-301F-11D3-BF4B-00C04F79EFBC}") = "AndroAdmin", "AndroAdmin.csproj", "{AE3D99C8-768E-4A65-9684-C980B80602AA}"
EndProject
Project("{FAE04EC0-301F-11D3-BF4B-00C04F79EFBC}") = "AndroAdminDataAccess", "..\..\DataAccess\AndroAdminDataAccess\AndroAdminDataAccess.csproj", "{3ECF6405-90D5-4C8B-ABCC-C0BAEDFDEEF9}"
EndProject
Project("{FAE04EC0-301F-11D3-BF4B-00C04F79EFBC}") = "AndroUsersDataAccess", "..\..\DataAccess\AndroUsersDataAccess\AndroUsersDataAccess.csproj", "{3131CCAB-9382-4AC7-AB68-67487FE7B801}"
EndProject
Project("{FAE04EC0-301F-11D3-BF4B-00C04F79EFBC}") = "AndroAdminTests", "..\AndroAdminTests\AndroAdminTests.csproj", "{7F05E79E-BD91-42A3-9644-9BE27E3155CE}"
EndProject
Project("{FAE04EC0-301F-11D3-BF4B-00C04F79EFBC}") = "AndroCloudDataAccess", "..\..\DataAccess\AndroCloudDataAccess\AndroCloudDataAccess.csproj", "{408FBA0E-E649-493E-B4D4-8A5328265450}"
EndProject
Project("{FAE04EC0-301F-11D3-BF4B-00C04F79EFBC}") = "AndroCloudDataAccessEntityFramework", "..\..\DataAccess\AndroCloudDataAccessEntityFramework\AndroCloudDataAccessEntityFramework.csproj", "{0520364A-A9B3-4AD6-B125-D935DCCAF731}"
EndProject
Project("{FAE04EC0-301F-11D3-BF4B-00C04F79EFBC}") = "AndroCloudHelper", "..\..\Services\AndroCloudServices\AndroCloudWCFHelper\AndroCloudHelper.csproj", "{D9959D2F-2016-4355-BC22-061EA8A5E267}"
EndProject
Project("{FAE04EC0-301F-11D3-BF4B-00C04F79EFBC}") = "CloudSync", "..\..\CloudSync\CloudSync\CloudSync.csproj", "{3E34D787-0C46-4501-A774-CCA5930AB20D}"
EndProject
Project("{FAE04EC0-301F-11D3-BF4B-00C04F79EFBC}") = "CloudSyncTests", "..\..\CloudSync\CloudSyncTests\CloudSyncTests.csproj", "{2AAA148E-6C22-46ED-B558-554F3D9FB03A}"
EndProject
Project("{FAE04EC0-301F-11D3-BF4B-00C04F79EFBC}") = "CloudSyncModel", "..\..\CloudSync\CloudSyncModel\CloudSyncModel.csproj", "{56AA880A-EFF0-440F-92F5-39F2C578CBDD}"
EndProject
Project("{2150E333-8FDC-42A3-9474-1A3956D46DE8}") = "Data", "Data", "{8E80B878-38EC-4184-B838-E76010DF6B2D}"
EndProject
Project("{2150E333-8FDC-42A3-9474-1A3956D46DE8}") = "Tests", "Tests", "{03209224-E45B-48DC-AE9D-7F11FB9E13DB}"
EndProject
Project("{2150E333-8FDC-42A3-9474-1A3956D46DE8}") = "AndroAdmin", "AndroAdmin", "{BBAE9F91-DB4F-4612-9CA8-40BFD672C6DD}"
EndProject
Project("{2150E333-8FDC-42A3-9474-1A3956D46DE8}") = "AndroCloud", "AndroCloud", "{2232E228-EE76-44E1-8DBC-AAF3D1260203}"
EndProject
Project("{2150E333-8FDC-42A3-9474-1A3956D46DE8}") = "AndroAdminUsers", "AndroAdminUsers", "{A8EEE8F6-8802-4DC5-99CC-8DA269E8354E}"
EndProject
Project("{2150E333-8FDC-42A3-9474-1A3956D46DE8}") = "Cloud", "Cloud", "{2B96ABB7-2F40-497B-8419-D8050CDF8541}"
EndProject
Project("{2150E333-8FDC-42A3-9474-1A3956D46DE8}") = "UI", "UI", "{28E485A7-B620-4B0D-8F7F-30F576A64D19}"
EndProject
Project("{FAE04EC0-301F-11D3-BF4B-00C04F79EFBC}") = "AndroAdmin.Hubs", "..\AndroAdmin.Hubs\AndroAdmin.Hubs.csproj", "{16DEFA3E-892B-4DD4-8C56-E504785EB8C5}"
EndProject
Project("{FAE04EC0-301F-11D3-BF4B-00C04F79EFBC}") = "Acs.Tests.Devices", "Acs.Tests.Devices\Acs.Tests.Devices.csproj", "{17FE019D-6D9A-4D13-9D8D-DA77E5AF3FFB}"
EndProject
Project("{2150E333-8FDC-42A3-9474-1A3956D46DE8}") = "DataWarehouse", "DataWarehouse", "{2282D051-AD9D-4CC3-90E0-091745F0618C}"
EndProject
Project("{FAE04EC0-301F-11D3-BF4B-00C04F79EFBC}") = "DataWarehouseDataAccess", "..\..\DataAccess\DataWarehouseDataAccess\DataWarehouseDataAccess.csproj", "{10BA737F-F9E7-4EED-B096-BBC47CE14338}"
EndProject
Project("{FAE04EC0-301F-11D3-BF4B-00C04F79EFBC}") = "DataWarehouseDataAccessEntityFramework", "..\..\DataAccess\DataWarehouseDataAccessEntityFramework\DataWarehouseDataAccessEntityFramework.csproj", "{20B6E3C9-17FD-44C4-9980-CAE413E6C55D}"
EndProject
Project("{FAE04EC0-301F-11D3-BF4B-00C04F79EFBC}") = "GPSIntegration", "..\..\Services\GPSIntegration\GPSIntegration\GPSIntegration.csproj", "{ACA522F4-3B25-4972-81E1-DF0213A1439C}"
EndProject
Global
	GlobalSection(SolutionConfigurationPlatforms) = preSolution
		Debug|Any CPU = Debug|Any CPU
		Debug|x64 = Debug|x64
		Debug|x86 = Debug|x86
		Release|Any CPU = Release|Any CPU
		Release|x64 = Release|x64
		Release|x86 = Release|x86
		Staging2|Any CPU = Staging2|Any CPU
		Staging2|x64 = Staging2|x64
		Staging2|x86 = Staging2|x86
		test1|Any CPU = test1|Any CPU
		test1|x64 = test1|x64
		test1|x86 = test1|x86
	EndGlobalSection
	GlobalSection(ProjectConfigurationPlatforms) = postSolution
		{AE3D99C8-768E-4A65-9684-C980B80602AA}.Debug|Any CPU.ActiveCfg = Debug|Any CPU
		{AE3D99C8-768E-4A65-9684-C980B80602AA}.Debug|Any CPU.Build.0 = Debug|Any CPU
		{AE3D99C8-768E-4A65-9684-C980B80602AA}.Debug|x64.ActiveCfg = Debug|x64
		{AE3D99C8-768E-4A65-9684-C980B80602AA}.Debug|x64.Build.0 = Debug|x64
		{AE3D99C8-768E-4A65-9684-C980B80602AA}.Debug|x86.ActiveCfg = Debug|Any CPU
		{AE3D99C8-768E-4A65-9684-C980B80602AA}.Release|Any CPU.ActiveCfg = Release|Any CPU
		{AE3D99C8-768E-4A65-9684-C980B80602AA}.Release|Any CPU.Build.0 = Release|Any CPU
		{AE3D99C8-768E-4A65-9684-C980B80602AA}.Release|x64.ActiveCfg = Release|x64
		{AE3D99C8-768E-4A65-9684-C980B80602AA}.Release|x64.Build.0 = Release|x64
		{AE3D99C8-768E-4A65-9684-C980B80602AA}.Release|x86.ActiveCfg = Release|Any CPU
		{AE3D99C8-768E-4A65-9684-C980B80602AA}.Staging2|Any CPU.ActiveCfg = test1|Any CPU
		{AE3D99C8-768E-4A65-9684-C980B80602AA}.Staging2|Any CPU.Build.0 = test1|Any CPU
		{AE3D99C8-768E-4A65-9684-C980B80602AA}.Staging2|x64.ActiveCfg = test1|x64
		{AE3D99C8-768E-4A65-9684-C980B80602AA}.Staging2|x64.Build.0 = test1|x64
		{AE3D99C8-768E-4A65-9684-C980B80602AA}.Staging2|x86.ActiveCfg = test1|Any CPU
		{AE3D99C8-768E-4A65-9684-C980B80602AA}.test1|Any CPU.ActiveCfg = test1|Any CPU
		{AE3D99C8-768E-4A65-9684-C980B80602AA}.test1|Any CPU.Build.0 = test1|Any CPU
		{AE3D99C8-768E-4A65-9684-C980B80602AA}.test1|x64.ActiveCfg = test1|x64
		{AE3D99C8-768E-4A65-9684-C980B80602AA}.test1|x64.Build.0 = test1|x64
		{AE3D99C8-768E-4A65-9684-C980B80602AA}.test1|x86.ActiveCfg = test1|Any CPU
		{3ECF6405-90D5-4C8B-ABCC-C0BAEDFDEEF9}.Debug|Any CPU.ActiveCfg = Debug|Any CPU
		{3ECF6405-90D5-4C8B-ABCC-C0BAEDFDEEF9}.Debug|Any CPU.Build.0 = Debug|Any CPU
		{3ECF6405-90D5-4C8B-ABCC-C0BAEDFDEEF9}.Debug|x64.ActiveCfg = Debug|x64
		{3ECF6405-90D5-4C8B-ABCC-C0BAEDFDEEF9}.Debug|x64.Build.0 = Debug|x64
		{3ECF6405-90D5-4C8B-ABCC-C0BAEDFDEEF9}.Debug|x86.ActiveCfg = Debug|Any CPU
		{3ECF6405-90D5-4C8B-ABCC-C0BAEDFDEEF9}.Release|Any CPU.ActiveCfg = Release|Any CPU
		{3ECF6405-90D5-4C8B-ABCC-C0BAEDFDEEF9}.Release|Any CPU.Build.0 = Release|Any CPU
		{3ECF6405-90D5-4C8B-ABCC-C0BAEDFDEEF9}.Release|x64.ActiveCfg = Release|x64
		{3ECF6405-90D5-4C8B-ABCC-C0BAEDFDEEF9}.Release|x64.Build.0 = Release|x64
		{3ECF6405-90D5-4C8B-ABCC-C0BAEDFDEEF9}.Release|x86.ActiveCfg = Release|Any CPU
		{3ECF6405-90D5-4C8B-ABCC-C0BAEDFDEEF9}.Staging2|Any CPU.ActiveCfg = Staging2|Any CPU
		{3ECF6405-90D5-4C8B-ABCC-C0BAEDFDEEF9}.Staging2|Any CPU.Build.0 = Staging2|Any CPU
		{3ECF6405-90D5-4C8B-ABCC-C0BAEDFDEEF9}.Staging2|x64.ActiveCfg = Staging2|x64
		{3ECF6405-90D5-4C8B-ABCC-C0BAEDFDEEF9}.Staging2|x64.Build.0 = Staging2|x64
		{3ECF6405-90D5-4C8B-ABCC-C0BAEDFDEEF9}.Staging2|x86.ActiveCfg = Staging2|Any CPU
		{3ECF6405-90D5-4C8B-ABCC-C0BAEDFDEEF9}.test1|Any CPU.ActiveCfg = test1|Any CPU
		{3ECF6405-90D5-4C8B-ABCC-C0BAEDFDEEF9}.test1|Any CPU.Build.0 = test1|Any CPU
		{3ECF6405-90D5-4C8B-ABCC-C0BAEDFDEEF9}.test1|x64.ActiveCfg = test1|x64
		{3ECF6405-90D5-4C8B-ABCC-C0BAEDFDEEF9}.test1|x64.Build.0 = test1|x64
		{3ECF6405-90D5-4C8B-ABCC-C0BAEDFDEEF9}.test1|x86.ActiveCfg = test1|Any CPU
		{3131CCAB-9382-4AC7-AB68-67487FE7B801}.Debug|Any CPU.ActiveCfg = Debug|Any CPU
		{3131CCAB-9382-4AC7-AB68-67487FE7B801}.Debug|Any CPU.Build.0 = Debug|Any CPU
		{3131CCAB-9382-4AC7-AB68-67487FE7B801}.Debug|x64.ActiveCfg = Debug|x64
		{3131CCAB-9382-4AC7-AB68-67487FE7B801}.Debug|x64.Build.0 = Debug|x64
		{3131CCAB-9382-4AC7-AB68-67487FE7B801}.Debug|x86.ActiveCfg = Debug|Any CPU
		{3131CCAB-9382-4AC7-AB68-67487FE7B801}.Release|Any CPU.ActiveCfg = Release|Any CPU
		{3131CCAB-9382-4AC7-AB68-67487FE7B801}.Release|Any CPU.Build.0 = Release|Any CPU
		{3131CCAB-9382-4AC7-AB68-67487FE7B801}.Release|x64.ActiveCfg = Release|x64
		{3131CCAB-9382-4AC7-AB68-67487FE7B801}.Release|x64.Build.0 = Release|x64
		{3131CCAB-9382-4AC7-AB68-67487FE7B801}.Release|x86.ActiveCfg = Release|Any CPU
		{3131CCAB-9382-4AC7-AB68-67487FE7B801}.Staging2|Any CPU.ActiveCfg = test1|Any CPU
		{3131CCAB-9382-4AC7-AB68-67487FE7B801}.Staging2|Any CPU.Build.0 = test1|Any CPU
		{3131CCAB-9382-4AC7-AB68-67487FE7B801}.Staging2|x64.ActiveCfg = test1|x64
		{3131CCAB-9382-4AC7-AB68-67487FE7B801}.Staging2|x64.Build.0 = test1|x64
		{3131CCAB-9382-4AC7-AB68-67487FE7B801}.Staging2|x86.ActiveCfg = test1|Any CPU
		{3131CCAB-9382-4AC7-AB68-67487FE7B801}.test1|Any CPU.ActiveCfg = test1|Any CPU
		{3131CCAB-9382-4AC7-AB68-67487FE7B801}.test1|Any CPU.Build.0 = test1|Any CPU
		{3131CCAB-9382-4AC7-AB68-67487FE7B801}.test1|x64.ActiveCfg = test1|x64
		{3131CCAB-9382-4AC7-AB68-67487FE7B801}.test1|x64.Build.0 = test1|x64
		{3131CCAB-9382-4AC7-AB68-67487FE7B801}.test1|x86.ActiveCfg = test1|Any CPU
		{7F05E79E-BD91-42A3-9644-9BE27E3155CE}.Debug|Any CPU.ActiveCfg = Debug|Any CPU
		{7F05E79E-BD91-42A3-9644-9BE27E3155CE}.Debug|Any CPU.Build.0 = Debug|Any CPU
		{7F05E79E-BD91-42A3-9644-9BE27E3155CE}.Debug|x64.ActiveCfg = Debug|Any CPU
		{7F05E79E-BD91-42A3-9644-9BE27E3155CE}.Debug|x86.ActiveCfg = Debug|Any CPU
		{7F05E79E-BD91-42A3-9644-9BE27E3155CE}.Release|Any CPU.ActiveCfg = Release|Any CPU
		{7F05E79E-BD91-42A3-9644-9BE27E3155CE}.Release|Any CPU.Build.0 = Release|Any CPU
		{7F05E79E-BD91-42A3-9644-9BE27E3155CE}.Release|x64.ActiveCfg = Release|Any CPU
		{7F05E79E-BD91-42A3-9644-9BE27E3155CE}.Release|x86.ActiveCfg = Release|Any CPU
		{7F05E79E-BD91-42A3-9644-9BE27E3155CE}.Staging2|Any CPU.ActiveCfg = test1|Any CPU
		{7F05E79E-BD91-42A3-9644-9BE27E3155CE}.Staging2|Any CPU.Build.0 = test1|Any CPU
		{7F05E79E-BD91-42A3-9644-9BE27E3155CE}.Staging2|x64.ActiveCfg = test1|Any CPU
		{7F05E79E-BD91-42A3-9644-9BE27E3155CE}.Staging2|x86.ActiveCfg = test1|Any CPU
		{7F05E79E-BD91-42A3-9644-9BE27E3155CE}.test1|Any CPU.ActiveCfg = test1|Any CPU
		{7F05E79E-BD91-42A3-9644-9BE27E3155CE}.test1|Any CPU.Build.0 = test1|Any CPU
		{7F05E79E-BD91-42A3-9644-9BE27E3155CE}.test1|x64.ActiveCfg = test1|Any CPU
		{7F05E79E-BD91-42A3-9644-9BE27E3155CE}.test1|x86.ActiveCfg = test1|Any CPU
		{408FBA0E-E649-493E-B4D4-8A5328265450}.Debug|Any CPU.ActiveCfg = Debug|Any CPU
		{408FBA0E-E649-493E-B4D4-8A5328265450}.Debug|Any CPU.Build.0 = Debug|Any CPU
		{408FBA0E-E649-493E-B4D4-8A5328265450}.Debug|x64.ActiveCfg = Debug|Any CPU
		{408FBA0E-E649-493E-B4D4-8A5328265450}.Debug|x86.ActiveCfg = Debug|x86
		{408FBA0E-E649-493E-B4D4-8A5328265450}.Debug|x86.Build.0 = Debug|x86
		{408FBA0E-E649-493E-B4D4-8A5328265450}.Release|Any CPU.ActiveCfg = Release|Any CPU
		{408FBA0E-E649-493E-B4D4-8A5328265450}.Release|Any CPU.Build.0 = Release|Any CPU
		{408FBA0E-E649-493E-B4D4-8A5328265450}.Release|x64.ActiveCfg = Release|Any CPU
		{408FBA0E-E649-493E-B4D4-8A5328265450}.Release|x86.ActiveCfg = Release|x86
		{408FBA0E-E649-493E-B4D4-8A5328265450}.Release|x86.Build.0 = Release|x86
		{408FBA0E-E649-493E-B4D4-8A5328265450}.Staging2|Any CPU.ActiveCfg = Staging2|Any CPU
		{408FBA0E-E649-493E-B4D4-8A5328265450}.Staging2|Any CPU.Build.0 = Staging2|Any CPU
		{408FBA0E-E649-493E-B4D4-8A5328265450}.Staging2|x64.ActiveCfg = Staging2|Any CPU
		{408FBA0E-E649-493E-B4D4-8A5328265450}.Staging2|x86.ActiveCfg = Staging2|x86
		{408FBA0E-E649-493E-B4D4-8A5328265450}.Staging2|x86.Build.0 = Staging2|x86
		{408FBA0E-E649-493E-B4D4-8A5328265450}.test1|Any CPU.ActiveCfg = test1|Any CPU
		{408FBA0E-E649-493E-B4D4-8A5328265450}.test1|Any CPU.Build.0 = test1|Any CPU
		{408FBA0E-E649-493E-B4D4-8A5328265450}.test1|x64.ActiveCfg = test1|Any CPU
		{408FBA0E-E649-493E-B4D4-8A5328265450}.test1|x86.ActiveCfg = test1|x86
		{408FBA0E-E649-493E-B4D4-8A5328265450}.test1|x86.Build.0 = test1|x86
		{0520364A-A9B3-4AD6-B125-D935DCCAF731}.Debug|Any CPU.ActiveCfg = Debug|Any CPU
		{0520364A-A9B3-4AD6-B125-D935DCCAF731}.Debug|Any CPU.Build.0 = Debug|Any CPU
		{0520364A-A9B3-4AD6-B125-D935DCCAF731}.Debug|x64.ActiveCfg = Debug|Any CPU
		{0520364A-A9B3-4AD6-B125-D935DCCAF731}.Debug|x86.ActiveCfg = Debug|x86
		{0520364A-A9B3-4AD6-B125-D935DCCAF731}.Debug|x86.Build.0 = Debug|x86
		{0520364A-A9B3-4AD6-B125-D935DCCAF731}.Release|Any CPU.ActiveCfg = Release|Any CPU
		{0520364A-A9B3-4AD6-B125-D935DCCAF731}.Release|Any CPU.Build.0 = Release|Any CPU
		{0520364A-A9B3-4AD6-B125-D935DCCAF731}.Release|x64.ActiveCfg = Release|Any CPU
		{0520364A-A9B3-4AD6-B125-D935DCCAF731}.Release|x86.ActiveCfg = Release|x86
		{0520364A-A9B3-4AD6-B125-D935DCCAF731}.Release|x86.Build.0 = Release|x86
		{0520364A-A9B3-4AD6-B125-D935DCCAF731}.Staging2|Any CPU.ActiveCfg = Staging2|Any CPU
		{0520364A-A9B3-4AD6-B125-D935DCCAF731}.Staging2|Any CPU.Build.0 = Staging2|Any CPU
		{0520364A-A9B3-4AD6-B125-D935DCCAF731}.Staging2|x64.ActiveCfg = Staging2|Any CPU
		{0520364A-A9B3-4AD6-B125-D935DCCAF731}.Staging2|x86.ActiveCfg = Staging2|x86
		{0520364A-A9B3-4AD6-B125-D935DCCAF731}.Staging2|x86.Build.0 = Staging2|x86
		{0520364A-A9B3-4AD6-B125-D935DCCAF731}.test1|Any CPU.ActiveCfg = test1|Any CPU
		{0520364A-A9B3-4AD6-B125-D935DCCAF731}.test1|Any CPU.Build.0 = test1|Any CPU
		{0520364A-A9B3-4AD6-B125-D935DCCAF731}.test1|x64.ActiveCfg = test1|Any CPU
		{0520364A-A9B3-4AD6-B125-D935DCCAF731}.test1|x86.ActiveCfg = test1|x86
		{0520364A-A9B3-4AD6-B125-D935DCCAF731}.test1|x86.Build.0 = test1|x86
		{D9959D2F-2016-4355-BC22-061EA8A5E267}.Debug|Any CPU.ActiveCfg = Debug|Any CPU
		{D9959D2F-2016-4355-BC22-061EA8A5E267}.Debug|Any CPU.Build.0 = Debug|Any CPU
		{D9959D2F-2016-4355-BC22-061EA8A5E267}.Debug|x64.ActiveCfg = Debug|Any CPU
		{D9959D2F-2016-4355-BC22-061EA8A5E267}.Debug|x86.ActiveCfg = Debug|x86
		{D9959D2F-2016-4355-BC22-061EA8A5E267}.Debug|x86.Build.0 = Debug|x86
		{D9959D2F-2016-4355-BC22-061EA8A5E267}.Release|Any CPU.ActiveCfg = Release|Any CPU
		{D9959D2F-2016-4355-BC22-061EA8A5E267}.Release|Any CPU.Build.0 = Release|Any CPU
		{D9959D2F-2016-4355-BC22-061EA8A5E267}.Release|x64.ActiveCfg = Release|Any CPU
		{D9959D2F-2016-4355-BC22-061EA8A5E267}.Release|x86.ActiveCfg = Release|x86
		{D9959D2F-2016-4355-BC22-061EA8A5E267}.Release|x86.Build.0 = Release|x86
		{D9959D2F-2016-4355-BC22-061EA8A5E267}.Staging2|Any CPU.ActiveCfg = Staging2|Any CPU
		{D9959D2F-2016-4355-BC22-061EA8A5E267}.Staging2|Any CPU.Build.0 = Staging2|Any CPU
		{D9959D2F-2016-4355-BC22-061EA8A5E267}.Staging2|x64.ActiveCfg = Staging2|Any CPU
		{D9959D2F-2016-4355-BC22-061EA8A5E267}.Staging2|x86.ActiveCfg = Staging2|x86
		{D9959D2F-2016-4355-BC22-061EA8A5E267}.Staging2|x86.Build.0 = Staging2|x86
		{D9959D2F-2016-4355-BC22-061EA8A5E267}.test1|Any CPU.ActiveCfg = test1|Any CPU
		{D9959D2F-2016-4355-BC22-061EA8A5E267}.test1|Any CPU.Build.0 = test1|Any CPU
		{D9959D2F-2016-4355-BC22-061EA8A5E267}.test1|x64.ActiveCfg = test1|Any CPU
		{D9959D2F-2016-4355-BC22-061EA8A5E267}.test1|x86.ActiveCfg = test1|x86
		{D9959D2F-2016-4355-BC22-061EA8A5E267}.test1|x86.Build.0 = test1|x86
		{3E34D787-0C46-4501-A774-CCA5930AB20D}.Debug|Any CPU.ActiveCfg = Debug|Any CPU
		{3E34D787-0C46-4501-A774-CCA5930AB20D}.Debug|Any CPU.Build.0 = Debug|Any CPU
		{3E34D787-0C46-4501-A774-CCA5930AB20D}.Debug|x64.ActiveCfg = Debug|Any CPU
		{3E34D787-0C46-4501-A774-CCA5930AB20D}.Debug|x86.ActiveCfg = Debug|Any CPU
		{3E34D787-0C46-4501-A774-CCA5930AB20D}.Release|Any CPU.ActiveCfg = Release|Any CPU
		{3E34D787-0C46-4501-A774-CCA5930AB20D}.Release|Any CPU.Build.0 = Release|Any CPU
		{3E34D787-0C46-4501-A774-CCA5930AB20D}.Release|x64.ActiveCfg = Release|Any CPU
		{3E34D787-0C46-4501-A774-CCA5930AB20D}.Release|x86.ActiveCfg = Release|Any CPU
		{3E34D787-0C46-4501-A774-CCA5930AB20D}.Staging2|Any CPU.ActiveCfg = Staging2|Any CPU
		{3E34D787-0C46-4501-A774-CCA5930AB20D}.Staging2|Any CPU.Build.0 = Staging2|Any CPU
		{3E34D787-0C46-4501-A774-CCA5930AB20D}.Staging2|x64.ActiveCfg = Staging2|Any CPU
		{3E34D787-0C46-4501-A774-CCA5930AB20D}.Staging2|x86.ActiveCfg = Staging2|Any CPU
		{3E34D787-0C46-4501-A774-CCA5930AB20D}.test1|Any CPU.ActiveCfg = test1|Any CPU
		{3E34D787-0C46-4501-A774-CCA5930AB20D}.test1|Any CPU.Build.0 = test1|Any CPU
		{3E34D787-0C46-4501-A774-CCA5930AB20D}.test1|x64.ActiveCfg = test1|Any CPU
		{3E34D787-0C46-4501-A774-CCA5930AB20D}.test1|x86.ActiveCfg = test1|Any CPU
		{2AAA148E-6C22-46ED-B558-554F3D9FB03A}.Debug|Any CPU.ActiveCfg = Debug|Any CPU
		{2AAA148E-6C22-46ED-B558-554F3D9FB03A}.Debug|Any CPU.Build.0 = Debug|Any CPU
		{2AAA148E-6C22-46ED-B558-554F3D9FB03A}.Debug|x64.ActiveCfg = Debug|Any CPU
		{2AAA148E-6C22-46ED-B558-554F3D9FB03A}.Debug|x86.ActiveCfg = Debug|Any CPU
		{2AAA148E-6C22-46ED-B558-554F3D9FB03A}.Release|Any CPU.ActiveCfg = Release|Any CPU
		{2AAA148E-6C22-46ED-B558-554F3D9FB03A}.Release|Any CPU.Build.0 = Release|Any CPU
		{2AAA148E-6C22-46ED-B558-554F3D9FB03A}.Release|x64.ActiveCfg = Release|Any CPU
		{2AAA148E-6C22-46ED-B558-554F3D9FB03A}.Release|x86.ActiveCfg = Release|Any CPU
		{2AAA148E-6C22-46ED-B558-554F3D9FB03A}.Staging2|Any CPU.ActiveCfg = test1|Any CPU
		{2AAA148E-6C22-46ED-B558-554F3D9FB03A}.Staging2|Any CPU.Build.0 = test1|Any CPU
		{2AAA148E-6C22-46ED-B558-554F3D9FB03A}.Staging2|x64.ActiveCfg = test1|Any CPU
		{2AAA148E-6C22-46ED-B558-554F3D9FB03A}.Staging2|x86.ActiveCfg = test1|Any CPU
		{2AAA148E-6C22-46ED-B558-554F3D9FB03A}.test1|Any CPU.ActiveCfg = test1|Any CPU
		{2AAA148E-6C22-46ED-B558-554F3D9FB03A}.test1|Any CPU.Build.0 = test1|Any CPU
		{2AAA148E-6C22-46ED-B558-554F3D9FB03A}.test1|x64.ActiveCfg = test1|Any CPU
		{2AAA148E-6C22-46ED-B558-554F3D9FB03A}.test1|x86.ActiveCfg = test1|Any CPU
		{56AA880A-EFF0-440F-92F5-39F2C578CBDD}.Debug|Any CPU.ActiveCfg = Debug|Any CPU
		{56AA880A-EFF0-440F-92F5-39F2C578CBDD}.Debug|Any CPU.Build.0 = Debug|Any CPU
		{56AA880A-EFF0-440F-92F5-39F2C578CBDD}.Debug|x64.ActiveCfg = Debug|Any CPU
		{56AA880A-EFF0-440F-92F5-39F2C578CBDD}.Debug|x86.ActiveCfg = Debug|Any CPU
		{56AA880A-EFF0-440F-92F5-39F2C578CBDD}.Release|Any CPU.ActiveCfg = Release|Any CPU
		{56AA880A-EFF0-440F-92F5-39F2C578CBDD}.Release|Any CPU.Build.0 = Release|Any CPU
		{56AA880A-EFF0-440F-92F5-39F2C578CBDD}.Release|x64.ActiveCfg = Release|Any CPU
		{56AA880A-EFF0-440F-92F5-39F2C578CBDD}.Release|x86.ActiveCfg = Release|Any CPU
		{56AA880A-EFF0-440F-92F5-39F2C578CBDD}.Staging2|Any CPU.ActiveCfg = Staging2|Any CPU
		{56AA880A-EFF0-440F-92F5-39F2C578CBDD}.Staging2|Any CPU.Build.0 = Staging2|Any CPU
		{56AA880A-EFF0-440F-92F5-39F2C578CBDD}.Staging2|x64.ActiveCfg = Staging2|Any CPU
		{56AA880A-EFF0-440F-92F5-39F2C578CBDD}.Staging2|x86.ActiveCfg = Staging2|Any CPU
		{56AA880A-EFF0-440F-92F5-39F2C578CBDD}.test1|Any CPU.ActiveCfg = test1|Any CPU
		{56AA880A-EFF0-440F-92F5-39F2C578CBDD}.test1|Any CPU.Build.0 = test1|Any CPU
		{56AA880A-EFF0-440F-92F5-39F2C578CBDD}.test1|x64.ActiveCfg = test1|Any CPU
		{56AA880A-EFF0-440F-92F5-39F2C578CBDD}.test1|x86.ActiveCfg = test1|Any CPU
		{16DEFA3E-892B-4DD4-8C56-E504785EB8C5}.Debug|Any CPU.ActiveCfg = Debug|Any CPU
		{16DEFA3E-892B-4DD4-8C56-E504785EB8C5}.Debug|Any CPU.Build.0 = Debug|Any CPU
		{16DEFA3E-892B-4DD4-8C56-E504785EB8C5}.Debug|x64.ActiveCfg = Debug|Any CPU
		{16DEFA3E-892B-4DD4-8C56-E504785EB8C5}.Debug|x86.ActiveCfg = Debug|Any CPU
		{16DEFA3E-892B-4DD4-8C56-E504785EB8C5}.Release|Any CPU.ActiveCfg = Release|Any CPU
		{16DEFA3E-892B-4DD4-8C56-E504785EB8C5}.Release|Any CPU.Build.0 = Release|Any CPU
		{16DEFA3E-892B-4DD4-8C56-E504785EB8C5}.Release|x64.ActiveCfg = Release|Any CPU
		{16DEFA3E-892B-4DD4-8C56-E504785EB8C5}.Release|x86.ActiveCfg = Release|Any CPU
		{16DEFA3E-892B-4DD4-8C56-E504785EB8C5}.Staging2|Any CPU.ActiveCfg = Release|Any CPU
		{16DEFA3E-892B-4DD4-8C56-E504785EB8C5}.Staging2|Any CPU.Build.0 = Release|Any CPU
		{16DEFA3E-892B-4DD4-8C56-E504785EB8C5}.Staging2|x64.ActiveCfg = Release|Any CPU
		{16DEFA3E-892B-4DD4-8C56-E504785EB8C5}.Staging2|x86.ActiveCfg = Release|Any CPU
		{16DEFA3E-892B-4DD4-8C56-E504785EB8C5}.test1|Any CPU.ActiveCfg = Release|Any CPU
		{16DEFA3E-892B-4DD4-8C56-E504785EB8C5}.test1|Any CPU.Build.0 = Release|Any CPU
		{16DEFA3E-892B-4DD4-8C56-E504785EB8C5}.test1|x64.ActiveCfg = Release|Any CPU
		{16DEFA3E-892B-4DD4-8C56-E504785EB8C5}.test1|x86.ActiveCfg = Release|Any CPU
		{17FE019D-6D9A-4D13-9D8D-DA77E5AF3FFB}.Debug|Any CPU.ActiveCfg = Debug|Any CPU
		{17FE019D-6D9A-4D13-9D8D-DA77E5AF3FFB}.Debug|Any CPU.Build.0 = Debug|Any CPU
		{17FE019D-6D9A-4D13-9D8D-DA77E5AF3FFB}.Debug|x64.ActiveCfg = Debug|Any CPU
		{17FE019D-6D9A-4D13-9D8D-DA77E5AF3FFB}.Debug|x86.ActiveCfg = Debug|Any CPU
		{17FE019D-6D9A-4D13-9D8D-DA77E5AF3FFB}.Release|Any CPU.ActiveCfg = Release|Any CPU
		{17FE019D-6D9A-4D13-9D8D-DA77E5AF3FFB}.Release|Any CPU.Build.0 = Release|Any CPU
		{17FE019D-6D9A-4D13-9D8D-DA77E5AF3FFB}.Release|x64.ActiveCfg = Release|Any CPU
		{17FE019D-6D9A-4D13-9D8D-DA77E5AF3FFB}.Release|x86.ActiveCfg = Release|Any CPU
		{17FE019D-6D9A-4D13-9D8D-DA77E5AF3FFB}.Staging2|Any CPU.ActiveCfg = Release|Any CPU
		{17FE019D-6D9A-4D13-9D8D-DA77E5AF3FFB}.Staging2|Any CPU.Build.0 = Release|Any CPU
		{17FE019D-6D9A-4D13-9D8D-DA77E5AF3FFB}.Staging2|x64.ActiveCfg = Release|Any CPU
		{17FE019D-6D9A-4D13-9D8D-DA77E5AF3FFB}.Staging2|x86.ActiveCfg = Release|Any CPU
		{17FE019D-6D9A-4D13-9D8D-DA77E5AF3FFB}.test1|Any CPU.ActiveCfg = Release|Any CPU
		{17FE019D-6D9A-4D13-9D8D-DA77E5AF3FFB}.test1|Any CPU.Build.0 = Release|Any CPU
		{17FE019D-6D9A-4D13-9D8D-DA77E5AF3FFB}.test1|x64.ActiveCfg = Release|Any CPU
		{17FE019D-6D9A-4D13-9D8D-DA77E5AF3FFB}.test1|x86.ActiveCfg = Release|Any CPU
		{10BA737F-F9E7-4EED-B096-BBC47CE14338}.Debug|Any CPU.ActiveCfg = Debug|Any CPU
		{10BA737F-F9E7-4EED-B096-BBC47CE14338}.Debug|Any CPU.Build.0 = Debug|Any CPU
		{10BA737F-F9E7-4EED-B096-BBC47CE14338}.Debug|x64.ActiveCfg = Debug|Any CPU
		{10BA737F-F9E7-4EED-B096-BBC47CE14338}.Debug|x86.ActiveCfg = Debug|Any CPU
		{10BA737F-F9E7-4EED-B096-BBC47CE14338}.Release|Any CPU.ActiveCfg = Release|Any CPU
		{10BA737F-F9E7-4EED-B096-BBC47CE14338}.Release|Any CPU.Build.0 = Release|Any CPU
		{10BA737F-F9E7-4EED-B096-BBC47CE14338}.Release|x64.ActiveCfg = Release|Any CPU
		{10BA737F-F9E7-4EED-B096-BBC47CE14338}.Release|x86.ActiveCfg = Release|Any CPU
		{10BA737F-F9E7-4EED-B096-BBC47CE14338}.Staging2|Any CPU.ActiveCfg = Staging2|Any CPU
		{10BA737F-F9E7-4EED-B096-BBC47CE14338}.Staging2|Any CPU.Build.0 = Staging2|Any CPU
		{10BA737F-F9E7-4EED-B096-BBC47CE14338}.Staging2|x64.ActiveCfg = Staging2|Any CPU
		{10BA737F-F9E7-4EED-B096-BBC47CE14338}.Staging2|x86.ActiveCfg = Staging2|Any CPU
		{10BA737F-F9E7-4EED-B096-BBC47CE14338}.test1|Any CPU.ActiveCfg = Staging2|Any CPU
		{10BA737F-F9E7-4EED-B096-BBC47CE14338}.test1|Any CPU.Build.0 = Staging2|Any CPU
		{10BA737F-F9E7-4EED-B096-BBC47CE14338}.test1|x64.ActiveCfg = Staging2|Any CPU
		{10BA737F-F9E7-4EED-B096-BBC47CE14338}.test1|x86.ActiveCfg = Staging2|Any CPU
		{20B6E3C9-17FD-44C4-9980-CAE413E6C55D}.Debug|Any CPU.ActiveCfg = Debug|Any CPU
		{20B6E3C9-17FD-44C4-9980-CAE413E6C55D}.Debug|Any CPU.Build.0 = Debug|Any CPU
		{20B6E3C9-17FD-44C4-9980-CAE413E6C55D}.Debug|x64.ActiveCfg = Debug|Any CPU
		{20B6E3C9-17FD-44C4-9980-CAE413E6C55D}.Debug|x86.ActiveCfg = Debug|Any CPU
		{20B6E3C9-17FD-44C4-9980-CAE413E6C55D}.Release|Any CPU.ActiveCfg = Release|Any CPU
		{20B6E3C9-17FD-44C4-9980-CAE413E6C55D}.Release|Any CPU.Build.0 = Release|Any CPU
		{20B6E3C9-17FD-44C4-9980-CAE413E6C55D}.Release|x64.ActiveCfg = Release|Any CPU
		{20B6E3C9-17FD-44C4-9980-CAE413E6C55D}.Release|x86.ActiveCfg = Release|Any CPU
		{20B6E3C9-17FD-44C4-9980-CAE413E6C55D}.Staging2|Any CPU.ActiveCfg = Staging2|Any CPU
		{20B6E3C9-17FD-44C4-9980-CAE413E6C55D}.Staging2|Any CPU.Build.0 = Staging2|Any CPU
		{20B6E3C9-17FD-44C4-9980-CAE413E6C55D}.Staging2|x64.ActiveCfg = Staging2|Any CPU
		{20B6E3C9-17FD-44C4-9980-CAE413E6C55D}.Staging2|x86.ActiveCfg = Staging2|Any CPU
		{20B6E3C9-17FD-44C4-9980-CAE413E6C55D}.test1|Any CPU.ActiveCfg = Staging2|Any CPU
		{20B6E3C9-17FD-44C4-9980-CAE413E6C55D}.test1|Any CPU.Build.0 = Staging2|Any CPU
		{20B6E3C9-17FD-44C4-9980-CAE413E6C55D}.test1|x64.ActiveCfg = Staging2|Any CPU
		{20B6E3C9-17FD-44C4-9980-CAE413E6C55D}.test1|x86.ActiveCfg = Staging2|Any CPU
		{ACA522F4-3B25-4972-81E1-DF0213A1439C}.Debug|Any CPU.ActiveCfg = Debug|Any CPU
		{ACA522F4-3B25-4972-81E1-DF0213A1439C}.Debug|Any CPU.Build.0 = Debug|Any CPU
		{ACA522F4-3B25-4972-81E1-DF0213A1439C}.Debug|x64.ActiveCfg = Debug|Any CPU
		{ACA522F4-3B25-4972-81E1-DF0213A1439C}.Debug|x86.ActiveCfg = Debug|Any CPU
		{ACA522F4-3B25-4972-81E1-DF0213A1439C}.Release|Any CPU.ActiveCfg = Release|Any CPU
		{ACA522F4-3B25-4972-81E1-DF0213A1439C}.Release|Any CPU.Build.0 = Release|Any CPU
		{ACA522F4-3B25-4972-81E1-DF0213A1439C}.Release|x64.ActiveCfg = Release|Any CPU
		{ACA522F4-3B25-4972-81E1-DF0213A1439C}.Release|x86.ActiveCfg = Release|Any CPU
		{ACA522F4-3B25-4972-81E1-DF0213A1439C}.Staging2|Any CPU.ActiveCfg = Release|Any CPU
		{ACA522F4-3B25-4972-81E1-DF0213A1439C}.Staging2|Any CPU.Build.0 = Release|Any CPU
		{ACA522F4-3B25-4972-81E1-DF0213A1439C}.Staging2|x64.ActiveCfg = Release|Any CPU
		{ACA522F4-3B25-4972-81E1-DF0213A1439C}.Staging2|x86.ActiveCfg = Release|Any CPU
		{ACA522F4-3B25-4972-81E1-DF0213A1439C}.test1|Any CPU.ActiveCfg = Release|Any CPU
		{ACA522F4-3B25-4972-81E1-DF0213A1439C}.test1|Any CPU.Build.0 = Release|Any CPU
		{ACA522F4-3B25-4972-81E1-DF0213A1439C}.test1|x64.ActiveCfg = Release|Any CPU
		{ACA522F4-3B25-4972-81E1-DF0213A1439C}.test1|x86.ActiveCfg = Release|Any CPU
	EndGlobalSection
	GlobalSection(SolutionProperties) = preSolution
		HideSolutionNode = FALSE
	EndGlobalSection
	GlobalSection(NestedProjects) = preSolution
		{AE3D99C8-768E-4A65-9684-C980B80602AA} = {28E485A7-B620-4B0D-8F7F-30F576A64D19}
		{3ECF6405-90D5-4C8B-ABCC-C0BAEDFDEEF9} = {BBAE9F91-DB4F-4612-9CA8-40BFD672C6DD}
		{3131CCAB-9382-4AC7-AB68-67487FE7B801} = {A8EEE8F6-8802-4DC5-99CC-8DA269E8354E}
		{7F05E79E-BD91-42A3-9644-9BE27E3155CE} = {03209224-E45B-48DC-AE9D-7F11FB9E13DB}
		{408FBA0E-E649-493E-B4D4-8A5328265450} = {2232E228-EE76-44E1-8DBC-AAF3D1260203}
		{0520364A-A9B3-4AD6-B125-D935DCCAF731} = {2232E228-EE76-44E1-8DBC-AAF3D1260203}
		{D9959D2F-2016-4355-BC22-061EA8A5E267} = {2B96ABB7-2F40-497B-8419-D8050CDF8541}
		{3E34D787-0C46-4501-A774-CCA5930AB20D} = {2B96ABB7-2F40-497B-8419-D8050CDF8541}
		{2AAA148E-6C22-46ED-B558-554F3D9FB03A} = {2B96ABB7-2F40-497B-8419-D8050CDF8541}
		{56AA880A-EFF0-440F-92F5-39F2C578CBDD} = {2B96ABB7-2F40-497B-8419-D8050CDF8541}
		{BBAE9F91-DB4F-4612-9CA8-40BFD672C6DD} = {8E80B878-38EC-4184-B838-E76010DF6B2D}
		{2232E228-EE76-44E1-8DBC-AAF3D1260203} = {8E80B878-38EC-4184-B838-E76010DF6B2D}
		{A8EEE8F6-8802-4DC5-99CC-8DA269E8354E} = {8E80B878-38EC-4184-B838-E76010DF6B2D}
		{16DEFA3E-892B-4DD4-8C56-E504785EB8C5} = {28E485A7-B620-4B0D-8F7F-30F576A64D19}
		{17FE019D-6D9A-4D13-9D8D-DA77E5AF3FFB} = {03209224-E45B-48DC-AE9D-7F11FB9E13DB}
		{2282D051-AD9D-4CC3-90E0-091745F0618C} = {8E80B878-38EC-4184-B838-E76010DF6B2D}
		{10BA737F-F9E7-4EED-B096-BBC47CE14338} = {2282D051-AD9D-4CC3-90E0-091745F0618C}
		{20B6E3C9-17FD-44C4-9980-CAE413E6C55D} = {2282D051-AD9D-4CC3-90E0-091745F0618C}
	EndGlobalSection
	GlobalSection(TeamFoundationVersionControl) = preSolution
		SccNumberOfProjects = 16
		SccEnterpriseProvider = {4CA58AB2-18FA-4F8D-95D4-32DDF27D184C}
		SccTeamFoundationServer = https://andromedapos.visualstudio.com/defaultcollection
		SccLocalPath0 = .
		SccProjectUniqueName1 = AndroAdmin.csproj
		SccProjectTopLevelParentUniqueName1 = AndroAdmin.sln
		SccLocalPath1 = .
		SccProjectUniqueName2 = ..\\..\\DataAccess\\AndroAdminDataAccess\\AndroAdminDataAccess.csproj
		SccProjectTopLevelParentUniqueName2 = AndroAdmin.sln
		SccProjectName2 = ../../DataAccess/AndroAdminDataAccess
		SccLocalPath2 = ..\\..\\DataAccess\\AndroAdminDataAccess
		SccProjectUniqueName3 = ..\\..\\DataAccess\\AndroUsersDataAccess\\AndroUsersDataAccess.csproj
		SccProjectTopLevelParentUniqueName3 = AndroAdmin.sln
		SccProjectName3 = ../../DataAccess/AndroUsersDataAccess
		SccLocalPath3 = ..\\..\\DataAccess\\AndroUsersDataAccess
		SccProjectUniqueName4 = ..\\AndroAdminTests\\AndroAdminTests.csproj
		SccProjectTopLevelParentUniqueName4 = AndroAdmin.sln
		SccProjectName4 = ../AndroAdminTests
		SccLocalPath4 = ..\\AndroAdminTests
		SccProjectUniqueName5 = ..\\..\\DataAccess\\AndroCloudDataAccess\\AndroCloudDataAccess.csproj
		SccProjectTopLevelParentUniqueName5 = AndroAdmin.sln
		SccProjectName5 = ../../DataAccess/AndroCloudDataAccess
		SccLocalPath5 = ..\\..\\DataAccess\\AndroCloudDataAccess
		SccProjectUniqueName6 = ..\\..\\DataAccess\\AndroCloudDataAccessEntityFramework\\AndroCloudDataAccessEntityFramework.csproj
		SccProjectTopLevelParentUniqueName6 = AndroAdmin.sln
		SccProjectName6 = ../../DataAccess/AndroCloudDataAccessEntityFramework
		SccLocalPath6 = ..\\..\\DataAccess\\AndroCloudDataAccessEntityFramework
		SccProjectUniqueName7 = ..\\..\\Services\\AndroCloudServices\\AndroCloudWCFHelper\\AndroCloudHelper.csproj
		SccProjectTopLevelParentUniqueName7 = AndroAdmin.sln
		SccProjectName7 = ../../Services/AndroCloudServices/AndroCloudWCFHelper
		SccLocalPath7 = ..\\..\\Services\\AndroCloudServices\\AndroCloudWCFHelper
		SccProjectUniqueName8 = ..\\..\\CloudSync\\CloudSync\\CloudSync.csproj
		SccProjectTopLevelParentUniqueName8 = AndroAdmin.sln
		SccProjectName8 = ../../CloudSync/CloudSync
		SccLocalPath8 = ..\\..\\CloudSync\\CloudSync
		SccProjectUniqueName9 = ..\\..\\CloudSync\\CloudSyncTests\\CloudSyncTests.csproj
		SccProjectTopLevelParentUniqueName9 = AndroAdmin.sln
		SccProjectName9 = ../../CloudSync/CloudSyncTests
		SccLocalPath9 = ..\\..\\CloudSync\\CloudSyncTests
		SccProjectUniqueName10 = ..\\..\\CloudSync\\CloudSyncModel\\CloudSyncModel.csproj
		SccProjectTopLevelParentUniqueName10 = AndroAdmin.sln
		SccProjectName10 = ../../CloudSync/CloudSyncModel
		SccLocalPath10 = ..\\..\\CloudSync\\CloudSyncModel
		SccProjectUniqueName11 = ..\\AndroAdmin.Hubs\\AndroAdmin.Hubs.csproj
		SccProjectTopLevelParentUniqueName11 = AndroAdmin.sln
		SccProjectName11 = ../AndroAdmin.Hubs
		SccLocalPath11 = ..\\AndroAdmin.Hubs
		SccProjectUniqueName12 = Acs.Tests.Devices\\Acs.Tests.Devices.csproj
		SccProjectTopLevelParentUniqueName12 = AndroAdmin.sln
		SccProjectName12 = Acs.Tests.Devices
		SccLocalPath12 = Acs.Tests.Devices
		SccProjectUniqueName13 = ..\\..\\DataAccess\\DataWarehouseDataAccess\\DataWarehouseDataAccess.csproj
		SccProjectTopLevelParentUniqueName13 = AndroAdmin.sln
		SccProjectName13 = ../../DataAccess/DataWarehouseDataAccess
		SccLocalPath13 = ..\\..\\DataAccess\\DataWarehouseDataAccess
		SccProjectUniqueName14 = ..\\..\\DataAccess\\DataWarehouseDataAccessEntityFramework\\DataWarehouseDataAccessEntityFramework.csproj
		SccProjectTopLevelParentUniqueName14 = AndroAdmin.sln
		SccProjectName14 = ../../DataAccess/DataWarehouseDataAccessEntityFramework
		SccLocalPath14 = ..\\..\\DataAccess\\DataWarehouseDataAccessEntityFramework
		SccProjectUniqueName15 = ..\\..\\Services\\GPSIntegration\\GPSIntegration\\GPSIntegration.csproj
		SccProjectName15 = ../../Services/GPSIntegration/GPSIntegration
		SccLocalPath15 = ..\\..\\Services\\GPSIntegration\\GPSIntegration
	EndGlobalSection
EndGlobal
